
Microsoft Visual Studio Solution File, Format Version 12.00
# Visual Studio 14
VisualStudioVersion = 14.0.25420.1
MinimumVisualStudioVersion = 10.0.40219.1
Project("{FAE04EC0-301F-11D3-BF4B-00C04F79EFBC}") = "Media_Management", "MediaManage\Media_Management\Media_Management.csproj", "{81E5C0F4-321B-4306-8E1F-6643B4412937}"
EndProject
Project("{FAE04EC0-301F-11D3-BF4B-00C04F79EFBC}") = "MvcPager", "MediaManage\MvcPager\MvcPager.csproj", "{EB54AA5A-1F91-4FDD-8E36-75EA8BE6CE7D}"
EndProject
Project("{FAE04EC0-301F-11D3-BF4B-00C04F79EFBC}") = "DAL", "MediaManage\DAL\DAL.csproj", "{5E83F054-3800-4B78-8AD9-90EE9D062216}"
EndProject
Project("{FAE04EC0-301F-11D3-BF4B-00C04F79EFBC}") = "BLL", "MediaManage\BLL\BLL.csproj", "{0D13EB9A-E996-4CCB-9793-6DCFEFF09D4B}"
EndProject
Project("{FAE04EC0-301F-11D3-BF4B-00C04F79EFBC}") = "Model", "MediaManage\Model\Model.csproj", "{5ED9A927-DBDA-49DB-80ED-E7A097D42EC9}"
EndProject
Project("{FAE04EC0-301F-11D3-BF4B-00C04F79EFBC}") = "Tests", "MediaManage\Tests\Tests.csproj", "{91080B7D-20F3-428F-8ACA-BCED196E5A3D}"
EndProject
Project("{FAE04EC0-301F-11D3-BF4B-00C04F79EFBC}") = "Palas.Common", "Palas.Common\Palas.Common.csproj", "{415CAB8F-46BF-4FBA-8E37-307198126E33}"
EndProject
Project("{FAE04EC0-301F-11D3-BF4B-00C04F79EFBC}") = "Media_Common", "MediaManage\Media.Common\Media_Common.csproj", "{65DF916A-CE63-4C3D-924F-A5C10EB7735E}"
EndProject
Project("{FAE04EC0-301F-11D3-BF4B-00C04F79EFBC}") = "Palas.Common.Lib", "Palas.Common.Lib\Palas.Common.Lib.csproj", "{E3B46A09-01AA-497E-A84B-3FB87FE33B79}"
EndProject
Project("{FAE04EC0-301F-11D3-BF4B-00C04F79EFBC}") = "Palas.Reader", "Palas.Reader\Palas.Reader.csproj", "{EBB8596C-1BA7-43BC-8B22-7F08018748FF}"
EndProject
Project("{FAE04EC0-301F-11D3-BF4B-00C04F79EFBC}") = "EntityData.Lib", "EntityDataProvider\EntityDataBusiness\EntityData.Lib.csproj", "{B51FC21D-9FA1-4833-91FC-8DD9B027CB93}"
EndProject
Project("{FAE04EC0-301F-11D3-BF4B-00C04F79EFBC}") = "iTraderModels", "EFModels\iTraderModels\iTraderModels.csproj", "{0364EDB0-226B-4207-BC2C-6EF27ED3CB24}"
EndProject
Project("{2150E333-8FDC-42A3-9474-1A3956D46DE8}") = "Core", "Core", "{017E79D4-2307-4912-9620-DA426F7FC5F6}"
EndProject
Project("{FAE04EC0-301F-11D3-BF4B-00C04F79EFBC}") = "Analyzer.Core", "Analyzer.Core\Analyzer.Core.csproj", "{31ED7A85-5061-4D15-BB3B-B5BE53130D42}"
EndProject
Project("{FAE04EC0-301F-11D3-BF4B-00C04F79EFBC}") = "Bool.EFDAL", "Bool.EFDAL\Bool.EFDAL.csproj", "{79D63790-0632-40D0-840F-610C0D92D9EE}"
EndProject
Project("{FAE04EC0-301F-11D3-BF4B-00C04F79EFBC}") = "Bool.EntityFramework", "Bool.EntityFramework\Bool.EntityFramework.csproj", "{BACE6BEF-254B-4194-A5E5-E2A96AFB5310}"
EndProject
Project("{FAE04EC0-301F-11D3-BF4B-00C04F79EFBC}") = "Bool.IDAL", "Bool.IDAL\Bool.IDAL.csproj", "{18519D50-390E-4899-9CC6-B3BB97A5AFDD}"
EndProject
Project("{FAE04EC0-301F-11D3-BF4B-00C04F79EFBC}") = "Conductor.Core", "Conductor.Core\Conductor.Core.csproj", "{853914C9-58C8-461A-A764-178C10D6F42A}"
EndProject
Project("{FAE04EC0-301F-11D3-BF4B-00C04F79EFBC}") = "Crawler.Core", "Crawler.Core\Crawler.Core.csproj", "{763EEC30-39F9-4571-BC91-E583FAA46D77}"
EndProject
Project("{FAE04EC0-301F-11D3-BF4B-00C04F79EFBC}") = "DAAS.EntityFramework", "DAASSolution\DAAS.EntityFramework\DAAS.EntityFramework.csproj", "{1AD80AEE-EEB3-4A09-A86B-5068BBBBE385}"
EndProject
Project("{FAE04EC0-301F-11D3-BF4B-00C04F79EFBC}") = "Palas.Protocol", "Palas.Protocol\Palas.Protocol.csproj", "{DC1AB51A-FD73-4B84-8D0A-05A1C440E863}"
EndProject
Project("{FAE04EC0-301F-11D3-BF4B-00C04F79EFBC}") = "Quant.EFDAL", "Quant.EFDAL\Quant.EFDAL.csproj", "{34E375A9-3F78-426D-8B33-7A43C0039F98}"
EndProject
Project("{FAE04EC0-301F-11D3-BF4B-00C04F79EFBC}") = "Quant.IDAL", "Quant.IDAL\Quant.IDAL.csproj", "{92DA4483-C407-4E1A-B622-52A67DB966C6}"
EndProject
Project("{FAE04EC0-301F-11D3-BF4B-00C04F79EFBC}") = "QuantModels", "QuantModels\QuantModels.csproj", "{1432ADEB-A562-4B8A-80F5-B08EDA25A2CF}"
EndProject
Project("{FAE04EC0-301F-11D3-BF4B-00C04F79EFBC}") = "SSOCommon", "Palas SAAS\SSOCommon\SSOCommon.csproj", "{16E0C920-ED5E-4FB1-8799-6D02C87E4DA6}"
EndProject
Project("{FAE04EC0-301F-11D3-BF4B-00C04F79EFBC}") = "NetDimension.Weibo", "NetDimension.Weibo\NetDimension.Weibo.csproj", "{7B795714-40D6-4B2E-A277-CBE13C33E1ED}"
EndProject
Project("{FAE04EC0-301F-11D3-BF4B-00C04F79EFBC}") = "EFDAL", "DAASSolution\EFDAL\EFDAL.csproj", "{31ABC1E4-5407-4909-A771-8CD94C48D06E}"
EndProject
Project("{FAE04EC0-301F-11D3-BF4B-00C04F79EFBC}") = "Factory", "DAASSolution\Factory\Factory.csproj", "{C7CE2ABB-A953-4901-8A08-48D2E8E73E5E}"
EndProject
Project("{FAE04EC0-301F-11D3-BF4B-00C04F79EFBC}") = "IDAL", "DAASSolution\IDAL\IDAL.csproj", "{5967A130-0F45-412E-B662-D60D11294CD6}"
EndProject
Project("{FAE04EC0-301F-11D3-BF4B-00C04F79EFBC}") = "SocialMedia", "SocialMedia\SocialMedia.csproj", "{8299B11E-2589-4648-ABCB-4A311B24EE14}"
EndProject
Project("{FAE04EC0-301F-11D3-BF4B-00C04F79EFBC}") = "PalasEntityModel", "EFModels\PalasEntityModel\PalasEntityModel.csproj", "{67598AA4-7DCA-43E3-B03A-CE20F1BAB066}"
EndProject
Global
	GlobalSection(SolutionConfigurationPlatforms) = preSolution
		Debug|Any CPU = Debug|Any CPU
		Debug|x64 = Debug|x64
		Debug|x86 = Debug|x86
		Release|Any CPU = Release|Any CPU
		Release|x64 = Release|x64
		Release|x86 = Release|x86
		Secert|Any CPU = Secert|Any CPU
		Secert|x64 = Secert|x64
		Secert|x86 = Secert|x86
		Storm|Any CPU = Storm|Any CPU
		Storm|x64 = Storm|x64
		Storm|x86 = Storm|x86
		Test|Any CPU = Test|Any CPU
		Test|x64 = Test|x64
		Test|x86 = Test|x86
	EndGlobalSection
	GlobalSection(ProjectConfigurationPlatforms) = postSolution
		{81E5C0F4-321B-4306-8E1F-6643B4412937}.Debug|Any CPU.ActiveCfg = Debug|Any CPU
		{81E5C0F4-321B-4306-8E1F-6643B4412937}.Debug|Any CPU.Build.0 = Debug|Any CPU
		{81E5C0F4-321B-4306-8E1F-6643B4412937}.Debug|x64.ActiveCfg = Debug|Any CPU
		{81E5C0F4-321B-4306-8E1F-6643B4412937}.Debug|x64.Build.0 = Debug|Any CPU
		{81E5C0F4-321B-4306-8E1F-6643B4412937}.Debug|x86.ActiveCfg = Debug|Any CPU
		{81E5C0F4-321B-4306-8E1F-6643B4412937}.Debug|x86.Build.0 = Debug|Any CPU
		{81E5C0F4-321B-4306-8E1F-6643B4412937}.Release|Any CPU.ActiveCfg = Release|Any CPU
		{81E5C0F4-321B-4306-8E1F-6643B4412937}.Release|Any CPU.Build.0 = Release|Any CPU
		{81E5C0F4-321B-4306-8E1F-6643B4412937}.Release|x64.ActiveCfg = Release|Any CPU
		{81E5C0F4-321B-4306-8E1F-6643B4412937}.Release|x64.Build.0 = Release|Any CPU
		{81E5C0F4-321B-4306-8E1F-6643B4412937}.Release|x86.ActiveCfg = Release|Any CPU
		{81E5C0F4-321B-4306-8E1F-6643B4412937}.Release|x86.Build.0 = Release|Any CPU
		{81E5C0F4-321B-4306-8E1F-6643B4412937}.Secert|Any CPU.ActiveCfg = Release|Any CPU
		{81E5C0F4-321B-4306-8E1F-6643B4412937}.Secert|Any CPU.Build.0 = Release|Any CPU
		{81E5C0F4-321B-4306-8E1F-6643B4412937}.Secert|x64.ActiveCfg = Release|Any CPU
		{81E5C0F4-321B-4306-8E1F-6643B4412937}.Secert|x64.Build.0 = Release|Any CPU
		{81E5C0F4-321B-4306-8E1F-6643B4412937}.Secert|x86.ActiveCfg = Release|Any CPU
		{81E5C0F4-321B-4306-8E1F-6643B4412937}.Secert|x86.Build.0 = Release|Any CPU
		{81E5C0F4-321B-4306-8E1F-6643B4412937}.Storm|Any CPU.ActiveCfg = Release|Any CPU
		{81E5C0F4-321B-4306-8E1F-6643B4412937}.Storm|Any CPU.Build.0 = Release|Any CPU
		{81E5C0F4-321B-4306-8E1F-6643B4412937}.Storm|x64.ActiveCfg = Release|Any CPU
		{81E5C0F4-321B-4306-8E1F-6643B4412937}.Storm|x64.Build.0 = Release|Any CPU
		{81E5C0F4-321B-4306-8E1F-6643B4412937}.Storm|x86.ActiveCfg = Release|Any CPU
		{81E5C0F4-321B-4306-8E1F-6643B4412937}.Storm|x86.Build.0 = Release|Any CPU
		{81E5C0F4-321B-4306-8E1F-6643B4412937}.Test|Any CPU.ActiveCfg = Release|Any CPU
		{81E5C0F4-321B-4306-8E1F-6643B4412937}.Test|Any CPU.Build.0 = Release|Any CPU
		{81E5C0F4-321B-4306-8E1F-6643B4412937}.Test|x64.ActiveCfg = Release|Any CPU
		{81E5C0F4-321B-4306-8E1F-6643B4412937}.Test|x64.Build.0 = Release|Any CPU
		{81E5C0F4-321B-4306-8E1F-6643B4412937}.Test|x86.ActiveCfg = Release|Any CPU
		{81E5C0F4-321B-4306-8E1F-6643B4412937}.Test|x86.Build.0 = Release|Any CPU
		{EB54AA5A-1F91-4FDD-8E36-75EA8BE6CE7D}.Debug|Any CPU.ActiveCfg = Debug|Any CPU
		{EB54AA5A-1F91-4FDD-8E36-75EA8BE6CE7D}.Debug|Any CPU.Build.0 = Debug|Any CPU
		{EB54AA5A-1F91-4FDD-8E36-75EA8BE6CE7D}.Debug|x64.ActiveCfg = Debug|Any CPU
		{EB54AA5A-1F91-4FDD-8E36-75EA8BE6CE7D}.Debug|x64.Build.0 = Debug|Any CPU
		{EB54AA5A-1F91-4FDD-8E36-75EA8BE6CE7D}.Debug|x86.ActiveCfg = Debug|Any CPU
		{EB54AA5A-1F91-4FDD-8E36-75EA8BE6CE7D}.Debug|x86.Build.0 = Debug|Any CPU
		{EB54AA5A-1F91-4FDD-8E36-75EA8BE6CE7D}.Release|Any CPU.ActiveCfg = Release|Any CPU
		{EB54AA5A-1F91-4FDD-8E36-75EA8BE6CE7D}.Release|Any CPU.Build.0 = Release|Any CPU
		{EB54AA5A-1F91-4FDD-8E36-75EA8BE6CE7D}.Release|x64.ActiveCfg = Release|Any CPU
		{EB54AA5A-1F91-4FDD-8E36-75EA8BE6CE7D}.Release|x64.Build.0 = Release|Any CPU
		{EB54AA5A-1F91-4FDD-8E36-75EA8BE6CE7D}.Release|x86.ActiveCfg = Release|Any CPU
		{EB54AA5A-1F91-4FDD-8E36-75EA8BE6CE7D}.Release|x86.Build.0 = Release|Any CPU
		{EB54AA5A-1F91-4FDD-8E36-75EA8BE6CE7D}.Secert|Any CPU.ActiveCfg = Release|Any CPU
		{EB54AA5A-1F91-4FDD-8E36-75EA8BE6CE7D}.Secert|Any CPU.Build.0 = Release|Any CPU
		{EB54AA5A-1F91-4FDD-8E36-75EA8BE6CE7D}.Secert|x64.ActiveCfg = Release|Any CPU
		{EB54AA5A-1F91-4FDD-8E36-75EA8BE6CE7D}.Secert|x64.Build.0 = Release|Any CPU
		{EB54AA5A-1F91-4FDD-8E36-75EA8BE6CE7D}.Secert|x86.ActiveCfg = Release|Any CPU
		{EB54AA5A-1F91-4FDD-8E36-75EA8BE6CE7D}.Secert|x86.Build.0 = Release|Any CPU
		{EB54AA5A-1F91-4FDD-8E36-75EA8BE6CE7D}.Storm|Any CPU.ActiveCfg = Release|Any CPU
		{EB54AA5A-1F91-4FDD-8E36-75EA8BE6CE7D}.Storm|Any CPU.Build.0 = Release|Any CPU
		{EB54AA5A-1F91-4FDD-8E36-75EA8BE6CE7D}.Storm|x64.ActiveCfg = Release|Any CPU
		{EB54AA5A-1F91-4FDD-8E36-75EA8BE6CE7D}.Storm|x64.Build.0 = Release|Any CPU
		{EB54AA5A-1F91-4FDD-8E36-75EA8BE6CE7D}.Storm|x86.ActiveCfg = Release|Any CPU
		{EB54AA5A-1F91-4FDD-8E36-75EA8BE6CE7D}.Storm|x86.Build.0 = Release|Any CPU
		{EB54AA5A-1F91-4FDD-8E36-75EA8BE6CE7D}.Test|Any CPU.ActiveCfg = Release|Any CPU
		{EB54AA5A-1F91-4FDD-8E36-75EA8BE6CE7D}.Test|Any CPU.Build.0 = Release|Any CPU
		{EB54AA5A-1F91-4FDD-8E36-75EA8BE6CE7D}.Test|x64.ActiveCfg = Release|Any CPU
		{EB54AA5A-1F91-4FDD-8E36-75EA8BE6CE7D}.Test|x64.Build.0 = Release|Any CPU
		{EB54AA5A-1F91-4FDD-8E36-75EA8BE6CE7D}.Test|x86.ActiveCfg = Release|Any CPU
		{EB54AA5A-1F91-4FDD-8E36-75EA8BE6CE7D}.Test|x86.Build.0 = Release|Any CPU
		{5E83F054-3800-4B78-8AD9-90EE9D062216}.Debug|Any CPU.ActiveCfg = Debug|Any CPU
		{5E83F054-3800-4B78-8AD9-90EE9D062216}.Debug|Any CPU.Build.0 = Debug|Any CPU
		{5E83F054-3800-4B78-8AD9-90EE9D062216}.Debug|x64.ActiveCfg = Debug|Any CPU
		{5E83F054-3800-4B78-8AD9-90EE9D062216}.Debug|x64.Build.0 = Debug|Any CPU
		{5E83F054-3800-4B78-8AD9-90EE9D062216}.Debug|x86.ActiveCfg = Debug|Any CPU
		{5E83F054-3800-4B78-8AD9-90EE9D062216}.Debug|x86.Build.0 = Debug|Any CPU
		{5E83F054-3800-4B78-8AD9-90EE9D062216}.Release|Any CPU.ActiveCfg = Release|Any CPU
		{5E83F054-3800-4B78-8AD9-90EE9D062216}.Release|Any CPU.Build.0 = Release|Any CPU
		{5E83F054-3800-4B78-8AD9-90EE9D062216}.Release|x64.ActiveCfg = Release|Any CPU
		{5E83F054-3800-4B78-8AD9-90EE9D062216}.Release|x64.Build.0 = Release|Any CPU
		{5E83F054-3800-4B78-8AD9-90EE9D062216}.Release|x86.ActiveCfg = Release|Any CPU
		{5E83F054-3800-4B78-8AD9-90EE9D062216}.Release|x86.Build.0 = Release|Any CPU
		{5E83F054-3800-4B78-8AD9-90EE9D062216}.Secert|Any CPU.ActiveCfg = Release|Any CPU
		{5E83F054-3800-4B78-8AD9-90EE9D062216}.Secert|Any CPU.Build.0 = Release|Any CPU
		{5E83F054-3800-4B78-8AD9-90EE9D062216}.Secert|x64.ActiveCfg = Release|Any CPU
		{5E83F054-3800-4B78-8AD9-90EE9D062216}.Secert|x64.Build.0 = Release|Any CPU
		{5E83F054-3800-4B78-8AD9-90EE9D062216}.Secert|x86.ActiveCfg = Release|Any CPU
		{5E83F054-3800-4B78-8AD9-90EE9D062216}.Secert|x86.Build.0 = Release|Any CPU
		{5E83F054-3800-4B78-8AD9-90EE9D062216}.Storm|Any CPU.ActiveCfg = Release|Any CPU
		{5E83F054-3800-4B78-8AD9-90EE9D062216}.Storm|Any CPU.Build.0 = Release|Any CPU
		{5E83F054-3800-4B78-8AD9-90EE9D062216}.Storm|x64.ActiveCfg = Release|Any CPU
		{5E83F054-3800-4B78-8AD9-90EE9D062216}.Storm|x64.Build.0 = Release|Any CPU
		{5E83F054-3800-4B78-8AD9-90EE9D062216}.Storm|x86.ActiveCfg = Release|Any CPU
		{5E83F054-3800-4B78-8AD9-90EE9D062216}.Storm|x86.Build.0 = Release|Any CPU
		{5E83F054-3800-4B78-8AD9-90EE9D062216}.Test|Any CPU.ActiveCfg = Release|Any CPU
		{5E83F054-3800-4B78-8AD9-90EE9D062216}.Test|Any CPU.Build.0 = Release|Any CPU
		{5E83F054-3800-4B78-8AD9-90EE9D062216}.Test|x64.ActiveCfg = Release|Any CPU
		{5E83F054-3800-4B78-8AD9-90EE9D062216}.Test|x64.Build.0 = Release|Any CPU
		{5E83F054-3800-4B78-8AD9-90EE9D062216}.Test|x86.ActiveCfg = Release|Any CPU
		{5E83F054-3800-4B78-8AD9-90EE9D062216}.Test|x86.Build.0 = Release|Any CPU
		{0D13EB9A-E996-4CCB-9793-6DCFEFF09D4B}.Debug|Any CPU.ActiveCfg = Debug|Any CPU
		{0D13EB9A-E996-4CCB-9793-6DCFEFF09D4B}.Debug|Any CPU.Build.0 = Debug|Any CPU
		{0D13EB9A-E996-4CCB-9793-6DCFEFF09D4B}.Debug|x64.ActiveCfg = Debug|Any CPU
		{0D13EB9A-E996-4CCB-9793-6DCFEFF09D4B}.Debug|x64.Build.0 = Debug|Any CPU
		{0D13EB9A-E996-4CCB-9793-6DCFEFF09D4B}.Debug|x86.ActiveCfg = Debug|Any CPU
		{0D13EB9A-E996-4CCB-9793-6DCFEFF09D4B}.Debug|x86.Build.0 = Debug|Any CPU
		{0D13EB9A-E996-4CCB-9793-6DCFEFF09D4B}.Release|Any CPU.ActiveCfg = Release|Any CPU
		{0D13EB9A-E996-4CCB-9793-6DCFEFF09D4B}.Release|Any CPU.Build.0 = Release|Any CPU
		{0D13EB9A-E996-4CCB-9793-6DCFEFF09D4B}.Release|x64.ActiveCfg = Release|Any CPU
		{0D13EB9A-E996-4CCB-9793-6DCFEFF09D4B}.Release|x64.Build.0 = Release|Any CPU
		{0D13EB9A-E996-4CCB-9793-6DCFEFF09D4B}.Release|x86.ActiveCfg = Release|Any CPU
		{0D13EB9A-E996-4CCB-9793-6DCFEFF09D4B}.Release|x86.Build.0 = Release|Any CPU
		{0D13EB9A-E996-4CCB-9793-6DCFEFF09D4B}.Secert|Any CPU.ActiveCfg = Release|Any CPU
		{0D13EB9A-E996-4CCB-9793-6DCFEFF09D4B}.Secert|Any CPU.Build.0 = Release|Any CPU
		{0D13EB9A-E996-4CCB-9793-6DCFEFF09D4B}.Secert|x64.ActiveCfg = Release|Any CPU
		{0D13EB9A-E996-4CCB-9793-6DCFEFF09D4B}.Secert|x64.Build.0 = Release|Any CPU
		{0D13EB9A-E996-4CCB-9793-6DCFEFF09D4B}.Secert|x86.ActiveCfg = Release|Any CPU
		{0D13EB9A-E996-4CCB-9793-6DCFEFF09D4B}.Secert|x86.Build.0 = Release|Any CPU
		{0D13EB9A-E996-4CCB-9793-6DCFEFF09D4B}.Storm|Any CPU.ActiveCfg = Release|Any CPU
		{0D13EB9A-E996-4CCB-9793-6DCFEFF09D4B}.Storm|Any CPU.Build.0 = Release|Any CPU
		{0D13EB9A-E996-4CCB-9793-6DCFEFF09D4B}.Storm|x64.ActiveCfg = Release|Any CPU
		{0D13EB9A-E996-4CCB-9793-6DCFEFF09D4B}.Storm|x64.Build.0 = Release|Any CPU
		{0D13EB9A-E996-4CCB-9793-6DCFEFF09D4B}.Storm|x86.ActiveCfg = Release|Any CPU
		{0D13EB9A-E996-4CCB-9793-6DCFEFF09D4B}.Storm|x86.Build.0 = Release|Any CPU
		{0D13EB9A-E996-4CCB-9793-6DCFEFF09D4B}.Test|Any CPU.ActiveCfg = Release|Any CPU
		{0D13EB9A-E996-4CCB-9793-6DCFEFF09D4B}.Test|Any CPU.Build.0 = Release|Any CPU
		{0D13EB9A-E996-4CCB-9793-6DCFEFF09D4B}.Test|x64.ActiveCfg = Release|Any CPU
		{0D13EB9A-E996-4CCB-9793-6DCFEFF09D4B}.Test|x64.Build.0 = Release|Any CPU
		{0D13EB9A-E996-4CCB-9793-6DCFEFF09D4B}.Test|x86.ActiveCfg = Release|Any CPU
		{0D13EB9A-E996-4CCB-9793-6DCFEFF09D4B}.Test|x86.Build.0 = Release|Any CPU
		{5ED9A927-DBDA-49DB-80ED-E7A097D42EC9}.Debug|Any CPU.ActiveCfg = Debug|Any CPU
		{5ED9A927-DBDA-49DB-80ED-E7A097D42EC9}.Debug|Any CPU.Build.0 = Debug|Any CPU
		{5ED9A927-DBDA-49DB-80ED-E7A097D42EC9}.Debug|x64.ActiveCfg = Debug|Any CPU
		{5ED9A927-DBDA-49DB-80ED-E7A097D42EC9}.Debug|x64.Build.0 = Debug|Any CPU
		{5ED9A927-DBDA-49DB-80ED-E7A097D42EC9}.Debug|x86.ActiveCfg = Debug|Any CPU
		{5ED9A927-DBDA-49DB-80ED-E7A097D42EC9}.Debug|x86.Build.0 = Debug|Any CPU
		{5ED9A927-DBDA-49DB-80ED-E7A097D42EC9}.Release|Any CPU.ActiveCfg = Release|Any CPU
		{5ED9A927-DBDA-49DB-80ED-E7A097D42EC9}.Release|Any CPU.Build.0 = Release|Any CPU
		{5ED9A927-DBDA-49DB-80ED-E7A097D42EC9}.Release|x64.ActiveCfg = Release|Any CPU
		{5ED9A927-DBDA-49DB-80ED-E7A097D42EC9}.Release|x64.Build.0 = Release|Any CPU
		{5ED9A927-DBDA-49DB-80ED-E7A097D42EC9}.Release|x86.ActiveCfg = Release|Any CPU
		{5ED9A927-DBDA-49DB-80ED-E7A097D42EC9}.Release|x86.Build.0 = Release|Any CPU
		{5ED9A927-DBDA-49DB-80ED-E7A097D42EC9}.Secert|Any CPU.ActiveCfg = Release|Any CPU
		{5ED9A927-DBDA-49DB-80ED-E7A097D42EC9}.Secert|Any CPU.Build.0 = Release|Any CPU
		{5ED9A927-DBDA-49DB-80ED-E7A097D42EC9}.Secert|x64.ActiveCfg = Release|Any CPU
		{5ED9A927-DBDA-49DB-80ED-E7A097D42EC9}.Secert|x64.Build.0 = Release|Any CPU
		{5ED9A927-DBDA-49DB-80ED-E7A097D42EC9}.Secert|x86.ActiveCfg = Release|Any CPU
		{5ED9A927-DBDA-49DB-80ED-E7A097D42EC9}.Secert|x86.Build.0 = Release|Any CPU
		{5ED9A927-DBDA-49DB-80ED-E7A097D42EC9}.Storm|Any CPU.ActiveCfg = Release|Any CPU
		{5ED9A927-DBDA-49DB-80ED-E7A097D42EC9}.Storm|Any CPU.Build.0 = Release|Any CPU
		{5ED9A927-DBDA-49DB-80ED-E7A097D42EC9}.Storm|x64.ActiveCfg = Release|Any CPU
		{5ED9A927-DBDA-49DB-80ED-E7A097D42EC9}.Storm|x64.Build.0 = Release|Any CPU
		{5ED9A927-DBDA-49DB-80ED-E7A097D42EC9}.Storm|x86.ActiveCfg = Release|Any CPU
		{5ED9A927-DBDA-49DB-80ED-E7A097D42EC9}.Storm|x86.Build.0 = Release|Any CPU
		{5ED9A927-DBDA-49DB-80ED-E7A097D42EC9}.Test|Any CPU.ActiveCfg = Release|Any CPU
		{5ED9A927-DBDA-49DB-80ED-E7A097D42EC9}.Test|Any CPU.Build.0 = Release|Any CPU
		{5ED9A927-DBDA-49DB-80ED-E7A097D42EC9}.Test|x64.ActiveCfg = Release|Any CPU
		{5ED9A927-DBDA-49DB-80ED-E7A097D42EC9}.Test|x64.Build.0 = Release|Any CPU
		{5ED9A927-DBDA-49DB-80ED-E7A097D42EC9}.Test|x86.ActiveCfg = Release|Any CPU
		{5ED9A927-DBDA-49DB-80ED-E7A097D42EC9}.Test|x86.Build.0 = Release|Any CPU
		{91080B7D-20F3-428F-8ACA-BCED196E5A3D}.Debug|Any CPU.ActiveCfg = Debug|Any CPU
		{91080B7D-20F3-428F-8ACA-BCED196E5A3D}.Debug|Any CPU.Build.0 = Debug|Any CPU
		{91080B7D-20F3-428F-8ACA-BCED196E5A3D}.Debug|x64.ActiveCfg = Debug|Any CPU
		{91080B7D-20F3-428F-8ACA-BCED196E5A3D}.Debug|x64.Build.0 = Debug|Any CPU
		{91080B7D-20F3-428F-8ACA-BCED196E5A3D}.Debug|x86.ActiveCfg = Debug|Any CPU
		{91080B7D-20F3-428F-8ACA-BCED196E5A3D}.Debug|x86.Build.0 = Debug|Any CPU
		{91080B7D-20F3-428F-8ACA-BCED196E5A3D}.Release|Any CPU.ActiveCfg = Release|Any CPU
		{91080B7D-20F3-428F-8ACA-BCED196E5A3D}.Release|Any CPU.Build.0 = Release|Any CPU
		{91080B7D-20F3-428F-8ACA-BCED196E5A3D}.Release|x64.ActiveCfg = Release|Any CPU
		{91080B7D-20F3-428F-8ACA-BCED196E5A3D}.Release|x64.Build.0 = Release|Any CPU
		{91080B7D-20F3-428F-8ACA-BCED196E5A3D}.Release|x86.ActiveCfg = Release|Any CPU
		{91080B7D-20F3-428F-8ACA-BCED196E5A3D}.Release|x86.Build.0 = Release|Any CPU
		{91080B7D-20F3-428F-8ACA-BCED196E5A3D}.Secert|Any CPU.ActiveCfg = Release|Any CPU
		{91080B7D-20F3-428F-8ACA-BCED196E5A3D}.Secert|Any CPU.Build.0 = Release|Any CPU
		{91080B7D-20F3-428F-8ACA-BCED196E5A3D}.Secert|x64.ActiveCfg = Release|Any CPU
		{91080B7D-20F3-428F-8ACA-BCED196E5A3D}.Secert|x64.Build.0 = Release|Any CPU
		{91080B7D-20F3-428F-8ACA-BCED196E5A3D}.Secert|x86.ActiveCfg = Release|Any CPU
		{91080B7D-20F3-428F-8ACA-BCED196E5A3D}.Secert|x86.Build.0 = Release|Any CPU
		{91080B7D-20F3-428F-8ACA-BCED196E5A3D}.Storm|Any CPU.ActiveCfg = Release|Any CPU
		{91080B7D-20F3-428F-8ACA-BCED196E5A3D}.Storm|Any CPU.Build.0 = Release|Any CPU
		{91080B7D-20F3-428F-8ACA-BCED196E5A3D}.Storm|x64.ActiveCfg = Release|Any CPU
		{91080B7D-20F3-428F-8ACA-BCED196E5A3D}.Storm|x64.Build.0 = Release|Any CPU
		{91080B7D-20F3-428F-8ACA-BCED196E5A3D}.Storm|x86.ActiveCfg = Release|Any CPU
		{91080B7D-20F3-428F-8ACA-BCED196E5A3D}.Storm|x86.Build.0 = Release|Any CPU
		{91080B7D-20F3-428F-8ACA-BCED196E5A3D}.Test|Any CPU.ActiveCfg = Release|Any CPU
		{91080B7D-20F3-428F-8ACA-BCED196E5A3D}.Test|Any CPU.Build.0 = Release|Any CPU
		{91080B7D-20F3-428F-8ACA-BCED196E5A3D}.Test|x64.ActiveCfg = Release|Any CPU
		{91080B7D-20F3-428F-8ACA-BCED196E5A3D}.Test|x64.Build.0 = Release|Any CPU
		{91080B7D-20F3-428F-8ACA-BCED196E5A3D}.Test|x86.ActiveCfg = Release|Any CPU
		{91080B7D-20F3-428F-8ACA-BCED196E5A3D}.Test|x86.Build.0 = Release|Any CPU
		{415CAB8F-46BF-4FBA-8E37-307198126E33}.Debug|Any CPU.ActiveCfg = Debug|Any CPU
		{415CAB8F-46BF-4FBA-8E37-307198126E33}.Debug|Any CPU.Build.0 = Debug|Any CPU
		{415CAB8F-46BF-4FBA-8E37-307198126E33}.Debug|x64.ActiveCfg = Debug|x64
		{415CAB8F-46BF-4FBA-8E37-307198126E33}.Debug|x64.Build.0 = Debug|x64
		{415CAB8F-46BF-4FBA-8E37-307198126E33}.Debug|x86.ActiveCfg = Debug|x86
		{415CAB8F-46BF-4FBA-8E37-307198126E33}.Debug|x86.Build.0 = Debug|x86
		{415CAB8F-46BF-4FBA-8E37-307198126E33}.Release|Any CPU.ActiveCfg = Release|Any CPU
		{415CAB8F-46BF-4FBA-8E37-307198126E33}.Release|Any CPU.Build.0 = Release|Any CPU
		{415CAB8F-46BF-4FBA-8E37-307198126E33}.Release|x64.ActiveCfg = Release|x64
		{415CAB8F-46BF-4FBA-8E37-307198126E33}.Release|x64.Build.0 = Release|x64
		{415CAB8F-46BF-4FBA-8E37-307198126E33}.Release|x86.ActiveCfg = Release|x86
		{415CAB8F-46BF-4FBA-8E37-307198126E33}.Release|x86.Build.0 = Release|x86
		{415CAB8F-46BF-4FBA-8E37-307198126E33}.Secert|Any CPU.ActiveCfg = Secert|Any CPU
		{415CAB8F-46BF-4FBA-8E37-307198126E33}.Secert|Any CPU.Build.0 = Secert|Any CPU
		{415CAB8F-46BF-4FBA-8E37-307198126E33}.Secert|x64.ActiveCfg = Secert|x64
		{415CAB8F-46BF-4FBA-8E37-307198126E33}.Secert|x64.Build.0 = Secert|x64
		{415CAB8F-46BF-4FBA-8E37-307198126E33}.Secert|x86.ActiveCfg = Secert|x86
		{415CAB8F-46BF-4FBA-8E37-307198126E33}.Secert|x86.Build.0 = Secert|x86
		{415CAB8F-46BF-4FBA-8E37-307198126E33}.Storm|Any CPU.ActiveCfg = Storm|Any CPU
		{415CAB8F-46BF-4FBA-8E37-307198126E33}.Storm|Any CPU.Build.0 = Storm|Any CPU
		{415CAB8F-46BF-4FBA-8E37-307198126E33}.Storm|x64.ActiveCfg = Storm|x64
		{415CAB8F-46BF-4FBA-8E37-307198126E33}.Storm|x64.Build.0 = Storm|x64
		{415CAB8F-46BF-4FBA-8E37-307198126E33}.Storm|x86.ActiveCfg = Storm|x86
		{415CAB8F-46BF-4FBA-8E37-307198126E33}.Storm|x86.Build.0 = Storm|x86
		{415CAB8F-46BF-4FBA-8E37-307198126E33}.Test|Any CPU.ActiveCfg = Test|Any CPU
		{415CAB8F-46BF-4FBA-8E37-307198126E33}.Test|Any CPU.Build.0 = Test|Any CPU
		{415CAB8F-46BF-4FBA-8E37-307198126E33}.Test|x64.ActiveCfg = Test|x64
		{415CAB8F-46BF-4FBA-8E37-307198126E33}.Test|x64.Build.0 = Test|x64
		{415CAB8F-46BF-4FBA-8E37-307198126E33}.Test|x86.ActiveCfg = Test|x86
		{415CAB8F-46BF-4FBA-8E37-307198126E33}.Test|x86.Build.0 = Test|x86
		{65DF916A-CE63-4C3D-924F-A5C10EB7735E}.Debug|Any CPU.ActiveCfg = Debug|Any CPU
		{65DF916A-CE63-4C3D-924F-A5C10EB7735E}.Debug|Any CPU.Build.0 = Debug|Any CPU
		{65DF916A-CE63-4C3D-924F-A5C10EB7735E}.Debug|x64.ActiveCfg = Debug|Any CPU
		{65DF916A-CE63-4C3D-924F-A5C10EB7735E}.Debug|x64.Build.0 = Debug|Any CPU
		{65DF916A-CE63-4C3D-924F-A5C10EB7735E}.Debug|x86.ActiveCfg = Debug|Any CPU
		{65DF916A-CE63-4C3D-924F-A5C10EB7735E}.Debug|x86.Build.0 = Debug|Any CPU
		{65DF916A-CE63-4C3D-924F-A5C10EB7735E}.Release|Any CPU.ActiveCfg = Release|Any CPU
		{65DF916A-CE63-4C3D-924F-A5C10EB7735E}.Release|Any CPU.Build.0 = Release|Any CPU
		{65DF916A-CE63-4C3D-924F-A5C10EB7735E}.Release|x64.ActiveCfg = Release|Any CPU
		{65DF916A-CE63-4C3D-924F-A5C10EB7735E}.Release|x64.Build.0 = Release|Any CPU
		{65DF916A-CE63-4C3D-924F-A5C10EB7735E}.Release|x86.ActiveCfg = Release|Any CPU
		{65DF916A-CE63-4C3D-924F-A5C10EB7735E}.Release|x86.Build.0 = Release|Any CPU
		{65DF916A-CE63-4C3D-924F-A5C10EB7735E}.Secert|Any CPU.ActiveCfg = Release|Any CPU
		{65DF916A-CE63-4C3D-924F-A5C10EB7735E}.Secert|Any CPU.Build.0 = Release|Any CPU
		{65DF916A-CE63-4C3D-924F-A5C10EB7735E}.Secert|x64.ActiveCfg = Release|Any CPU
		{65DF916A-CE63-4C3D-924F-A5C10EB7735E}.Secert|x64.Build.0 = Release|Any CPU
		{65DF916A-CE63-4C3D-924F-A5C10EB7735E}.Secert|x86.ActiveCfg = Release|Any CPU
		{65DF916A-CE63-4C3D-924F-A5C10EB7735E}.Secert|x86.Build.0 = Release|Any CPU
		{65DF916A-CE63-4C3D-924F-A5C10EB7735E}.Storm|Any CPU.ActiveCfg = Release|Any CPU
		{65DF916A-CE63-4C3D-924F-A5C10EB7735E}.Storm|Any CPU.Build.0 = Release|Any CPU
		{65DF916A-CE63-4C3D-924F-A5C10EB7735E}.Storm|x64.ActiveCfg = Release|Any CPU
		{65DF916A-CE63-4C3D-924F-A5C10EB7735E}.Storm|x64.Build.0 = Release|Any CPU
		{65DF916A-CE63-4C3D-924F-A5C10EB7735E}.Storm|x86.ActiveCfg = Release|Any CPU
		{65DF916A-CE63-4C3D-924F-A5C10EB7735E}.Storm|x86.Build.0 = Release|Any CPU
		{65DF916A-CE63-4C3D-924F-A5C10EB7735E}.Test|Any CPU.ActiveCfg = Release|Any CPU
		{65DF916A-CE63-4C3D-924F-A5C10EB7735E}.Test|Any CPU.Build.0 = Release|Any CPU
		{65DF916A-CE63-4C3D-924F-A5C10EB7735E}.Test|x64.ActiveCfg = Release|Any CPU
		{65DF916A-CE63-4C3D-924F-A5C10EB7735E}.Test|x64.Build.0 = Release|Any CPU
		{65DF916A-CE63-4C3D-924F-A5C10EB7735E}.Test|x86.ActiveCfg = Release|Any CPU
		{65DF916A-CE63-4C3D-924F-A5C10EB7735E}.Test|x86.Build.0 = Release|Any CPU
		{E3B46A09-01AA-497E-A84B-3FB87FE33B79}.Debug|Any CPU.ActiveCfg = Debug|Any CPU
		{E3B46A09-01AA-497E-A84B-3FB87FE33B79}.Debug|Any CPU.Build.0 = Debug|Any CPU
		{E3B46A09-01AA-497E-A84B-3FB87FE33B79}.Debug|x64.ActiveCfg = Debug|x64
		{E3B46A09-01AA-497E-A84B-3FB87FE33B79}.Debug|x64.Build.0 = Debug|x64
		{E3B46A09-01AA-497E-A84B-3FB87FE33B79}.Debug|x86.ActiveCfg = Debug|x86
		{E3B46A09-01AA-497E-A84B-3FB87FE33B79}.Debug|x86.Build.0 = Debug|x86
		{E3B46A09-01AA-497E-A84B-3FB87FE33B79}.Release|Any CPU.ActiveCfg = Release|Any CPU
		{E3B46A09-01AA-497E-A84B-3FB87FE33B79}.Release|Any CPU.Build.0 = Release|Any CPU
		{E3B46A09-01AA-497E-A84B-3FB87FE33B79}.Release|x64.ActiveCfg = Release|x64
		{E3B46A09-01AA-497E-A84B-3FB87FE33B79}.Release|x64.Build.0 = Release|x64
		{E3B46A09-01AA-497E-A84B-3FB87FE33B79}.Release|x86.ActiveCfg = Release|x86
		{E3B46A09-01AA-497E-A84B-3FB87FE33B79}.Release|x86.Build.0 = Release|x86
		{E3B46A09-01AA-497E-A84B-3FB87FE33B79}.Secert|Any CPU.ActiveCfg = Secert|Any CPU
		{E3B46A09-01AA-497E-A84B-3FB87FE33B79}.Secert|Any CPU.Build.0 = Secert|Any CPU
		{E3B46A09-01AA-497E-A84B-3FB87FE33B79}.Secert|x64.ActiveCfg = Secert|x64
		{E3B46A09-01AA-497E-A84B-3FB87FE33B79}.Secert|x64.Build.0 = Secert|x64
		{E3B46A09-01AA-497E-A84B-3FB87FE33B79}.Secert|x86.ActiveCfg = Secert|x86
		{E3B46A09-01AA-497E-A84B-3FB87FE33B79}.Secert|x86.Build.0 = Secert|x86
		{E3B46A09-01AA-497E-A84B-3FB87FE33B79}.Storm|Any CPU.ActiveCfg = Storm|Any CPU
		{E3B46A09-01AA-497E-A84B-3FB87FE33B79}.Storm|Any CPU.Build.0 = Storm|Any CPU
		{E3B46A09-01AA-497E-A84B-3FB87FE33B79}.Storm|x64.ActiveCfg = Storm|x64
		{E3B46A09-01AA-497E-A84B-3FB87FE33B79}.Storm|x64.Build.0 = Storm|x64
		{E3B46A09-01AA-497E-A84B-3FB87FE33B79}.Storm|x86.ActiveCfg = Storm|x86
		{E3B46A09-01AA-497E-A84B-3FB87FE33B79}.Storm|x86.Build.0 = Storm|x86
		{E3B46A09-01AA-497E-A84B-3FB87FE33B79}.Test|Any CPU.ActiveCfg = Test|Any CPU
		{E3B46A09-01AA-497E-A84B-3FB87FE33B79}.Test|Any CPU.Build.0 = Test|Any CPU
		{E3B46A09-01AA-497E-A84B-3FB87FE33B79}.Test|x64.ActiveCfg = Test|x64
		{E3B46A09-01AA-497E-A84B-3FB87FE33B79}.Test|x64.Build.0 = Test|x64
		{E3B46A09-01AA-497E-A84B-3FB87FE33B79}.Test|x86.ActiveCfg = Test|x86
		{E3B46A09-01AA-497E-A84B-3FB87FE33B79}.Test|x86.Build.0 = Test|x86
		{EBB8596C-1BA7-43BC-8B22-7F08018748FF}.Debug|Any CPU.ActiveCfg = Debug|Any CPU
		{EBB8596C-1BA7-43BC-8B22-7F08018748FF}.Debug|Any CPU.Build.0 = Debug|Any CPU
		{EBB8596C-1BA7-43BC-8B22-7F08018748FF}.Debug|x64.ActiveCfg = Debug|Any CPU
		{EBB8596C-1BA7-43BC-8B22-7F08018748FF}.Debug|x64.Build.0 = Debug|Any CPU
		{EBB8596C-1BA7-43BC-8B22-7F08018748FF}.Debug|x86.ActiveCfg = Debug|Any CPU
		{EBB8596C-1BA7-43BC-8B22-7F08018748FF}.Debug|x86.Build.0 = Debug|Any CPU
		{EBB8596C-1BA7-43BC-8B22-7F08018748FF}.Release|Any CPU.ActiveCfg = Release|Any CPU
		{EBB8596C-1BA7-43BC-8B22-7F08018748FF}.Release|Any CPU.Build.0 = Release|Any CPU
		{EBB8596C-1BA7-43BC-8B22-7F08018748FF}.Release|x64.ActiveCfg = Release|Any CPU
		{EBB8596C-1BA7-43BC-8B22-7F08018748FF}.Release|x64.Build.0 = Release|Any CPU
		{EBB8596C-1BA7-43BC-8B22-7F08018748FF}.Release|x86.ActiveCfg = Release|Any CPU
		{EBB8596C-1BA7-43BC-8B22-7F08018748FF}.Release|x86.Build.0 = Release|Any CPU
		{EBB8596C-1BA7-43BC-8B22-7F08018748FF}.Secert|Any CPU.ActiveCfg = Secert|Any CPU
		{EBB8596C-1BA7-43BC-8B22-7F08018748FF}.Secert|Any CPU.Build.0 = Secert|Any CPU
		{EBB8596C-1BA7-43BC-8B22-7F08018748FF}.Secert|x64.ActiveCfg = Secert|Any CPU
		{EBB8596C-1BA7-43BC-8B22-7F08018748FF}.Secert|x64.Build.0 = Secert|Any CPU
		{EBB8596C-1BA7-43BC-8B22-7F08018748FF}.Secert|x86.ActiveCfg = Secert|Any CPU
		{EBB8596C-1BA7-43BC-8B22-7F08018748FF}.Secert|x86.Build.0 = Secert|Any CPU
		{EBB8596C-1BA7-43BC-8B22-7F08018748FF}.Storm|Any CPU.ActiveCfg = Secert|Any CPU
		{EBB8596C-1BA7-43BC-8B22-7F08018748FF}.Storm|Any CPU.Build.0 = Secert|Any CPU
		{EBB8596C-1BA7-43BC-8B22-7F08018748FF}.Storm|x64.ActiveCfg = Secert|Any CPU
		{EBB8596C-1BA7-43BC-8B22-7F08018748FF}.Storm|x64.Build.0 = Secert|Any CPU
		{EBB8596C-1BA7-43BC-8B22-7F08018748FF}.Storm|x86.ActiveCfg = Secert|Any CPU
		{EBB8596C-1BA7-43BC-8B22-7F08018748FF}.Storm|x86.Build.0 = Secert|Any CPU
		{EBB8596C-1BA7-43BC-8B22-7F08018748FF}.Test|Any CPU.ActiveCfg = Secert|Any CPU
		{EBB8596C-1BA7-43BC-8B22-7F08018748FF}.Test|Any CPU.Build.0 = Secert|Any CPU
		{EBB8596C-1BA7-43BC-8B22-7F08018748FF}.Test|x64.ActiveCfg = Secert|Any CPU
		{EBB8596C-1BA7-43BC-8B22-7F08018748FF}.Test|x64.Build.0 = Secert|Any CPU
		{EBB8596C-1BA7-43BC-8B22-7F08018748FF}.Test|x86.ActiveCfg = Secert|Any CPU
		{EBB8596C-1BA7-43BC-8B22-7F08018748FF}.Test|x86.Build.0 = Secert|Any CPU
		{B51FC21D-9FA1-4833-91FC-8DD9B027CB93}.Debug|Any CPU.ActiveCfg = Debug|Any CPU
		{B51FC21D-9FA1-4833-91FC-8DD9B027CB93}.Debug|Any CPU.Build.0 = Debug|Any CPU
		{B51FC21D-9FA1-4833-91FC-8DD9B027CB93}.Debug|x64.ActiveCfg = Debug|Any CPU
		{B51FC21D-9FA1-4833-91FC-8DD9B027CB93}.Debug|x64.Build.0 = Debug|Any CPU
		{B51FC21D-9FA1-4833-91FC-8DD9B027CB93}.Debug|x86.ActiveCfg = Debug|Any CPU
		{B51FC21D-9FA1-4833-91FC-8DD9B027CB93}.Debug|x86.Build.0 = Debug|Any CPU
		{B51FC21D-9FA1-4833-91FC-8DD9B027CB93}.Release|Any CPU.ActiveCfg = Release|Any CPU
		{B51FC21D-9FA1-4833-91FC-8DD9B027CB93}.Release|Any CPU.Build.0 = Release|Any CPU
		{B51FC21D-9FA1-4833-91FC-8DD9B027CB93}.Release|x64.ActiveCfg = Release|Any CPU
		{B51FC21D-9FA1-4833-91FC-8DD9B027CB93}.Release|x64.Build.0 = Release|Any CPU
		{B51FC21D-9FA1-4833-91FC-8DD9B027CB93}.Release|x86.ActiveCfg = Release|Any CPU
		{B51FC21D-9FA1-4833-91FC-8DD9B027CB93}.Release|x86.Build.0 = Release|Any CPU
		{B51FC21D-9FA1-4833-91FC-8DD9B027CB93}.Secert|Any CPU.ActiveCfg = Secert|Any CPU
		{B51FC21D-9FA1-4833-91FC-8DD9B027CB93}.Secert|Any CPU.Build.0 = Secert|Any CPU
		{B51FC21D-9FA1-4833-91FC-8DD9B027CB93}.Secert|x64.ActiveCfg = Secert|Any CPU
		{B51FC21D-9FA1-4833-91FC-8DD9B027CB93}.Secert|x64.Build.0 = Secert|Any CPU
		{B51FC21D-9FA1-4833-91FC-8DD9B027CB93}.Secert|x86.ActiveCfg = Secert|Any CPU
		{B51FC21D-9FA1-4833-91FC-8DD9B027CB93}.Secert|x86.Build.0 = Secert|Any CPU
		{B51FC21D-9FA1-4833-91FC-8DD9B027CB93}.Storm|Any CPU.ActiveCfg = Storm|Any CPU
		{B51FC21D-9FA1-4833-91FC-8DD9B027CB93}.Storm|Any CPU.Build.0 = Storm|Any CPU
		{B51FC21D-9FA1-4833-91FC-8DD9B027CB93}.Storm|x64.ActiveCfg = Storm|Any CPU
		{B51FC21D-9FA1-4833-91FC-8DD9B027CB93}.Storm|x64.Build.0 = Storm|Any CPU
		{B51FC21D-9FA1-4833-91FC-8DD9B027CB93}.Storm|x86.ActiveCfg = Storm|Any CPU
		{B51FC21D-9FA1-4833-91FC-8DD9B027CB93}.Storm|x86.Build.0 = Storm|Any CPU
		{B51FC21D-9FA1-4833-91FC-8DD9B027CB93}.Test|Any CPU.ActiveCfg = Test|Any CPU
		{B51FC21D-9FA1-4833-91FC-8DD9B027CB93}.Test|Any CPU.Build.0 = Test|Any CPU
		{B51FC21D-9FA1-4833-91FC-8DD9B027CB93}.Test|x64.ActiveCfg = Test|Any CPU
		{B51FC21D-9FA1-4833-91FC-8DD9B027CB93}.Test|x64.Build.0 = Test|Any CPU
		{B51FC21D-9FA1-4833-91FC-8DD9B027CB93}.Test|x86.ActiveCfg = Test|Any CPU
		{B51FC21D-9FA1-4833-91FC-8DD9B027CB93}.Test|x86.Build.0 = Test|Any CPU
		{0364EDB0-226B-4207-BC2C-6EF27ED3CB24}.Debug|Any CPU.ActiveCfg = Debug|Any CPU
		{0364EDB0-226B-4207-BC2C-6EF27ED3CB24}.Debug|Any CPU.Build.0 = Debug|Any CPU
		{0364EDB0-226B-4207-BC2C-6EF27ED3CB24}.Debug|x64.ActiveCfg = Debug|Any CPU
		{0364EDB0-226B-4207-BC2C-6EF27ED3CB24}.Debug|x64.Build.0 = Debug|Any CPU
		{0364EDB0-226B-4207-BC2C-6EF27ED3CB24}.Debug|x86.ActiveCfg = Debug|Any CPU
		{0364EDB0-226B-4207-BC2C-6EF27ED3CB24}.Debug|x86.Build.0 = Debug|Any CPU
		{0364EDB0-226B-4207-BC2C-6EF27ED3CB24}.Release|Any CPU.ActiveCfg = Release|Any CPU
		{0364EDB0-226B-4207-BC2C-6EF27ED3CB24}.Release|Any CPU.Build.0 = Release|Any CPU
		{0364EDB0-226B-4207-BC2C-6EF27ED3CB24}.Release|x64.ActiveCfg = Release|Any CPU
		{0364EDB0-226B-4207-BC2C-6EF27ED3CB24}.Release|x64.Build.0 = Release|Any CPU
		{0364EDB0-226B-4207-BC2C-6EF27ED3CB24}.Release|x86.ActiveCfg = Release|Any CPU
		{0364EDB0-226B-4207-BC2C-6EF27ED3CB24}.Release|x86.Build.0 = Release|Any CPU
		{0364EDB0-226B-4207-BC2C-6EF27ED3CB24}.Secert|Any CPU.ActiveCfg = Release|Any CPU
		{0364EDB0-226B-4207-BC2C-6EF27ED3CB24}.Secert|Any CPU.Build.0 = Release|Any CPU
		{0364EDB0-226B-4207-BC2C-6EF27ED3CB24}.Secert|x64.ActiveCfg = Release|Any CPU
		{0364EDB0-226B-4207-BC2C-6EF27ED3CB24}.Secert|x64.Build.0 = Release|Any CPU
		{0364EDB0-226B-4207-BC2C-6EF27ED3CB24}.Secert|x86.ActiveCfg = Release|Any CPU
		{0364EDB0-226B-4207-BC2C-6EF27ED3CB24}.Secert|x86.Build.0 = Release|Any CPU
		{0364EDB0-226B-4207-BC2C-6EF27ED3CB24}.Storm|Any CPU.ActiveCfg = Release|Any CPU
		{0364EDB0-226B-4207-BC2C-6EF27ED3CB24}.Storm|Any CPU.Build.0 = Release|Any CPU
		{0364EDB0-226B-4207-BC2C-6EF27ED3CB24}.Storm|x64.ActiveCfg = Release|Any CPU
		{0364EDB0-226B-4207-BC2C-6EF27ED3CB24}.Storm|x64.Build.0 = Release|Any CPU
		{0364EDB0-226B-4207-BC2C-6EF27ED3CB24}.Storm|x86.ActiveCfg = Release|Any CPU
		{0364EDB0-226B-4207-BC2C-6EF27ED3CB24}.Storm|x86.Build.0 = Release|Any CPU
		{0364EDB0-226B-4207-BC2C-6EF27ED3CB24}.Test|Any CPU.ActiveCfg = Release|Any CPU
		{0364EDB0-226B-4207-BC2C-6EF27ED3CB24}.Test|Any CPU.Build.0 = Release|Any CPU
		{0364EDB0-226B-4207-BC2C-6EF27ED3CB24}.Test|x64.ActiveCfg = Release|Any CPU
		{0364EDB0-226B-4207-BC2C-6EF27ED3CB24}.Test|x64.Build.0 = Release|Any CPU
		{0364EDB0-226B-4207-BC2C-6EF27ED3CB24}.Test|x86.ActiveCfg = Release|Any CPU
		{0364EDB0-226B-4207-BC2C-6EF27ED3CB24}.Test|x86.Build.0 = Release|Any CPU
		{31ED7A85-5061-4D15-BB3B-B5BE53130D42}.Debug|Any CPU.ActiveCfg = Debug|Any CPU
		{31ED7A85-5061-4D15-BB3B-B5BE53130D42}.Debug|Any CPU.Build.0 = Debug|Any CPU
		{31ED7A85-5061-4D15-BB3B-B5BE53130D42}.Debug|x64.ActiveCfg = Debug|x64
		{31ED7A85-5061-4D15-BB3B-B5BE53130D42}.Debug|x64.Build.0 = Debug|x64
		{31ED7A85-5061-4D15-BB3B-B5BE53130D42}.Debug|x86.ActiveCfg = Debug|x86
		{31ED7A85-5061-4D15-BB3B-B5BE53130D42}.Debug|x86.Build.0 = Debug|x86
		{31ED7A85-5061-4D15-BB3B-B5BE53130D42}.Release|Any CPU.ActiveCfg = Release|Any CPU
		{31ED7A85-5061-4D15-BB3B-B5BE53130D42}.Release|Any CPU.Build.0 = Release|Any CPU
		{31ED7A85-5061-4D15-BB3B-B5BE53130D42}.Release|x64.ActiveCfg = Release|x64
		{31ED7A85-5061-4D15-BB3B-B5BE53130D42}.Release|x64.Build.0 = Release|x64
		{31ED7A85-5061-4D15-BB3B-B5BE53130D42}.Release|x86.ActiveCfg = Release|x86
		{31ED7A85-5061-4D15-BB3B-B5BE53130D42}.Release|x86.Build.0 = Release|x86
		{31ED7A85-5061-4D15-BB3B-B5BE53130D42}.Secert|Any CPU.ActiveCfg = Secert|Any CPU
		{31ED7A85-5061-4D15-BB3B-B5BE53130D42}.Secert|Any CPU.Build.0 = Secert|Any CPU
		{31ED7A85-5061-4D15-BB3B-B5BE53130D42}.Secert|x64.ActiveCfg = Secert|x64
		{31ED7A85-5061-4D15-BB3B-B5BE53130D42}.Secert|x64.Build.0 = Secert|x64
		{31ED7A85-5061-4D15-BB3B-B5BE53130D42}.Secert|x86.ActiveCfg = Secert|x86
		{31ED7A85-5061-4D15-BB3B-B5BE53130D42}.Secert|x86.Build.0 = Secert|x86
		{31ED7A85-5061-4D15-BB3B-B5BE53130D42}.Storm|Any CPU.ActiveCfg = Storm|Any CPU
		{31ED7A85-5061-4D15-BB3B-B5BE53130D42}.Storm|Any CPU.Build.0 = Storm|Any CPU
		{31ED7A85-5061-4D15-BB3B-B5BE53130D42}.Storm|x64.ActiveCfg = Storm|x64
		{31ED7A85-5061-4D15-BB3B-B5BE53130D42}.Storm|x64.Build.0 = Storm|x64
		{31ED7A85-5061-4D15-BB3B-B5BE53130D42}.Storm|x86.ActiveCfg = Storm|x86
		{31ED7A85-5061-4D15-BB3B-B5BE53130D42}.Storm|x86.Build.0 = Storm|x86
		{31ED7A85-5061-4D15-BB3B-B5BE53130D42}.Test|Any CPU.ActiveCfg = Test|Any CPU
		{31ED7A85-5061-4D15-BB3B-B5BE53130D42}.Test|Any CPU.Build.0 = Test|Any CPU
		{31ED7A85-5061-4D15-BB3B-B5BE53130D42}.Test|x64.ActiveCfg = Test|x64
		{31ED7A85-5061-4D15-BB3B-B5BE53130D42}.Test|x64.Build.0 = Test|x64
		{31ED7A85-5061-4D15-BB3B-B5BE53130D42}.Test|x86.ActiveCfg = Test|x86
		{31ED7A85-5061-4D15-BB3B-B5BE53130D42}.Test|x86.Build.0 = Test|x86
		{79D63790-0632-40D0-840F-610C0D92D9EE}.Debug|Any CPU.ActiveCfg = Debug|Any CPU
		{79D63790-0632-40D0-840F-610C0D92D9EE}.Debug|Any CPU.Build.0 = Debug|Any CPU
		{79D63790-0632-40D0-840F-610C0D92D9EE}.Debug|x64.ActiveCfg = Debug|Any CPU
		{79D63790-0632-40D0-840F-610C0D92D9EE}.Debug|x64.Build.0 = Debug|Any CPU
		{79D63790-0632-40D0-840F-610C0D92D9EE}.Debug|x86.ActiveCfg = Debug|Any CPU
		{79D63790-0632-40D0-840F-610C0D92D9EE}.Debug|x86.Build.0 = Debug|Any CPU
		{79D63790-0632-40D0-840F-610C0D92D9EE}.Release|Any CPU.ActiveCfg = Release|Any CPU
		{79D63790-0632-40D0-840F-610C0D92D9EE}.Release|Any CPU.Build.0 = Release|Any CPU
		{79D63790-0632-40D0-840F-610C0D92D9EE}.Release|x64.ActiveCfg = Release|Any CPU
		{79D63790-0632-40D0-840F-610C0D92D9EE}.Release|x64.Build.0 = Release|Any CPU
		{79D63790-0632-40D0-840F-610C0D92D9EE}.Release|x86.ActiveCfg = Release|Any CPU
		{79D63790-0632-40D0-840F-610C0D92D9EE}.Release|x86.Build.0 = Release|Any CPU
		{79D63790-0632-40D0-840F-610C0D92D9EE}.Secert|Any CPU.ActiveCfg = Release|Any CPU
		{79D63790-0632-40D0-840F-610C0D92D9EE}.Secert|Any CPU.Build.0 = Release|Any CPU
		{79D63790-0632-40D0-840F-610C0D92D9EE}.Secert|x64.ActiveCfg = Release|Any CPU
		{79D63790-0632-40D0-840F-610C0D92D9EE}.Secert|x64.Build.0 = Release|Any CPU
		{79D63790-0632-40D0-840F-610C0D92D9EE}.Secert|x86.ActiveCfg = Release|Any CPU
		{79D63790-0632-40D0-840F-610C0D92D9EE}.Secert|x86.Build.0 = Release|Any CPU
		{79D63790-0632-40D0-840F-610C0D92D9EE}.Storm|Any CPU.ActiveCfg = Release|Any CPU
		{79D63790-0632-40D0-840F-610C0D92D9EE}.Storm|Any CPU.Build.0 = Release|Any CPU
		{79D63790-0632-40D0-840F-610C0D92D9EE}.Storm|x64.ActiveCfg = Release|Any CPU
		{79D63790-0632-40D0-840F-610C0D92D9EE}.Storm|x64.Build.0 = Release|Any CPU
		{79D63790-0632-40D0-840F-610C0D92D9EE}.Storm|x86.ActiveCfg = Release|Any CPU
		{79D63790-0632-40D0-840F-610C0D92D9EE}.Storm|x86.Build.0 = Release|Any CPU
		{79D63790-0632-40D0-840F-610C0D92D9EE}.Test|Any CPU.ActiveCfg = Release|Any CPU
		{79D63790-0632-40D0-840F-610C0D92D9EE}.Test|Any CPU.Build.0 = Release|Any CPU
		{79D63790-0632-40D0-840F-610C0D92D9EE}.Test|x64.ActiveCfg = Release|Any CPU
		{79D63790-0632-40D0-840F-610C0D92D9EE}.Test|x64.Build.0 = Release|Any CPU
		{79D63790-0632-40D0-840F-610C0D92D9EE}.Test|x86.ActiveCfg = Release|Any CPU
		{79D63790-0632-40D0-840F-610C0D92D9EE}.Test|x86.Build.0 = Release|Any CPU
		{BACE6BEF-254B-4194-A5E5-E2A96AFB5310}.Debug|Any CPU.ActiveCfg = Debug|Any CPU
		{BACE6BEF-254B-4194-A5E5-E2A96AFB5310}.Debug|Any CPU.Build.0 = Debug|Any CPU
		{BACE6BEF-254B-4194-A5E5-E2A96AFB5310}.Debug|x64.ActiveCfg = Debug|Any CPU
		{BACE6BEF-254B-4194-A5E5-E2A96AFB5310}.Debug|x64.Build.0 = Debug|Any CPU
		{BACE6BEF-254B-4194-A5E5-E2A96AFB5310}.Debug|x86.ActiveCfg = Debug|Any CPU
		{BACE6BEF-254B-4194-A5E5-E2A96AFB5310}.Debug|x86.Build.0 = Debug|Any CPU
		{BACE6BEF-254B-4194-A5E5-E2A96AFB5310}.Release|Any CPU.ActiveCfg = Release|Any CPU
		{BACE6BEF-254B-4194-A5E5-E2A96AFB5310}.Release|Any CPU.Build.0 = Release|Any CPU
		{BACE6BEF-254B-4194-A5E5-E2A96AFB5310}.Release|x64.ActiveCfg = Release|Any CPU
		{BACE6BEF-254B-4194-A5E5-E2A96AFB5310}.Release|x64.Build.0 = Release|Any CPU
		{BACE6BEF-254B-4194-A5E5-E2A96AFB5310}.Release|x86.ActiveCfg = Release|Any CPU
		{BACE6BEF-254B-4194-A5E5-E2A96AFB5310}.Release|x86.Build.0 = Release|Any CPU
		{BACE6BEF-254B-4194-A5E5-E2A96AFB5310}.Secert|Any CPU.ActiveCfg = Release|Any CPU
		{BACE6BEF-254B-4194-A5E5-E2A96AFB5310}.Secert|Any CPU.Build.0 = Release|Any CPU
		{BACE6BEF-254B-4194-A5E5-E2A96AFB5310}.Secert|x64.ActiveCfg = Release|Any CPU
		{BACE6BEF-254B-4194-A5E5-E2A96AFB5310}.Secert|x64.Build.0 = Release|Any CPU
		{BACE6BEF-254B-4194-A5E5-E2A96AFB5310}.Secert|x86.ActiveCfg = Release|Any CPU
		{BACE6BEF-254B-4194-A5E5-E2A96AFB5310}.Secert|x86.Build.0 = Release|Any CPU
		{BACE6BEF-254B-4194-A5E5-E2A96AFB5310}.Storm|Any CPU.ActiveCfg = Release|Any CPU
		{BACE6BEF-254B-4194-A5E5-E2A96AFB5310}.Storm|Any CPU.Build.0 = Release|Any CPU
		{BACE6BEF-254B-4194-A5E5-E2A96AFB5310}.Storm|x64.ActiveCfg = Release|Any CPU
		{BACE6BEF-254B-4194-A5E5-E2A96AFB5310}.Storm|x64.Build.0 = Release|Any CPU
		{BACE6BEF-254B-4194-A5E5-E2A96AFB5310}.Storm|x86.ActiveCfg = Release|Any CPU
		{BACE6BEF-254B-4194-A5E5-E2A96AFB5310}.Storm|x86.Build.0 = Release|Any CPU
		{BACE6BEF-254B-4194-A5E5-E2A96AFB5310}.Test|Any CPU.ActiveCfg = Release|Any CPU
		{BACE6BEF-254B-4194-A5E5-E2A96AFB5310}.Test|Any CPU.Build.0 = Release|Any CPU
		{BACE6BEF-254B-4194-A5E5-E2A96AFB5310}.Test|x64.ActiveCfg = Release|Any CPU
		{BACE6BEF-254B-4194-A5E5-E2A96AFB5310}.Test|x64.Build.0 = Release|Any CPU
		{BACE6BEF-254B-4194-A5E5-E2A96AFB5310}.Test|x86.ActiveCfg = Release|Any CPU
		{BACE6BEF-254B-4194-A5E5-E2A96AFB5310}.Test|x86.Build.0 = Release|Any CPU
		{18519D50-390E-4899-9CC6-B3BB97A5AFDD}.Debug|Any CPU.ActiveCfg = Debug|Any CPU
		{18519D50-390E-4899-9CC6-B3BB97A5AFDD}.Debug|Any CPU.Build.0 = Debug|Any CPU
		{18519D50-390E-4899-9CC6-B3BB97A5AFDD}.Debug|x64.ActiveCfg = Debug|Any CPU
		{18519D50-390E-4899-9CC6-B3BB97A5AFDD}.Debug|x64.Build.0 = Debug|Any CPU
		{18519D50-390E-4899-9CC6-B3BB97A5AFDD}.Debug|x86.ActiveCfg = Debug|Any CPU
		{18519D50-390E-4899-9CC6-B3BB97A5AFDD}.Debug|x86.Build.0 = Debug|Any CPU
		{18519D50-390E-4899-9CC6-B3BB97A5AFDD}.Release|Any CPU.ActiveCfg = Release|Any CPU
		{18519D50-390E-4899-9CC6-B3BB97A5AFDD}.Release|Any CPU.Build.0 = Release|Any CPU
		{18519D50-390E-4899-9CC6-B3BB97A5AFDD}.Release|x64.ActiveCfg = Release|Any CPU
		{18519D50-390E-4899-9CC6-B3BB97A5AFDD}.Release|x64.Build.0 = Release|Any CPU
		{18519D50-390E-4899-9CC6-B3BB97A5AFDD}.Release|x86.ActiveCfg = Release|Any CPU
		{18519D50-390E-4899-9CC6-B3BB97A5AFDD}.Release|x86.Build.0 = Release|Any CPU
		{18519D50-390E-4899-9CC6-B3BB97A5AFDD}.Secert|Any CPU.ActiveCfg = Release|Any CPU
		{18519D50-390E-4899-9CC6-B3BB97A5AFDD}.Secert|Any CPU.Build.0 = Release|Any CPU
		{18519D50-390E-4899-9CC6-B3BB97A5AFDD}.Secert|x64.ActiveCfg = Release|Any CPU
		{18519D50-390E-4899-9CC6-B3BB97A5AFDD}.Secert|x64.Build.0 = Release|Any CPU
		{18519D50-390E-4899-9CC6-B3BB97A5AFDD}.Secert|x86.ActiveCfg = Release|Any CPU
		{18519D50-390E-4899-9CC6-B3BB97A5AFDD}.Secert|x86.Build.0 = Release|Any CPU
		{18519D50-390E-4899-9CC6-B3BB97A5AFDD}.Storm|Any CPU.ActiveCfg = Release|Any CPU
		{18519D50-390E-4899-9CC6-B3BB97A5AFDD}.Storm|Any CPU.Build.0 = Release|Any CPU
		{18519D50-390E-4899-9CC6-B3BB97A5AFDD}.Storm|x64.ActiveCfg = Release|Any CPU
		{18519D50-390E-4899-9CC6-B3BB97A5AFDD}.Storm|x64.Build.0 = Release|Any CPU
		{18519D50-390E-4899-9CC6-B3BB97A5AFDD}.Storm|x86.ActiveCfg = Release|Any CPU
		{18519D50-390E-4899-9CC6-B3BB97A5AFDD}.Storm|x86.Build.0 = Release|Any CPU
		{18519D50-390E-4899-9CC6-B3BB97A5AFDD}.Test|Any CPU.ActiveCfg = Release|Any CPU
		{18519D50-390E-4899-9CC6-B3BB97A5AFDD}.Test|Any CPU.Build.0 = Release|Any CPU
		{18519D50-390E-4899-9CC6-B3BB97A5AFDD}.Test|x64.ActiveCfg = Release|Any CPU
		{18519D50-390E-4899-9CC6-B3BB97A5AFDD}.Test|x64.Build.0 = Release|Any CPU
		{18519D50-390E-4899-9CC6-B3BB97A5AFDD}.Test|x86.ActiveCfg = Release|Any CPU
		{18519D50-390E-4899-9CC6-B3BB97A5AFDD}.Test|x86.Build.0 = Release|Any CPU
		{853914C9-58C8-461A-A764-178C10D6F42A}.Debug|Any CPU.ActiveCfg = Debug|Any CPU
		{853914C9-58C8-461A-A764-178C10D6F42A}.Debug|Any CPU.Build.0 = Debug|Any CPU
		{853914C9-58C8-461A-A764-178C10D6F42A}.Debug|x64.ActiveCfg = Debug|x64
		{853914C9-58C8-461A-A764-178C10D6F42A}.Debug|x64.Build.0 = Debug|x64
		{853914C9-58C8-461A-A764-178C10D6F42A}.Debug|x86.ActiveCfg = Debug|x86
		{853914C9-58C8-461A-A764-178C10D6F42A}.Debug|x86.Build.0 = Debug|x86
		{853914C9-58C8-461A-A764-178C10D6F42A}.Release|Any CPU.ActiveCfg = Release|Any CPU
		{853914C9-58C8-461A-A764-178C10D6F42A}.Release|Any CPU.Build.0 = Release|Any CPU
		{853914C9-58C8-461A-A764-178C10D6F42A}.Release|x64.ActiveCfg = Release|x64
		{853914C9-58C8-461A-A764-178C10D6F42A}.Release|x64.Build.0 = Release|x64
		{853914C9-58C8-461A-A764-178C10D6F42A}.Release|x86.ActiveCfg = Release|x86
		{853914C9-58C8-461A-A764-178C10D6F42A}.Release|x86.Build.0 = Release|x86
		{853914C9-58C8-461A-A764-178C10D6F42A}.Secert|Any CPU.ActiveCfg = Secert|Any CPU
		{853914C9-58C8-461A-A764-178C10D6F42A}.Secert|Any CPU.Build.0 = Secert|Any CPU
		{853914C9-58C8-461A-A764-178C10D6F42A}.Secert|x64.ActiveCfg = Secert|x64
		{853914C9-58C8-461A-A764-178C10D6F42A}.Secert|x64.Build.0 = Secert|x64
		{853914C9-58C8-461A-A764-178C10D6F42A}.Secert|x86.ActiveCfg = Secert|x86
		{853914C9-58C8-461A-A764-178C10D6F42A}.Secert|x86.Build.0 = Secert|x86
		{853914C9-58C8-461A-A764-178C10D6F42A}.Storm|Any CPU.ActiveCfg = Storm|Any CPU
		{853914C9-58C8-461A-A764-178C10D6F42A}.Storm|Any CPU.Build.0 = Storm|Any CPU
		{853914C9-58C8-461A-A764-178C10D6F42A}.Storm|x64.ActiveCfg = Storm|x64
		{853914C9-58C8-461A-A764-178C10D6F42A}.Storm|x64.Build.0 = Storm|x64
		{853914C9-58C8-461A-A764-178C10D6F42A}.Storm|x86.ActiveCfg = Storm|x86
		{853914C9-58C8-461A-A764-178C10D6F42A}.Storm|x86.Build.0 = Storm|x86
		{853914C9-58C8-461A-A764-178C10D6F42A}.Test|Any CPU.ActiveCfg = Test|Any CPU
		{853914C9-58C8-461A-A764-178C10D6F42A}.Test|Any CPU.Build.0 = Test|Any CPU
		{853914C9-58C8-461A-A764-178C10D6F42A}.Test|x64.ActiveCfg = Test|x64
		{853914C9-58C8-461A-A764-178C10D6F42A}.Test|x64.Build.0 = Test|x64
		{853914C9-58C8-461A-A764-178C10D6F42A}.Test|x86.ActiveCfg = Test|x86
		{853914C9-58C8-461A-A764-178C10D6F42A}.Test|x86.Build.0 = Test|x86
		{763EEC30-39F9-4571-BC91-E583FAA46D77}.Debug|Any CPU.ActiveCfg = Debug|Any CPU
		{763EEC30-39F9-4571-BC91-E583FAA46D77}.Debug|Any CPU.Build.0 = Debug|Any CPU
		{763EEC30-39F9-4571-BC91-E583FAA46D77}.Debug|x64.ActiveCfg = Debug|x64
		{763EEC30-39F9-4571-BC91-E583FAA46D77}.Debug|x64.Build.0 = Debug|x64
		{763EEC30-39F9-4571-BC91-E583FAA46D77}.Debug|x86.ActiveCfg = Debug|x86
		{763EEC30-39F9-4571-BC91-E583FAA46D77}.Debug|x86.Build.0 = Debug|x86
		{763EEC30-39F9-4571-BC91-E583FAA46D77}.Release|Any CPU.ActiveCfg = Release|Any CPU
		{763EEC30-39F9-4571-BC91-E583FAA46D77}.Release|Any CPU.Build.0 = Release|Any CPU
		{763EEC30-39F9-4571-BC91-E583FAA46D77}.Release|x64.ActiveCfg = Release|x64
		{763EEC30-39F9-4571-BC91-E583FAA46D77}.Release|x64.Build.0 = Release|x64
		{763EEC30-39F9-4571-BC91-E583FAA46D77}.Release|x86.ActiveCfg = Release|x86
		{763EEC30-39F9-4571-BC91-E583FAA46D77}.Release|x86.Build.0 = Release|x86
		{763EEC30-39F9-4571-BC91-E583FAA46D77}.Secert|Any CPU.ActiveCfg = Secert|Any CPU
		{763EEC30-39F9-4571-BC91-E583FAA46D77}.Secert|Any CPU.Build.0 = Secert|Any CPU
		{763EEC30-39F9-4571-BC91-E583FAA46D77}.Secert|x64.ActiveCfg = Secert|x64
		{763EEC30-39F9-4571-BC91-E583FAA46D77}.Secert|x64.Build.0 = Secert|x64
		{763EEC30-39F9-4571-BC91-E583FAA46D77}.Secert|x86.ActiveCfg = Secert|x86
		{763EEC30-39F9-4571-BC91-E583FAA46D77}.Secert|x86.Build.0 = Secert|x86
		{763EEC30-39F9-4571-BC91-E583FAA46D77}.Storm|Any CPU.ActiveCfg = Secert|Any CPU
		{763EEC30-39F9-4571-BC91-E583FAA46D77}.Storm|Any CPU.Build.0 = Secert|Any CPU
		{763EEC30-39F9-4571-BC91-E583FAA46D77}.Storm|x64.ActiveCfg = Secert|x64
		{763EEC30-39F9-4571-BC91-E583FAA46D77}.Storm|x64.Build.0 = Secert|x64
		{763EEC30-39F9-4571-BC91-E583FAA46D77}.Storm|x86.ActiveCfg = Secert|x86
		{763EEC30-39F9-4571-BC91-E583FAA46D77}.Storm|x86.Build.0 = Secert|x86
		{763EEC30-39F9-4571-BC91-E583FAA46D77}.Test|Any CPU.ActiveCfg = Secert|Any CPU
		{763EEC30-39F9-4571-BC91-E583FAA46D77}.Test|Any CPU.Build.0 = Secert|Any CPU
		{763EEC30-39F9-4571-BC91-E583FAA46D77}.Test|x64.ActiveCfg = Secert|x64
		{763EEC30-39F9-4571-BC91-E583FAA46D77}.Test|x64.Build.0 = Secert|x64
		{763EEC30-39F9-4571-BC91-E583FAA46D77}.Test|x86.ActiveCfg = Secert|x86
		{763EEC30-39F9-4571-BC91-E583FAA46D77}.Test|x86.Build.0 = Secert|x86
		{1AD80AEE-EEB3-4A09-A86B-5068BBBBE385}.Debug|Any CPU.ActiveCfg = Debug|Any CPU
		{1AD80AEE-EEB3-4A09-A86B-5068BBBBE385}.Debug|Any CPU.Build.0 = Debug|Any CPU
		{1AD80AEE-EEB3-4A09-A86B-5068BBBBE385}.Debug|x64.ActiveCfg = Debug|Any CPU
		{1AD80AEE-EEB3-4A09-A86B-5068BBBBE385}.Debug|x64.Build.0 = Debug|Any CPU
		{1AD80AEE-EEB3-4A09-A86B-5068BBBBE385}.Debug|x86.ActiveCfg = Debug|Any CPU
		{1AD80AEE-EEB3-4A09-A86B-5068BBBBE385}.Debug|x86.Build.0 = Debug|Any CPU
		{1AD80AEE-EEB3-4A09-A86B-5068BBBBE385}.Release|Any CPU.ActiveCfg = Release|Any CPU
		{1AD80AEE-EEB3-4A09-A86B-5068BBBBE385}.Release|Any CPU.Build.0 = Release|Any CPU
		{1AD80AEE-EEB3-4A09-A86B-5068BBBBE385}.Release|x64.ActiveCfg = Release|Any CPU
		{1AD80AEE-EEB3-4A09-A86B-5068BBBBE385}.Release|x64.Build.0 = Release|Any CPU
		{1AD80AEE-EEB3-4A09-A86B-5068BBBBE385}.Release|x86.ActiveCfg = Release|Any CPU
		{1AD80AEE-EEB3-4A09-A86B-5068BBBBE385}.Release|x86.Build.0 = Release|Any CPU
		{1AD80AEE-EEB3-4A09-A86B-5068BBBBE385}.Secert|Any CPU.ActiveCfg = Secert|Any CPU
		{1AD80AEE-EEB3-4A09-A86B-5068BBBBE385}.Secert|Any CPU.Build.0 = Secert|Any CPU
		{1AD80AEE-EEB3-4A09-A86B-5068BBBBE385}.Secert|x64.ActiveCfg = Secert|Any CPU
		{1AD80AEE-EEB3-4A09-A86B-5068BBBBE385}.Secert|x64.Build.0 = Secert|Any CPU
		{1AD80AEE-EEB3-4A09-A86B-5068BBBBE385}.Secert|x86.ActiveCfg = Secert|Any CPU
		{1AD80AEE-EEB3-4A09-A86B-5068BBBBE385}.Secert|x86.Build.0 = Secert|Any CPU
		{1AD80AEE-EEB3-4A09-A86B-5068BBBBE385}.Storm|Any CPU.ActiveCfg = Secert|Any CPU
		{1AD80AEE-EEB3-4A09-A86B-5068BBBBE385}.Storm|Any CPU.Build.0 = Secert|Any CPU
		{1AD80AEE-EEB3-4A09-A86B-5068BBBBE385}.Storm|x64.ActiveCfg = Secert|Any CPU
		{1AD80AEE-EEB3-4A09-A86B-5068BBBBE385}.Storm|x64.Build.0 = Secert|Any CPU
		{1AD80AEE-EEB3-4A09-A86B-5068BBBBE385}.Storm|x86.ActiveCfg = Secert|Any CPU
		{1AD80AEE-EEB3-4A09-A86B-5068BBBBE385}.Storm|x86.Build.0 = Secert|Any CPU
		{1AD80AEE-EEB3-4A09-A86B-5068BBBBE385}.Test|Any CPU.ActiveCfg = Secert|Any CPU
		{1AD80AEE-EEB3-4A09-A86B-5068BBBBE385}.Test|Any CPU.Build.0 = Secert|Any CPU
		{1AD80AEE-EEB3-4A09-A86B-5068BBBBE385}.Test|x64.ActiveCfg = Secert|Any CPU
		{1AD80AEE-EEB3-4A09-A86B-5068BBBBE385}.Test|x64.Build.0 = Secert|Any CPU
		{1AD80AEE-EEB3-4A09-A86B-5068BBBBE385}.Test|x86.ActiveCfg = Secert|Any CPU
		{1AD80AEE-EEB3-4A09-A86B-5068BBBBE385}.Test|x86.Build.0 = Secert|Any CPU
		{DC1AB51A-FD73-4B84-8D0A-05A1C440E863}.Debug|Any CPU.ActiveCfg = Debug|Any CPU
		{DC1AB51A-FD73-4B84-8D0A-05A1C440E863}.Debug|Any CPU.Build.0 = Debug|Any CPU
		{DC1AB51A-FD73-4B84-8D0A-05A1C440E863}.Debug|x64.ActiveCfg = Debug|Any CPU
		{DC1AB51A-FD73-4B84-8D0A-05A1C440E863}.Debug|x64.Build.0 = Debug|Any CPU
		{DC1AB51A-FD73-4B84-8D0A-05A1C440E863}.Debug|x86.ActiveCfg = Debug|Any CPU
		{DC1AB51A-FD73-4B84-8D0A-05A1C440E863}.Debug|x86.Build.0 = Debug|Any CPU
		{DC1AB51A-FD73-4B84-8D0A-05A1C440E863}.Release|Any CPU.ActiveCfg = Release|Any CPU
		{DC1AB51A-FD73-4B84-8D0A-05A1C440E863}.Release|Any CPU.Build.0 = Release|Any CPU
		{DC1AB51A-FD73-4B84-8D0A-05A1C440E863}.Release|x64.ActiveCfg = Release|Any CPU
		{DC1AB51A-FD73-4B84-8D0A-05A1C440E863}.Release|x64.Build.0 = Release|Any CPU
		{DC1AB51A-FD73-4B84-8D0A-05A1C440E863}.Release|x86.ActiveCfg = Release|Any CPU
		{DC1AB51A-FD73-4B84-8D0A-05A1C440E863}.Release|x86.Build.0 = Release|Any CPU
		{DC1AB51A-FD73-4B84-8D0A-05A1C440E863}.Secert|Any CPU.ActiveCfg = Secert|Any CPU
		{DC1AB51A-FD73-4B84-8D0A-05A1C440E863}.Secert|Any CPU.Build.0 = Secert|Any CPU
		{DC1AB51A-FD73-4B84-8D0A-05A1C440E863}.Secert|x64.ActiveCfg = Secert|Any CPU
		{DC1AB51A-FD73-4B84-8D0A-05A1C440E863}.Secert|x64.Build.0 = Secert|Any CPU
		{DC1AB51A-FD73-4B84-8D0A-05A1C440E863}.Secert|x86.ActiveCfg = Secert|Any CPU
		{DC1AB51A-FD73-4B84-8D0A-05A1C440E863}.Secert|x86.Build.0 = Secert|Any CPU
		{DC1AB51A-FD73-4B84-8D0A-05A1C440E863}.Storm|Any CPU.ActiveCfg = Storm|Any CPU
		{DC1AB51A-FD73-4B84-8D0A-05A1C440E863}.Storm|Any CPU.Build.0 = Storm|Any CPU
		{DC1AB51A-FD73-4B84-8D0A-05A1C440E863}.Storm|x64.ActiveCfg = Storm|Any CPU
		{DC1AB51A-FD73-4B84-8D0A-05A1C440E863}.Storm|x64.Build.0 = Storm|Any CPU
		{DC1AB51A-FD73-4B84-8D0A-05A1C440E863}.Storm|x86.ActiveCfg = Storm|Any CPU
		{DC1AB51A-FD73-4B84-8D0A-05A1C440E863}.Storm|x86.Build.0 = Storm|Any CPU
		{DC1AB51A-FD73-4B84-8D0A-05A1C440E863}.Test|Any CPU.ActiveCfg = Secert|Any CPU
		{DC1AB51A-FD73-4B84-8D0A-05A1C440E863}.Test|Any CPU.Build.0 = Secert|Any CPU
		{DC1AB51A-FD73-4B84-8D0A-05A1C440E863}.Test|x64.ActiveCfg = Secert|Any CPU
		{DC1AB51A-FD73-4B84-8D0A-05A1C440E863}.Test|x64.Build.0 = Secert|Any CPU
		{DC1AB51A-FD73-4B84-8D0A-05A1C440E863}.Test|x86.ActiveCfg = Secert|Any CPU
		{DC1AB51A-FD73-4B84-8D0A-05A1C440E863}.Test|x86.Build.0 = Secert|Any CPU
		{34E375A9-3F78-426D-8B33-7A43C0039F98}.Debug|Any CPU.ActiveCfg = Debug|Any CPU
		{34E375A9-3F78-426D-8B33-7A43C0039F98}.Debug|Any CPU.Build.0 = Debug|Any CPU
		{34E375A9-3F78-426D-8B33-7A43C0039F98}.Debug|x64.ActiveCfg = Debug|Any CPU
		{34E375A9-3F78-426D-8B33-7A43C0039F98}.Debug|x64.Build.0 = Debug|Any CPU
		{34E375A9-3F78-426D-8B33-7A43C0039F98}.Debug|x86.ActiveCfg = Debug|Any CPU
		{34E375A9-3F78-426D-8B33-7A43C0039F98}.Debug|x86.Build.0 = Debug|Any CPU
		{34E375A9-3F78-426D-8B33-7A43C0039F98}.Release|Any CPU.ActiveCfg = Release|Any CPU
		{34E375A9-3F78-426D-8B33-7A43C0039F98}.Release|Any CPU.Build.0 = Release|Any CPU
		{34E375A9-3F78-426D-8B33-7A43C0039F98}.Release|x64.ActiveCfg = Release|Any CPU
		{34E375A9-3F78-426D-8B33-7A43C0039F98}.Release|x64.Build.0 = Release|Any CPU
		{34E375A9-3F78-426D-8B33-7A43C0039F98}.Release|x86.ActiveCfg = Release|Any CPU
		{34E375A9-3F78-426D-8B33-7A43C0039F98}.Release|x86.Build.0 = Release|Any CPU
		{34E375A9-3F78-426D-8B33-7A43C0039F98}.Secert|Any CPU.ActiveCfg = Release|Any CPU
		{34E375A9-3F78-426D-8B33-7A43C0039F98}.Secert|Any CPU.Build.0 = Release|Any CPU
		{34E375A9-3F78-426D-8B33-7A43C0039F98}.Secert|x64.ActiveCfg = Release|Any CPU
		{34E375A9-3F78-426D-8B33-7A43C0039F98}.Secert|x64.Build.0 = Release|Any CPU
		{34E375A9-3F78-426D-8B33-7A43C0039F98}.Secert|x86.ActiveCfg = Release|Any CPU
		{34E375A9-3F78-426D-8B33-7A43C0039F98}.Secert|x86.Build.0 = Release|Any CPU
		{34E375A9-3F78-426D-8B33-7A43C0039F98}.Storm|Any CPU.ActiveCfg = Release|Any CPU
		{34E375A9-3F78-426D-8B33-7A43C0039F98}.Storm|Any CPU.Build.0 = Release|Any CPU
		{34E375A9-3F78-426D-8B33-7A43C0039F98}.Storm|x64.ActiveCfg = Release|Any CPU
		{34E375A9-3F78-426D-8B33-7A43C0039F98}.Storm|x64.Build.0 = Release|Any CPU
		{34E375A9-3F78-426D-8B33-7A43C0039F98}.Storm|x86.ActiveCfg = Release|Any CPU
		{34E375A9-3F78-426D-8B33-7A43C0039F98}.Storm|x86.Build.0 = Release|Any CPU
		{34E375A9-3F78-426D-8B33-7A43C0039F98}.Test|Any CPU.ActiveCfg = Release|Any CPU
		{34E375A9-3F78-426D-8B33-7A43C0039F98}.Test|Any CPU.Build.0 = Release|Any CPU
		{34E375A9-3F78-426D-8B33-7A43C0039F98}.Test|x64.ActiveCfg = Release|Any CPU
		{34E375A9-3F78-426D-8B33-7A43C0039F98}.Test|x64.Build.0 = Release|Any CPU
		{34E375A9-3F78-426D-8B33-7A43C0039F98}.Test|x86.ActiveCfg = Release|Any CPU
		{34E375A9-3F78-426D-8B33-7A43C0039F98}.Test|x86.Build.0 = Release|Any CPU
		{92DA4483-C407-4E1A-B622-52A67DB966C6}.Debug|Any CPU.ActiveCfg = Debug|Any CPU
		{92DA4483-C407-4E1A-B622-52A67DB966C6}.Debug|Any CPU.Build.0 = Debug|Any CPU
		{92DA4483-C407-4E1A-B622-52A67DB966C6}.Debug|x64.ActiveCfg = Debug|Any CPU
		{92DA4483-C407-4E1A-B622-52A67DB966C6}.Debug|x64.Build.0 = Debug|Any CPU
		{92DA4483-C407-4E1A-B622-52A67DB966C6}.Debug|x86.ActiveCfg = Debug|Any CPU
		{92DA4483-C407-4E1A-B622-52A67DB966C6}.Debug|x86.Build.0 = Debug|Any CPU
		{92DA4483-C407-4E1A-B622-52A67DB966C6}.Release|Any CPU.ActiveCfg = Release|Any CPU
		{92DA4483-C407-4E1A-B622-52A67DB966C6}.Release|Any CPU.Build.0 = Release|Any CPU
		{92DA4483-C407-4E1A-B622-52A67DB966C6}.Release|x64.ActiveCfg = Release|Any CPU
		{92DA4483-C407-4E1A-B622-52A67DB966C6}.Release|x64.Build.0 = Release|Any CPU
		{92DA4483-C407-4E1A-B622-52A67DB966C6}.Release|x86.ActiveCfg = Release|Any CPU
		{92DA4483-C407-4E1A-B622-52A67DB966C6}.Release|x86.Build.0 = Release|Any CPU
		{92DA4483-C407-4E1A-B622-52A67DB966C6}.Secert|Any CPU.ActiveCfg = Release|Any CPU
		{92DA4483-C407-4E1A-B622-52A67DB966C6}.Secert|Any CPU.Build.0 = Release|Any CPU
		{92DA4483-C407-4E1A-B622-52A67DB966C6}.Secert|x64.ActiveCfg = Release|Any CPU
		{92DA4483-C407-4E1A-B622-52A67DB966C6}.Secert|x64.Build.0 = Release|Any CPU
		{92DA4483-C407-4E1A-B622-52A67DB966C6}.Secert|x86.ActiveCfg = Release|Any CPU
		{92DA4483-C407-4E1A-B622-52A67DB966C6}.Secert|x86.Build.0 = Release|Any CPU
		{92DA4483-C407-4E1A-B622-52A67DB966C6}.Storm|Any CPU.ActiveCfg = Release|Any CPU
		{92DA4483-C407-4E1A-B622-52A67DB966C6}.Storm|Any CPU.Build.0 = Release|Any CPU
		{92DA4483-C407-4E1A-B622-52A67DB966C6}.Storm|x64.ActiveCfg = Release|Any CPU
		{92DA4483-C407-4E1A-B622-52A67DB966C6}.Storm|x64.Build.0 = Release|Any CPU
		{92DA4483-C407-4E1A-B622-52A67DB966C6}.Storm|x86.ActiveCfg = Release|Any CPU
		{92DA4483-C407-4E1A-B622-52A67DB966C6}.Storm|x86.Build.0 = Release|Any CPU
		{92DA4483-C407-4E1A-B622-52A67DB966C6}.Test|Any CPU.ActiveCfg = Release|Any CPU
		{92DA4483-C407-4E1A-B622-52A67DB966C6}.Test|Any CPU.Build.0 = Release|Any CPU
		{92DA4483-C407-4E1A-B622-52A67DB966C6}.Test|x64.ActiveCfg = Release|Any CPU
		{92DA4483-C407-4E1A-B622-52A67DB966C6}.Test|x64.Build.0 = Release|Any CPU
		{92DA4483-C407-4E1A-B622-52A67DB966C6}.Test|x86.ActiveCfg = Release|Any CPU
		{92DA4483-C407-4E1A-B622-52A67DB966C6}.Test|x86.Build.0 = Release|Any CPU
		{1432ADEB-A562-4B8A-80F5-B08EDA25A2CF}.Debug|Any CPU.ActiveCfg = Debug|Any CPU
		{1432ADEB-A562-4B8A-80F5-B08EDA25A2CF}.Debug|Any CPU.Build.0 = Debug|Any CPU
		{1432ADEB-A562-4B8A-80F5-B08EDA25A2CF}.Debug|x64.ActiveCfg = Debug|Any CPU
		{1432ADEB-A562-4B8A-80F5-B08EDA25A2CF}.Debug|x64.Build.0 = Debug|Any CPU
		{1432ADEB-A562-4B8A-80F5-B08EDA25A2CF}.Debug|x86.ActiveCfg = Debug|Any CPU
		{1432ADEB-A562-4B8A-80F5-B08EDA25A2CF}.Debug|x86.Build.0 = Debug|Any CPU
		{1432ADEB-A562-4B8A-80F5-B08EDA25A2CF}.Release|Any CPU.ActiveCfg = Release|Any CPU
		{1432ADEB-A562-4B8A-80F5-B08EDA25A2CF}.Release|Any CPU.Build.0 = Release|Any CPU
		{1432ADEB-A562-4B8A-80F5-B08EDA25A2CF}.Release|x64.ActiveCfg = Release|Any CPU
		{1432ADEB-A562-4B8A-80F5-B08EDA25A2CF}.Release|x64.Build.0 = Release|Any CPU
		{1432ADEB-A562-4B8A-80F5-B08EDA25A2CF}.Release|x86.ActiveCfg = Release|Any CPU
		{1432ADEB-A562-4B8A-80F5-B08EDA25A2CF}.Release|x86.Build.0 = Release|Any CPU
		{1432ADEB-A562-4B8A-80F5-B08EDA25A2CF}.Secert|Any CPU.ActiveCfg = Release|Any CPU
		{1432ADEB-A562-4B8A-80F5-B08EDA25A2CF}.Secert|Any CPU.Build.0 = Release|Any CPU
		{1432ADEB-A562-4B8A-80F5-B08EDA25A2CF}.Secert|x64.ActiveCfg = Release|Any CPU
		{1432ADEB-A562-4B8A-80F5-B08EDA25A2CF}.Secert|x64.Build.0 = Release|Any CPU
		{1432ADEB-A562-4B8A-80F5-B08EDA25A2CF}.Secert|x86.ActiveCfg = Release|Any CPU
		{1432ADEB-A562-4B8A-80F5-B08EDA25A2CF}.Secert|x86.Build.0 = Release|Any CPU
		{1432ADEB-A562-4B8A-80F5-B08EDA25A2CF}.Storm|Any CPU.ActiveCfg = Release|Any CPU
		{1432ADEB-A562-4B8A-80F5-B08EDA25A2CF}.Storm|Any CPU.Build.0 = Release|Any CPU
		{1432ADEB-A562-4B8A-80F5-B08EDA25A2CF}.Storm|x64.ActiveCfg = Release|Any CPU
		{1432ADEB-A562-4B8A-80F5-B08EDA25A2CF}.Storm|x64.Build.0 = Release|Any CPU
		{1432ADEB-A562-4B8A-80F5-B08EDA25A2CF}.Storm|x86.ActiveCfg = Release|Any CPU
		{1432ADEB-A562-4B8A-80F5-B08EDA25A2CF}.Storm|x86.Build.0 = Release|Any CPU
		{1432ADEB-A562-4B8A-80F5-B08EDA25A2CF}.Test|Any CPU.ActiveCfg = Release|Any CPU
		{1432ADEB-A562-4B8A-80F5-B08EDA25A2CF}.Test|Any CPU.Build.0 = Release|Any CPU
		{1432ADEB-A562-4B8A-80F5-B08EDA25A2CF}.Test|x64.ActiveCfg = Release|Any CPU
		{1432ADEB-A562-4B8A-80F5-B08EDA25A2CF}.Test|x64.Build.0 = Release|Any CPU
		{1432ADEB-A562-4B8A-80F5-B08EDA25A2CF}.Test|x86.ActiveCfg = Release|Any CPU
		{1432ADEB-A562-4B8A-80F5-B08EDA25A2CF}.Test|x86.Build.0 = Release|Any CPU
		{16E0C920-ED5E-4FB1-8799-6D02C87E4DA6}.Debug|Any CPU.ActiveCfg = Debug|Any CPU
		{16E0C920-ED5E-4FB1-8799-6D02C87E4DA6}.Debug|Any CPU.Build.0 = Debug|Any CPU
		{16E0C920-ED5E-4FB1-8799-6D02C87E4DA6}.Debug|x64.ActiveCfg = Debug|Any CPU
		{16E0C920-ED5E-4FB1-8799-6D02C87E4DA6}.Debug|x64.Build.0 = Debug|Any CPU
		{16E0C920-ED5E-4FB1-8799-6D02C87E4DA6}.Debug|x86.ActiveCfg = Debug|Any CPU
		{16E0C920-ED5E-4FB1-8799-6D02C87E4DA6}.Debug|x86.Build.0 = Debug|Any CPU
		{16E0C920-ED5E-4FB1-8799-6D02C87E4DA6}.Release|Any CPU.ActiveCfg = Release|Any CPU
		{16E0C920-ED5E-4FB1-8799-6D02C87E4DA6}.Release|Any CPU.Build.0 = Release|Any CPU
		{16E0C920-ED5E-4FB1-8799-6D02C87E4DA6}.Release|x64.ActiveCfg = Release|Any CPU
		{16E0C920-ED5E-4FB1-8799-6D02C87E4DA6}.Release|x64.Build.0 = Release|Any CPU
		{16E0C920-ED5E-4FB1-8799-6D02C87E4DA6}.Release|x86.ActiveCfg = Release|Any CPU
		{16E0C920-ED5E-4FB1-8799-6D02C87E4DA6}.Release|x86.Build.0 = Release|Any CPU
		{16E0C920-ED5E-4FB1-8799-6D02C87E4DA6}.Secert|Any CPU.ActiveCfg = Secert|Any CPU
		{16E0C920-ED5E-4FB1-8799-6D02C87E4DA6}.Secert|Any CPU.Build.0 = Secert|Any CPU
		{16E0C920-ED5E-4FB1-8799-6D02C87E4DA6}.Secert|x64.ActiveCfg = Secert|Any CPU
		{16E0C920-ED5E-4FB1-8799-6D02C87E4DA6}.Secert|x64.Build.0 = Secert|Any CPU
		{16E0C920-ED5E-4FB1-8799-6D02C87E4DA6}.Secert|x86.ActiveCfg = Secert|Any CPU
		{16E0C920-ED5E-4FB1-8799-6D02C87E4DA6}.Secert|x86.Build.0 = Secert|Any CPU
		{16E0C920-ED5E-4FB1-8799-6D02C87E4DA6}.Storm|Any CPU.ActiveCfg = Secert|Any CPU
		{16E0C920-ED5E-4FB1-8799-6D02C87E4DA6}.Storm|Any CPU.Build.0 = Secert|Any CPU
		{16E0C920-ED5E-4FB1-8799-6D02C87E4DA6}.Storm|x64.ActiveCfg = Secert|Any CPU
		{16E0C920-ED5E-4FB1-8799-6D02C87E4DA6}.Storm|x64.Build.0 = Secert|Any CPU
		{16E0C920-ED5E-4FB1-8799-6D02C87E4DA6}.Storm|x86.ActiveCfg = Secert|Any CPU
		{16E0C920-ED5E-4FB1-8799-6D02C87E4DA6}.Storm|x86.Build.0 = Secert|Any CPU
		{16E0C920-ED5E-4FB1-8799-6D02C87E4DA6}.Test|Any CPU.ActiveCfg = Secert|Any CPU
		{16E0C920-ED5E-4FB1-8799-6D02C87E4DA6}.Test|Any CPU.Build.0 = Secert|Any CPU
		{16E0C920-ED5E-4FB1-8799-6D02C87E4DA6}.Test|x64.ActiveCfg = Secert|Any CPU
		{16E0C920-ED5E-4FB1-8799-6D02C87E4DA6}.Test|x64.Build.0 = Secert|Any CPU
		{16E0C920-ED5E-4FB1-8799-6D02C87E4DA6}.Test|x86.ActiveCfg = Secert|Any CPU
		{16E0C920-ED5E-4FB1-8799-6D02C87E4DA6}.Test|x86.Build.0 = Secert|Any CPU
		{7B795714-40D6-4B2E-A277-CBE13C33E1ED}.Debug|Any CPU.ActiveCfg = Debug|Any CPU
		{7B795714-40D6-4B2E-A277-CBE13C33E1ED}.Debug|Any CPU.Build.0 = Debug|Any CPU
		{7B795714-40D6-4B2E-A277-CBE13C33E1ED}.Debug|x64.ActiveCfg = Debug|Any CPU
		{7B795714-40D6-4B2E-A277-CBE13C33E1ED}.Debug|x64.Build.0 = Debug|Any CPU
		{7B795714-40D6-4B2E-A277-CBE13C33E1ED}.Debug|x86.ActiveCfg = Debug|Any CPU
		{7B795714-40D6-4B2E-A277-CBE13C33E1ED}.Debug|x86.Build.0 = Debug|Any CPU
		{7B795714-40D6-4B2E-A277-CBE13C33E1ED}.Release|Any CPU.ActiveCfg = Release|Any CPU
		{7B795714-40D6-4B2E-A277-CBE13C33E1ED}.Release|Any CPU.Build.0 = Release|Any CPU
		{7B795714-40D6-4B2E-A277-CBE13C33E1ED}.Release|x64.ActiveCfg = Release|Any CPU
		{7B795714-40D6-4B2E-A277-CBE13C33E1ED}.Release|x64.Build.0 = Release|Any CPU
		{7B795714-40D6-4B2E-A277-CBE13C33E1ED}.Release|x86.ActiveCfg = Release|Any CPU
		{7B795714-40D6-4B2E-A277-CBE13C33E1ED}.Release|x86.Build.0 = Release|Any CPU
		{7B795714-40D6-4B2E-A277-CBE13C33E1ED}.Secert|Any CPU.ActiveCfg = Secert|Any CPU
		{7B795714-40D6-4B2E-A277-CBE13C33E1ED}.Secert|Any CPU.Build.0 = Secert|Any CPU
		{7B795714-40D6-4B2E-A277-CBE13C33E1ED}.Secert|x64.ActiveCfg = Secert|Any CPU
		{7B795714-40D6-4B2E-A277-CBE13C33E1ED}.Secert|x64.Build.0 = Secert|Any CPU
		{7B795714-40D6-4B2E-A277-CBE13C33E1ED}.Secert|x86.ActiveCfg = Secert|Any CPU
		{7B795714-40D6-4B2E-A277-CBE13C33E1ED}.Secert|x86.Build.0 = Secert|Any CPU
		{7B795714-40D6-4B2E-A277-CBE13C33E1ED}.Storm|Any CPU.ActiveCfg = Storm|Any CPU
		{7B795714-40D6-4B2E-A277-CBE13C33E1ED}.Storm|Any CPU.Build.0 = Storm|Any CPU
		{7B795714-40D6-4B2E-A277-CBE13C33E1ED}.Storm|x64.ActiveCfg = Storm|Any CPU
		{7B795714-40D6-4B2E-A277-CBE13C33E1ED}.Storm|x64.Build.0 = Storm|Any CPU
		{7B795714-40D6-4B2E-A277-CBE13C33E1ED}.Storm|x86.ActiveCfg = Storm|Any CPU
		{7B795714-40D6-4B2E-A277-CBE13C33E1ED}.Storm|x86.Build.0 = Storm|Any CPU
		{7B795714-40D6-4B2E-A277-CBE13C33E1ED}.Test|Any CPU.ActiveCfg = Secert|Any CPU
		{7B795714-40D6-4B2E-A277-CBE13C33E1ED}.Test|Any CPU.Build.0 = Secert|Any CPU
		{7B795714-40D6-4B2E-A277-CBE13C33E1ED}.Test|x64.ActiveCfg = Secert|Any CPU
		{7B795714-40D6-4B2E-A277-CBE13C33E1ED}.Test|x64.Build.0 = Secert|Any CPU
		{7B795714-40D6-4B2E-A277-CBE13C33E1ED}.Test|x86.ActiveCfg = Secert|Any CPU
		{7B795714-40D6-4B2E-A277-CBE13C33E1ED}.Test|x86.Build.0 = Secert|Any CPU
		{31ABC1E4-5407-4909-A771-8CD94C48D06E}.Debug|Any CPU.ActiveCfg = Debug|Any CPU
		{31ABC1E4-5407-4909-A771-8CD94C48D06E}.Debug|Any CPU.Build.0 = Debug|Any CPU
		{31ABC1E4-5407-4909-A771-8CD94C48D06E}.Debug|x64.ActiveCfg = Debug|Any CPU
		{31ABC1E4-5407-4909-A771-8CD94C48D06E}.Debug|x64.Build.0 = Debug|Any CPU
		{31ABC1E4-5407-4909-A771-8CD94C48D06E}.Debug|x86.ActiveCfg = Debug|Any CPU
		{31ABC1E4-5407-4909-A771-8CD94C48D06E}.Debug|x86.Build.0 = Debug|Any CPU
		{31ABC1E4-5407-4909-A771-8CD94C48D06E}.Release|Any CPU.ActiveCfg = Release|Any CPU
		{31ABC1E4-5407-4909-A771-8CD94C48D06E}.Release|Any CPU.Build.0 = Release|Any CPU
		{31ABC1E4-5407-4909-A771-8CD94C48D06E}.Release|x64.ActiveCfg = Release|Any CPU
		{31ABC1E4-5407-4909-A771-8CD94C48D06E}.Release|x64.Build.0 = Release|Any CPU
		{31ABC1E4-5407-4909-A771-8CD94C48D06E}.Release|x86.ActiveCfg = Release|Any CPU
		{31ABC1E4-5407-4909-A771-8CD94C48D06E}.Release|x86.Build.0 = Release|Any CPU
		{31ABC1E4-5407-4909-A771-8CD94C48D06E}.Secert|Any CPU.ActiveCfg = Secert|Any CPU
		{31ABC1E4-5407-4909-A771-8CD94C48D06E}.Secert|Any CPU.Build.0 = Secert|Any CPU
		{31ABC1E4-5407-4909-A771-8CD94C48D06E}.Secert|x64.ActiveCfg = Secert|Any CPU
		{31ABC1E4-5407-4909-A771-8CD94C48D06E}.Secert|x64.Build.0 = Secert|Any CPU
		{31ABC1E4-5407-4909-A771-8CD94C48D06E}.Secert|x86.ActiveCfg = Secert|Any CPU
		{31ABC1E4-5407-4909-A771-8CD94C48D06E}.Secert|x86.Build.0 = Secert|Any CPU
		{31ABC1E4-5407-4909-A771-8CD94C48D06E}.Storm|Any CPU.ActiveCfg = Secert|Any CPU
		{31ABC1E4-5407-4909-A771-8CD94C48D06E}.Storm|Any CPU.Build.0 = Secert|Any CPU
		{31ABC1E4-5407-4909-A771-8CD94C48D06E}.Storm|x64.ActiveCfg = Secert|Any CPU
		{31ABC1E4-5407-4909-A771-8CD94C48D06E}.Storm|x64.Build.0 = Secert|Any CPU
		{31ABC1E4-5407-4909-A771-8CD94C48D06E}.Storm|x86.ActiveCfg = Secert|Any CPU
		{31ABC1E4-5407-4909-A771-8CD94C48D06E}.Storm|x86.Build.0 = Secert|Any CPU
		{31ABC1E4-5407-4909-A771-8CD94C48D06E}.Test|Any CPU.ActiveCfg = Secert|Any CPU
		{31ABC1E4-5407-4909-A771-8CD94C48D06E}.Test|Any CPU.Build.0 = Secert|Any CPU
		{31ABC1E4-5407-4909-A771-8CD94C48D06E}.Test|x64.ActiveCfg = Secert|Any CPU
		{31ABC1E4-5407-4909-A771-8CD94C48D06E}.Test|x64.Build.0 = Secert|Any CPU
		{31ABC1E4-5407-4909-A771-8CD94C48D06E}.Test|x86.ActiveCfg = Secert|Any CPU
		{31ABC1E4-5407-4909-A771-8CD94C48D06E}.Test|x86.Build.0 = Secert|Any CPU
		{C7CE2ABB-A953-4901-8A08-48D2E8E73E5E}.Debug|Any CPU.ActiveCfg = Debug|Any CPU
		{C7CE2ABB-A953-4901-8A08-48D2E8E73E5E}.Debug|Any CPU.Build.0 = Debug|Any CPU
		{C7CE2ABB-A953-4901-8A08-48D2E8E73E5E}.Debug|x64.ActiveCfg = Debug|Any CPU
		{C7CE2ABB-A953-4901-8A08-48D2E8E73E5E}.Debug|x64.Build.0 = Debug|Any CPU
		{C7CE2ABB-A953-4901-8A08-48D2E8E73E5E}.Debug|x86.ActiveCfg = Debug|Any CPU
		{C7CE2ABB-A953-4901-8A08-48D2E8E73E5E}.Debug|x86.Build.0 = Debug|Any CPU
		{C7CE2ABB-A953-4901-8A08-48D2E8E73E5E}.Release|Any CPU.ActiveCfg = Release|Any CPU
		{C7CE2ABB-A953-4901-8A08-48D2E8E73E5E}.Release|Any CPU.Build.0 = Release|Any CPU
		{C7CE2ABB-A953-4901-8A08-48D2E8E73E5E}.Release|x64.ActiveCfg = Release|Any CPU
		{C7CE2ABB-A953-4901-8A08-48D2E8E73E5E}.Release|x64.Build.0 = Release|Any CPU
		{C7CE2ABB-A953-4901-8A08-48D2E8E73E5E}.Release|x86.ActiveCfg = Release|Any CPU
		{C7CE2ABB-A953-4901-8A08-48D2E8E73E5E}.Release|x86.Build.0 = Release|Any CPU
		{C7CE2ABB-A953-4901-8A08-48D2E8E73E5E}.Secert|Any CPU.ActiveCfg = Secert|Any CPU
		{C7CE2ABB-A953-4901-8A08-48D2E8E73E5E}.Secert|Any CPU.Build.0 = Secert|Any CPU
		{C7CE2ABB-A953-4901-8A08-48D2E8E73E5E}.Secert|x64.ActiveCfg = Secert|Any CPU
		{C7CE2ABB-A953-4901-8A08-48D2E8E73E5E}.Secert|x64.Build.0 = Secert|Any CPU
		{C7CE2ABB-A953-4901-8A08-48D2E8E73E5E}.Secert|x86.ActiveCfg = Secert|Any CPU
		{C7CE2ABB-A953-4901-8A08-48D2E8E73E5E}.Secert|x86.Build.0 = Secert|Any CPU
		{C7CE2ABB-A953-4901-8A08-48D2E8E73E5E}.Storm|Any CPU.ActiveCfg = Secert|Any CPU
		{C7CE2ABB-A953-4901-8A08-48D2E8E73E5E}.Storm|Any CPU.Build.0 = Secert|Any CPU
		{C7CE2ABB-A953-4901-8A08-48D2E8E73E5E}.Storm|x64.ActiveCfg = Secert|Any CPU
		{C7CE2ABB-A953-4901-8A08-48D2E8E73E5E}.Storm|x64.Build.0 = Secert|Any CPU
		{C7CE2ABB-A953-4901-8A08-48D2E8E73E5E}.Storm|x86.ActiveCfg = Secert|Any CPU
		{C7CE2ABB-A953-4901-8A08-48D2E8E73E5E}.Storm|x86.Build.0 = Secert|Any CPU
		{C7CE2ABB-A953-4901-8A08-48D2E8E73E5E}.Test|Any CPU.ActiveCfg = Secert|Any CPU
		{C7CE2ABB-A953-4901-8A08-48D2E8E73E5E}.Test|Any CPU.Build.0 = Secert|Any CPU
		{C7CE2ABB-A953-4901-8A08-48D2E8E73E5E}.Test|x64.ActiveCfg = Secert|Any CPU
		{C7CE2ABB-A953-4901-8A08-48D2E8E73E5E}.Test|x64.Build.0 = Secert|Any CPU
		{C7CE2ABB-A953-4901-8A08-48D2E8E73E5E}.Test|x86.ActiveCfg = Secert|Any CPU
		{C7CE2ABB-A953-4901-8A08-48D2E8E73E5E}.Test|x86.Build.0 = Secert|Any CPU
		{5967A130-0F45-412E-B662-D60D11294CD6}.Debug|Any CPU.ActiveCfg = Debug|Any CPU
		{5967A130-0F45-412E-B662-D60D11294CD6}.Debug|Any CPU.Build.0 = Debug|Any CPU
		{5967A130-0F45-412E-B662-D60D11294CD6}.Debug|x64.ActiveCfg = Debug|Any CPU
		{5967A130-0F45-412E-B662-D60D11294CD6}.Debug|x64.Build.0 = Debug|Any CPU
		{5967A130-0F45-412E-B662-D60D11294CD6}.Debug|x86.ActiveCfg = Debug|Any CPU
		{5967A130-0F45-412E-B662-D60D11294CD6}.Debug|x86.Build.0 = Debug|Any CPU
		{5967A130-0F45-412E-B662-D60D11294CD6}.Release|Any CPU.ActiveCfg = Release|Any CPU
		{5967A130-0F45-412E-B662-D60D11294CD6}.Release|Any CPU.Build.0 = Release|Any CPU
		{5967A130-0F45-412E-B662-D60D11294CD6}.Release|x64.ActiveCfg = Release|Any CPU
		{5967A130-0F45-412E-B662-D60D11294CD6}.Release|x64.Build.0 = Release|Any CPU
		{5967A130-0F45-412E-B662-D60D11294CD6}.Release|x86.ActiveCfg = Release|Any CPU
		{5967A130-0F45-412E-B662-D60D11294CD6}.Release|x86.Build.0 = Release|Any CPU
		{5967A130-0F45-412E-B662-D60D11294CD6}.Secert|Any CPU.ActiveCfg = Secert|Any CPU
		{5967A130-0F45-412E-B662-D60D11294CD6}.Secert|Any CPU.Build.0 = Secert|Any CPU
		{5967A130-0F45-412E-B662-D60D11294CD6}.Secert|x64.ActiveCfg = Secert|Any CPU
		{5967A130-0F45-412E-B662-D60D11294CD6}.Secert|x64.Build.0 = Secert|Any CPU
		{5967A130-0F45-412E-B662-D60D11294CD6}.Secert|x86.ActiveCfg = Secert|Any CPU
		{5967A130-0F45-412E-B662-D60D11294CD6}.Secert|x86.Build.0 = Secert|Any CPU
		{5967A130-0F45-412E-B662-D60D11294CD6}.Storm|Any CPU.ActiveCfg = Secert|Any CPU
		{5967A130-0F45-412E-B662-D60D11294CD6}.Storm|Any CPU.Build.0 = Secert|Any CPU
		{5967A130-0F45-412E-B662-D60D11294CD6}.Storm|x64.ActiveCfg = Secert|Any CPU
		{5967A130-0F45-412E-B662-D60D11294CD6}.Storm|x64.Build.0 = Secert|Any CPU
		{5967A130-0F45-412E-B662-D60D11294CD6}.Storm|x86.ActiveCfg = Secert|Any CPU
		{5967A130-0F45-412E-B662-D60D11294CD6}.Storm|x86.Build.0 = Secert|Any CPU
		{5967A130-0F45-412E-B662-D60D11294CD6}.Test|Any CPU.ActiveCfg = Secert|Any CPU
		{5967A130-0F45-412E-B662-D60D11294CD6}.Test|Any CPU.Build.0 = Secert|Any CPU
		{5967A130-0F45-412E-B662-D60D11294CD6}.Test|x64.ActiveCfg = Secert|Any CPU
		{5967A130-0F45-412E-B662-D60D11294CD6}.Test|x64.Build.0 = Secert|Any CPU
		{5967A130-0F45-412E-B662-D60D11294CD6}.Test|x86.ActiveCfg = Secert|Any CPU
		{5967A130-0F45-412E-B662-D60D11294CD6}.Test|x86.Build.0 = Secert|Any CPU
		{8299B11E-2589-4648-ABCB-4A311B24EE14}.Debug|Any CPU.ActiveCfg = Debug|Any CPU
		{8299B11E-2589-4648-ABCB-4A311B24EE14}.Debug|Any CPU.Build.0 = Debug|Any CPU
		{8299B11E-2589-4648-ABCB-4A311B24EE14}.Debug|x64.ActiveCfg = Debug|Any CPU
		{8299B11E-2589-4648-ABCB-4A311B24EE14}.Debug|x64.Build.0 = Debug|Any CPU
		{8299B11E-2589-4648-ABCB-4A311B24EE14}.Debug|x86.ActiveCfg = Debug|Any CPU
		{8299B11E-2589-4648-ABCB-4A311B24EE14}.Debug|x86.Build.0 = Debug|Any CPU
		{8299B11E-2589-4648-ABCB-4A311B24EE14}.Release|Any CPU.ActiveCfg = Release|Any CPU
		{8299B11E-2589-4648-ABCB-4A311B24EE14}.Release|Any CPU.Build.0 = Release|Any CPU
		{8299B11E-2589-4648-ABCB-4A311B24EE14}.Release|x64.ActiveCfg = Release|Any CPU
		{8299B11E-2589-4648-ABCB-4A311B24EE14}.Release|x64.Build.0 = Release|Any CPU
		{8299B11E-2589-4648-ABCB-4A311B24EE14}.Release|x86.ActiveCfg = Release|Any CPU
		{8299B11E-2589-4648-ABCB-4A311B24EE14}.Release|x86.Build.0 = Release|Any CPU
		{8299B11E-2589-4648-ABCB-4A311B24EE14}.Secert|Any CPU.ActiveCfg = Release|Any CPU
		{8299B11E-2589-4648-ABCB-4A311B24EE14}.Secert|Any CPU.Build.0 = Release|Any CPU
		{8299B11E-2589-4648-ABCB-4A311B24EE14}.Secert|x64.ActiveCfg = Release|Any CPU
		{8299B11E-2589-4648-ABCB-4A311B24EE14}.Secert|x64.Build.0 = Release|Any CPU
		{8299B11E-2589-4648-ABCB-4A311B24EE14}.Secert|x86.ActiveCfg = Release|Any CPU
		{8299B11E-2589-4648-ABCB-4A311B24EE14}.Secert|x86.Build.0 = Release|Any CPU
		{8299B11E-2589-4648-ABCB-4A311B24EE14}.Storm|Any CPU.ActiveCfg = Release|Any CPU
		{8299B11E-2589-4648-ABCB-4A311B24EE14}.Storm|Any CPU.Build.0 = Release|Any CPU
		{8299B11E-2589-4648-ABCB-4A311B24EE14}.Storm|x64.ActiveCfg = Release|Any CPU
		{8299B11E-2589-4648-ABCB-4A311B24EE14}.Storm|x64.Build.0 = Release|Any CPU
		{8299B11E-2589-4648-ABCB-4A311B24EE14}.Storm|x86.ActiveCfg = Release|Any CPU
		{8299B11E-2589-4648-ABCB-4A311B24EE14}.Storm|x86.Build.0 = Release|Any CPU
		{8299B11E-2589-4648-ABCB-4A311B24EE14}.Test|Any CPU.ActiveCfg = Release|Any CPU
		{8299B11E-2589-4648-ABCB-4A311B24EE14}.Test|Any CPU.Build.0 = Release|Any CPU
		{8299B11E-2589-4648-ABCB-4A311B24EE14}.Test|x64.ActiveCfg = Release|Any CPU
		{8299B11E-2589-4648-ABCB-4A311B24EE14}.Test|x64.Build.0 = Release|Any CPU
		{8299B11E-2589-4648-ABCB-4A311B24EE14}.Test|x86.ActiveCfg = Release|Any CPU
		{8299B11E-2589-4648-ABCB-4A311B24EE14}.Test|x86.Build.0 = Release|Any CPU
		{67598AA4-7DCA-43E3-B03A-CE20F1BAB066}.Debug|Any CPU.ActiveCfg = Debug|Any CPU
		{67598AA4-7DCA-43E3-B03A-CE20F1BAB066}.Debug|Any CPU.Build.0 = Debug|Any CPU
		{67598AA4-7DCA-43E3-B03A-CE20F1BAB066}.Debug|x64.ActiveCfg = Debug|Any CPU
		{67598AA4-7DCA-43E3-B03A-CE20F1BAB066}.Debug|x64.Build.0 = Debug|Any CPU
		{67598AA4-7DCA-43E3-B03A-CE20F1BAB066}.Debug|x86.ActiveCfg = Debug|Any CPU
		{67598AA4-7DCA-43E3-B03A-CE20F1BAB066}.Debug|x86.Build.0 = Debug|Any CPU
		{67598AA4-7DCA-43E3-B03A-CE20F1BAB066}.Release|Any CPU.ActiveCfg = Release|Any CPU
		{67598AA4-7DCA-43E3-B03A-CE20F1BAB066}.Release|Any CPU.Build.0 = Release|Any CPU
		{67598AA4-7DCA-43E3-B03A-CE20F1BAB066}.Release|x64.ActiveCfg = Release|Any CPU
		{67598AA4-7DCA-43E3-B03A-CE20F1BAB066}.Release|x64.Build.0 = Release|Any CPU
		{67598AA4-7DCA-43E3-B03A-CE20F1BAB066}.Release|x86.ActiveCfg = Release|Any CPU
		{67598AA4-7DCA-43E3-B03A-CE20F1BAB066}.Release|x86.Build.0 = Release|Any CPU
		{67598AA4-7DCA-43E3-B03A-CE20F1BAB066}.Secert|Any CPU.ActiveCfg = Release|Any CPU
		{67598AA4-7DCA-43E3-B03A-CE20F1BAB066}.Secert|Any CPU.Build.0 = Release|Any CPU
		{67598AA4-7DCA-43E3-B03A-CE20F1BAB066}.Secert|x64.ActiveCfg = Release|Any CPU
		{67598AA4-7DCA-43E3-B03A-CE20F1BAB066}.Secert|x64.Build.0 = Release|Any CPU
		{67598AA4-7DCA-43E3-B03A-CE20F1BAB066}.Secert|x86.ActiveCfg = Release|Any CPU
		{67598AA4-7DCA-43E3-B03A-CE20F1BAB066}.Secert|x86.Build.0 = Release|Any CPU
		{67598AA4-7DCA-43E3-B03A-CE20F1BAB066}.Storm|Any CPU.ActiveCfg = Release|Any CPU
		{67598AA4-7DCA-43E3-B03A-CE20F1BAB066}.Storm|Any CPU.Build.0 = Release|Any CPU
		{67598AA4-7DCA-43E3-B03A-CE20F1BAB066}.Storm|x64.ActiveCfg = Release|Any CPU
		{67598AA4-7DCA-43E3-B03A-CE20F1BAB066}.Storm|x64.Build.0 = Release|Any CPU
		{67598AA4-7DCA-43E3-B03A-CE20F1BAB066}.Storm|x86.ActiveCfg = Release|Any CPU
		{67598AA4-7DCA-43E3-B03A-CE20F1BAB066}.Storm|x86.Build.0 = Release|Any CPU
		{67598AA4-7DCA-43E3-B03A-CE20F1BAB066}.Test|Any CPU.ActiveCfg = Release|Any CPU
		{67598AA4-7DCA-43E3-B03A-CE20F1BAB066}.Test|Any CPU.Build.0 = Release|Any CPU
		{67598AA4-7DCA-43E3-B03A-CE20F1BAB066}.Test|x64.ActiveCfg = Release|Any CPU
		{67598AA4-7DCA-43E3-B03A-CE20F1BAB066}.Test|x64.Build.0 = Release|Any CPU
		{67598AA4-7DCA-43E3-B03A-CE20F1BAB066}.Test|x86.ActiveCfg = Release|Any CPU
		{67598AA4-7DCA-43E3-B03A-CE20F1BAB066}.Test|x86.Build.0 = Release|Any CPU
	EndGlobalSection
	GlobalSection(SolutionProperties) = preSolution
		HideSolutionNode = FALSE
	EndGlobalSection
	GlobalSection(NestedProjects) = preSolution
		{415CAB8F-46BF-4FBA-8E37-307198126E33} = {017E79D4-2307-4912-9620-DA426F7FC5F6}
		{E3B46A09-01AA-497E-A84B-3FB87FE33B79} = {017E79D4-2307-4912-9620-DA426F7FC5F6}
		{EBB8596C-1BA7-43BC-8B22-7F08018748FF} = {017E79D4-2307-4912-9620-DA426F7FC5F6}
		{B51FC21D-9FA1-4833-91FC-8DD9B027CB93} = {017E79D4-2307-4912-9620-DA426F7FC5F6}
		{31ED7A85-5061-4D15-BB3B-B5BE53130D42} = {017E79D4-2307-4912-9620-DA426F7FC5F6}
		{79D63790-0632-40D0-840F-610C0D92D9EE} = {017E79D4-2307-4912-9620-DA426F7FC5F6}
		{BACE6BEF-254B-4194-A5E5-E2A96AFB5310} = {017E79D4-2307-4912-9620-DA426F7FC5F6}
		{18519D50-390E-4899-9CC6-B3BB97A5AFDD} = {017E79D4-2307-4912-9620-DA426F7FC5F6}
		{853914C9-58C8-461A-A764-178C10D6F42A} = {017E79D4-2307-4912-9620-DA426F7FC5F6}
		{763EEC30-39F9-4571-BC91-E583FAA46D77} = {017E79D4-2307-4912-9620-DA426F7FC5F6}
		{1AD80AEE-EEB3-4A09-A86B-5068BBBBE385} = {017E79D4-2307-4912-9620-DA426F7FC5F6}
		{DC1AB51A-FD73-4B84-8D0A-05A1C440E863} = {017E79D4-2307-4912-9620-DA426F7FC5F6}
		{34E375A9-3F78-426D-8B33-7A43C0039F98} = {017E79D4-2307-4912-9620-DA426F7FC5F6}
		{92DA4483-C407-4E1A-B622-52A67DB966C6} = {017E79D4-2307-4912-9620-DA426F7FC5F6}
		{1432ADEB-A562-4B8A-80F5-B08EDA25A2CF} = {017E79D4-2307-4912-9620-DA426F7FC5F6}
		{16E0C920-ED5E-4FB1-8799-6D02C87E4DA6} = {017E79D4-2307-4912-9620-DA426F7FC5F6}
		{7B795714-40D6-4B2E-A277-CBE13C33E1ED} = {017E79D4-2307-4912-9620-DA426F7FC5F6}
		{31ABC1E4-5407-4909-A771-8CD94C48D06E} = {017E79D4-2307-4912-9620-DA426F7FC5F6}
		{C7CE2ABB-A953-4901-8A08-48D2E8E73E5E} = {017E79D4-2307-4912-9620-DA426F7FC5F6}
		{5967A130-0F45-412E-B662-D60D11294CD6} = {017E79D4-2307-4912-9620-DA426F7FC5F6}
		{67598AA4-7DCA-43E3-B03A-CE20F1BAB066} = {017E79D4-2307-4912-9620-DA426F7FC5F6}
	EndGlobalSection
EndGlobal
