
Microsoft Visual Studio Solution File, Format Version 12.00
# Visual Studio 14
VisualStudioVersion = 14.0.23107.0
MinimumVisualStudioVersion = 10.0.40219.1
Project("{FAE04EC0-301F-11D3-BF4B-00C04F79EFBC}") = "Palas.SearchTool", "Palas.SearchTool\Palas.SearchTool.csproj", "{E4008954-23BF-4528-9E42-79B5D69B9DFD}"
EndProject
Project("{FAE04EC0-301F-11D3-BF4B-00C04F79EFBC}") = "Crawler.Core", "Crawler.Core\Crawler.Core.csproj", "{763EEC30-39F9-4571-BC91-E583FAA46D77}"
EndProject
Project("{FAE04EC0-301F-11D3-BF4B-00C04F79EFBC}") = "Analyzer.Core", "Analyzer.Core\Analyzer.Core.csproj", "{31ED7A85-5061-4D15-BB3B-B5BE53130D42}"
EndProject
Project("{FAE04EC0-301F-11D3-BF4B-00C04F79EFBC}") = "Palas.Common", "Palas.Common\Palas.Common.csproj", "{415CAB8F-46BF-4FBA-8E37-307198126E33}"
EndProject
Project("{FAE04EC0-301F-11D3-BF4B-00C04F79EFBC}") = "Palas.Common.Lib", "Palas.Common.Lib\Palas.Common.Lib.csproj", "{E3B46A09-01AA-497E-A84B-3FB87FE33B79}"
EndProject
Project("{FAE04EC0-301F-11D3-BF4B-00C04F79EFBC}") = "WeiboAPIUITools", "DedicatedCrawler\WeiboAPIUITools\WeiboAPIUITools.csproj", "{506B4E07-4A41-4B88-B804-3FCC6221BAC9}"
EndProject
Project("{FAE04EC0-301F-11D3-BF4B-00C04F79EFBC}") = "AnalyzeSplitWord", "AnalyzeSplitWord\AnalyzeSplitWord.csproj", "{F561D9BF-9CBC-4C02-90C0-F14E8FFF047D}"
EndProject
Project("{FAE04EC0-301F-11D3-BF4B-00C04F79EFBC}") = "Conductor.Core", "Conductor.Core\Conductor.Core.csproj", "{853914C9-58C8-461A-A764-178C10D6F42A}"
EndProject
Project("{FAE04EC0-301F-11D3-BF4B-00C04F79EFBC}") = "EntityData.Lib", "EntityDataProvider\EntityDataBusiness\EntityData.Lib.csproj", "{B51FC21D-9FA1-4833-91FC-8DD9B027CB93}"
EndProject
Project("{FAE04EC0-301F-11D3-BF4B-00C04F79EFBC}") = "FalcoA.Core", "FalcoA.Core\FalcoA.Core.csproj", "{FC19607D-9326-42C5-A951-3EF5AD03AFF1}"
EndProject
Project("{FAE04EC0-301F-11D3-BF4B-00C04F79EFBC}") = "NetDimension.Weibo", "NetDimension.Weibo\NetDimension.Weibo.csproj", "{7B795714-40D6-4B2E-A277-CBE13C33E1ED}"
EndProject
Global
	GlobalSection(SolutionConfigurationPlatforms) = preSolution
		Debug|Any CPU = Debug|Any CPU
		Debug|Mixed Platforms = Debug|Mixed Platforms
		Debug|x64 = Debug|x64
		Debug|x86 = Debug|x86
		Release|Any CPU = Release|Any CPU
		Release|Mixed Platforms = Release|Mixed Platforms
		Release|x64 = Release|x64
		Release|x86 = Release|x86
		Storm|Any CPU = Storm|Any CPU
		Storm|Mixed Platforms = Storm|Mixed Platforms
		Storm|x64 = Storm|x64
		Storm|x86 = Storm|x86
		Test|Any CPU = Test|Any CPU
		Test|Mixed Platforms = Test|Mixed Platforms
		Test|x64 = Test|x64
		Test|x86 = Test|x86
		x86|Any CPU = x86|Any CPU
		x86|Mixed Platforms = x86|Mixed Platforms
		x86|x64 = x86|x64
		x86|x86 = x86|x86
	EndGlobalSection
	GlobalSection(ProjectConfigurationPlatforms) = postSolution
		{E4008954-23BF-4528-9E42-79B5D69B9DFD}.Debug|Any CPU.ActiveCfg = Debug|Any CPU
		{E4008954-23BF-4528-9E42-79B5D69B9DFD}.Debug|Any CPU.Build.0 = Debug|Any CPU
		{E4008954-23BF-4528-9E42-79B5D69B9DFD}.Debug|Mixed Platforms.ActiveCfg = Debug|Any CPU
		{E4008954-23BF-4528-9E42-79B5D69B9DFD}.Debug|Mixed Platforms.Build.0 = Debug|Any CPU
		{E4008954-23BF-4528-9E42-79B5D69B9DFD}.Debug|x64.ActiveCfg = Debug|Any CPU
		{E4008954-23BF-4528-9E42-79B5D69B9DFD}.Debug|x86.ActiveCfg = Debug|x86
		{E4008954-23BF-4528-9E42-79B5D69B9DFD}.Debug|x86.Build.0 = Debug|x86
		{E4008954-23BF-4528-9E42-79B5D69B9DFD}.Release|Any CPU.ActiveCfg = Release|Any CPU
		{E4008954-23BF-4528-9E42-79B5D69B9DFD}.Release|Any CPU.Build.0 = Release|Any CPU
		{E4008954-23BF-4528-9E42-79B5D69B9DFD}.Release|Mixed Platforms.ActiveCfg = Release|x86
		{E4008954-23BF-4528-9E42-79B5D69B9DFD}.Release|Mixed Platforms.Build.0 = Release|x86
		{E4008954-23BF-4528-9E42-79B5D69B9DFD}.Release|x64.ActiveCfg = Release|Any CPU
		{E4008954-23BF-4528-9E42-79B5D69B9DFD}.Release|x86.ActiveCfg = Release|x86
		{E4008954-23BF-4528-9E42-79B5D69B9DFD}.Release|x86.Build.0 = Release|x86
		{E4008954-23BF-4528-9E42-79B5D69B9DFD}.Storm|Any CPU.ActiveCfg = Test|Any CPU
		{E4008954-23BF-4528-9E42-79B5D69B9DFD}.Storm|Any CPU.Build.0 = Test|Any CPU
		{E4008954-23BF-4528-9E42-79B5D69B9DFD}.Storm|Mixed Platforms.ActiveCfg = Test|x86
		{E4008954-23BF-4528-9E42-79B5D69B9DFD}.Storm|Mixed Platforms.Build.0 = Test|x86
		{E4008954-23BF-4528-9E42-79B5D69B9DFD}.Storm|x64.ActiveCfg = Test|Any CPU
		{E4008954-23BF-4528-9E42-79B5D69B9DFD}.Storm|x64.Build.0 = Test|Any CPU
		{E4008954-23BF-4528-9E42-79B5D69B9DFD}.Storm|x86.ActiveCfg = Test|x86
		{E4008954-23BF-4528-9E42-79B5D69B9DFD}.Storm|x86.Build.0 = Test|x86
		{E4008954-23BF-4528-9E42-79B5D69B9DFD}.Test|Any CPU.ActiveCfg = Test|Any CPU
		{E4008954-23BF-4528-9E42-79B5D69B9DFD}.Test|Any CPU.Build.0 = Test|Any CPU
		{E4008954-23BF-4528-9E42-79B5D69B9DFD}.Test|Mixed Platforms.ActiveCfg = Test|x86
		{E4008954-23BF-4528-9E42-79B5D69B9DFD}.Test|Mixed Platforms.Build.0 = Test|x86
		{E4008954-23BF-4528-9E42-79B5D69B9DFD}.Test|x64.ActiveCfg = Test|Any CPU
		{E4008954-23BF-4528-9E42-79B5D69B9DFD}.Test|x86.ActiveCfg = Test|x86
		{E4008954-23BF-4528-9E42-79B5D69B9DFD}.Test|x86.Build.0 = Test|x86
		{E4008954-23BF-4528-9E42-79B5D69B9DFD}.x86|Any CPU.ActiveCfg = Release|Any CPU
		{E4008954-23BF-4528-9E42-79B5D69B9DFD}.x86|Any CPU.Build.0 = Release|Any CPU
		{E4008954-23BF-4528-9E42-79B5D69B9DFD}.x86|Mixed Platforms.ActiveCfg = Release|x86
		{E4008954-23BF-4528-9E42-79B5D69B9DFD}.x86|Mixed Platforms.Build.0 = Release|x86
		{E4008954-23BF-4528-9E42-79B5D69B9DFD}.x86|x64.ActiveCfg = Release|Any CPU
		{E4008954-23BF-4528-9E42-79B5D69B9DFD}.x86|x86.ActiveCfg = Release|x86
		{E4008954-23BF-4528-9E42-79B5D69B9DFD}.x86|x86.Build.0 = Release|x86
		{763EEC30-39F9-4571-BC91-E583FAA46D77}.Debug|Any CPU.ActiveCfg = Debug|Any CPU
		{763EEC30-39F9-4571-BC91-E583FAA46D77}.Debug|Any CPU.Build.0 = Debug|Any CPU
		{763EEC30-39F9-4571-BC91-E583FAA46D77}.Debug|Mixed Platforms.ActiveCfg = Debug|Any CPU
		{763EEC30-39F9-4571-BC91-E583FAA46D77}.Debug|Mixed Platforms.Build.0 = Debug|Any CPU
		{763EEC30-39F9-4571-BC91-E583FAA46D77}.Debug|x64.ActiveCfg = Debug|x64
		{763EEC30-39F9-4571-BC91-E583FAA46D77}.Debug|x64.Build.0 = Debug|x64
		{763EEC30-39F9-4571-BC91-E583FAA46D77}.Debug|x86.ActiveCfg = Debug|x86
		{763EEC30-39F9-4571-BC91-E583FAA46D77}.Debug|x86.Build.0 = Debug|x86
		{763EEC30-39F9-4571-BC91-E583FAA46D77}.Release|Any CPU.ActiveCfg = Release|Any CPU
		{763EEC30-39F9-4571-BC91-E583FAA46D77}.Release|Any CPU.Build.0 = Release|Any CPU
		{763EEC30-39F9-4571-BC91-E583FAA46D77}.Release|Mixed Platforms.ActiveCfg = Release|x86
		{763EEC30-39F9-4571-BC91-E583FAA46D77}.Release|Mixed Platforms.Build.0 = Release|x86
		{763EEC30-39F9-4571-BC91-E583FAA46D77}.Release|x64.ActiveCfg = Release|x64
		{763EEC30-39F9-4571-BC91-E583FAA46D77}.Release|x64.Build.0 = Release|x64
		{763EEC30-39F9-4571-BC91-E583FAA46D77}.Release|x86.ActiveCfg = Release|x86
		{763EEC30-39F9-4571-BC91-E583FAA46D77}.Release|x86.Build.0 = Release|x86
		{763EEC30-39F9-4571-BC91-E583FAA46D77}.Storm|Any CPU.ActiveCfg = Release|Any CPU
		{763EEC30-39F9-4571-BC91-E583FAA46D77}.Storm|Any CPU.Build.0 = Release|Any CPU
		{763EEC30-39F9-4571-BC91-E583FAA46D77}.Storm|Mixed Platforms.ActiveCfg = Release|x86
		{763EEC30-39F9-4571-BC91-E583FAA46D77}.Storm|Mixed Platforms.Build.0 = Release|x86
		{763EEC30-39F9-4571-BC91-E583FAA46D77}.Storm|x64.ActiveCfg = Release|x64
		{763EEC30-39F9-4571-BC91-E583FAA46D77}.Storm|x64.Build.0 = Release|x64
		{763EEC30-39F9-4571-BC91-E583FAA46D77}.Storm|x86.ActiveCfg = Release|x86
		{763EEC30-39F9-4571-BC91-E583FAA46D77}.Storm|x86.Build.0 = Release|x86
		{763EEC30-39F9-4571-BC91-E583FAA46D77}.Test|Any CPU.ActiveCfg = Release|Any CPU
		{763EEC30-39F9-4571-BC91-E583FAA46D77}.Test|Any CPU.Build.0 = Release|Any CPU
		{763EEC30-39F9-4571-BC91-E583FAA46D77}.Test|Mixed Platforms.ActiveCfg = Release|x86
		{763EEC30-39F9-4571-BC91-E583FAA46D77}.Test|Mixed Platforms.Build.0 = Release|x86
		{763EEC30-39F9-4571-BC91-E583FAA46D77}.Test|x64.ActiveCfg = Release|x64
		{763EEC30-39F9-4571-BC91-E583FAA46D77}.Test|x64.Build.0 = Release|x64
		{763EEC30-39F9-4571-BC91-E583FAA46D77}.Test|x86.ActiveCfg = Release|x86
		{763EEC30-39F9-4571-BC91-E583FAA46D77}.Test|x86.Build.0 = Release|x86
		{763EEC30-39F9-4571-BC91-E583FAA46D77}.x86|Any CPU.ActiveCfg = Release|Any CPU
		{763EEC30-39F9-4571-BC91-E583FAA46D77}.x86|Any CPU.Build.0 = Release|Any CPU
		{763EEC30-39F9-4571-BC91-E583FAA46D77}.x86|Mixed Platforms.ActiveCfg = Release|x86
		{763EEC30-39F9-4571-BC91-E583FAA46D77}.x86|Mixed Platforms.Build.0 = Release|x86
		{763EEC30-39F9-4571-BC91-E583FAA46D77}.x86|x64.ActiveCfg = Release|x64
		{763EEC30-39F9-4571-BC91-E583FAA46D77}.x86|x64.Build.0 = Release|x64
		{763EEC30-39F9-4571-BC91-E583FAA46D77}.x86|x86.ActiveCfg = Release|x86
		{763EEC30-39F9-4571-BC91-E583FAA46D77}.x86|x86.Build.0 = Release|x86
		{31ED7A85-5061-4D15-BB3B-B5BE53130D42}.Debug|Any CPU.ActiveCfg = Debug|Any CPU
		{31ED7A85-5061-4D15-BB3B-B5BE53130D42}.Debug|Any CPU.Build.0 = Debug|Any CPU
		{31ED7A85-5061-4D15-BB3B-B5BE53130D42}.Debug|Mixed Platforms.ActiveCfg = Debug|Any CPU
		{31ED7A85-5061-4D15-BB3B-B5BE53130D42}.Debug|Mixed Platforms.Build.0 = Debug|Any CPU
		{31ED7A85-5061-4D15-BB3B-B5BE53130D42}.Debug|x64.ActiveCfg = Debug|x64
		{31ED7A85-5061-4D15-BB3B-B5BE53130D42}.Debug|x64.Build.0 = Debug|x64
		{31ED7A85-5061-4D15-BB3B-B5BE53130D42}.Debug|x86.ActiveCfg = Debug|x86
		{31ED7A85-5061-4D15-BB3B-B5BE53130D42}.Debug|x86.Build.0 = Debug|x86
		{31ED7A85-5061-4D15-BB3B-B5BE53130D42}.Release|Any CPU.ActiveCfg = Release|Any CPU
		{31ED7A85-5061-4D15-BB3B-B5BE53130D42}.Release|Any CPU.Build.0 = Release|Any CPU
		{31ED7A85-5061-4D15-BB3B-B5BE53130D42}.Release|Mixed Platforms.ActiveCfg = Release|x86
		{31ED7A85-5061-4D15-BB3B-B5BE53130D42}.Release|Mixed Platforms.Build.0 = Release|x86
		{31ED7A85-5061-4D15-BB3B-B5BE53130D42}.Release|x64.ActiveCfg = Release|x64
		{31ED7A85-5061-4D15-BB3B-B5BE53130D42}.Release|x64.Build.0 = Release|x64
		{31ED7A85-5061-4D15-BB3B-B5BE53130D42}.Release|x86.ActiveCfg = Release|x86
		{31ED7A85-5061-4D15-BB3B-B5BE53130D42}.Release|x86.Build.0 = Release|x86
		{31ED7A85-5061-4D15-BB3B-B5BE53130D42}.Storm|Any CPU.ActiveCfg = Storm|Any CPU
		{31ED7A85-5061-4D15-BB3B-B5BE53130D42}.Storm|Any CPU.Build.0 = Storm|Any CPU
		{31ED7A85-5061-4D15-BB3B-B5BE53130D42}.Storm|Mixed Platforms.ActiveCfg = Storm|x86
		{31ED7A85-5061-4D15-BB3B-B5BE53130D42}.Storm|Mixed Platforms.Build.0 = Storm|x86
		{31ED7A85-5061-4D15-BB3B-B5BE53130D42}.Storm|x64.ActiveCfg = Storm|x64
		{31ED7A85-5061-4D15-BB3B-B5BE53130D42}.Storm|x64.Build.0 = Storm|x64
		{31ED7A85-5061-4D15-BB3B-B5BE53130D42}.Storm|x86.ActiveCfg = Storm|x86
		{31ED7A85-5061-4D15-BB3B-B5BE53130D42}.Storm|x86.Build.0 = Storm|x86
		{31ED7A85-5061-4D15-BB3B-B5BE53130D42}.Test|Any CPU.ActiveCfg = Test|Any CPU
		{31ED7A85-5061-4D15-BB3B-B5BE53130D42}.Test|Any CPU.Build.0 = Test|Any CPU
		{31ED7A85-5061-4D15-BB3B-B5BE53130D42}.Test|Mixed Platforms.ActiveCfg = Test|x86
		{31ED7A85-5061-4D15-BB3B-B5BE53130D42}.Test|Mixed Platforms.Build.0 = Test|x86
		{31ED7A85-5061-4D15-BB3B-B5BE53130D42}.Test|x64.ActiveCfg = Test|x64
		{31ED7A85-5061-4D15-BB3B-B5BE53130D42}.Test|x64.Build.0 = Test|x64
		{31ED7A85-5061-4D15-BB3B-B5BE53130D42}.Test|x86.ActiveCfg = Test|x86
		{31ED7A85-5061-4D15-BB3B-B5BE53130D42}.Test|x86.Build.0 = Test|x86
		{31ED7A85-5061-4D15-BB3B-B5BE53130D42}.x86|Any CPU.ActiveCfg = Release|Any CPU
		{31ED7A85-5061-4D15-BB3B-B5BE53130D42}.x86|Any CPU.Build.0 = Release|Any CPU
		{31ED7A85-5061-4D15-BB3B-B5BE53130D42}.x86|Mixed Platforms.ActiveCfg = Release|x86
		{31ED7A85-5061-4D15-BB3B-B5BE53130D42}.x86|Mixed Platforms.Build.0 = Release|x86
		{31ED7A85-5061-4D15-BB3B-B5BE53130D42}.x86|x64.ActiveCfg = Release|x64
		{31ED7A85-5061-4D15-BB3B-B5BE53130D42}.x86|x64.Build.0 = Release|x64
		{31ED7A85-5061-4D15-BB3B-B5BE53130D42}.x86|x86.ActiveCfg = Release|x86
		{31ED7A85-5061-4D15-BB3B-B5BE53130D42}.x86|x86.Build.0 = Release|x86
		{415CAB8F-46BF-4FBA-8E37-307198126E33}.Debug|Any CPU.ActiveCfg = Debug|Any CPU
		{415CAB8F-46BF-4FBA-8E37-307198126E33}.Debug|Any CPU.Build.0 = Debug|Any CPU
		{415CAB8F-46BF-4FBA-8E37-307198126E33}.Debug|Mixed Platforms.ActiveCfg = Debug|Any CPU
		{415CAB8F-46BF-4FBA-8E37-307198126E33}.Debug|Mixed Platforms.Build.0 = Debug|Any CPU
		{415CAB8F-46BF-4FBA-8E37-307198126E33}.Debug|x64.ActiveCfg = Debug|x64
		{415CAB8F-46BF-4FBA-8E37-307198126E33}.Debug|x64.Build.0 = Debug|x64
		{415CAB8F-46BF-4FBA-8E37-307198126E33}.Debug|x86.ActiveCfg = Debug|x86
		{415CAB8F-46BF-4FBA-8E37-307198126E33}.Debug|x86.Build.0 = Debug|x86
		{415CAB8F-46BF-4FBA-8E37-307198126E33}.Release|Any CPU.ActiveCfg = Release|Any CPU
		{415CAB8F-46BF-4FBA-8E37-307198126E33}.Release|Any CPU.Build.0 = Release|Any CPU
		{415CAB8F-46BF-4FBA-8E37-307198126E33}.Release|Mixed Platforms.ActiveCfg = Release|x86
		{415CAB8F-46BF-4FBA-8E37-307198126E33}.Release|Mixed Platforms.Build.0 = Release|x86
		{415CAB8F-46BF-4FBA-8E37-307198126E33}.Release|x64.ActiveCfg = Release|x64
		{415CAB8F-46BF-4FBA-8E37-307198126E33}.Release|x64.Build.0 = Release|x64
		{415CAB8F-46BF-4FBA-8E37-307198126E33}.Release|x86.ActiveCfg = Release|x86
		{415CAB8F-46BF-4FBA-8E37-307198126E33}.Release|x86.Build.0 = Release|x86
		{415CAB8F-46BF-4FBA-8E37-307198126E33}.Storm|Any CPU.ActiveCfg = Storm|Any CPU
		{415CAB8F-46BF-4FBA-8E37-307198126E33}.Storm|Any CPU.Build.0 = Storm|Any CPU
		{415CAB8F-46BF-4FBA-8E37-307198126E33}.Storm|Mixed Platforms.ActiveCfg = Storm|x86
		{415CAB8F-46BF-4FBA-8E37-307198126E33}.Storm|Mixed Platforms.Build.0 = Storm|x86
		{415CAB8F-46BF-4FBA-8E37-307198126E33}.Storm|x64.ActiveCfg = Storm|x64
		{415CAB8F-46BF-4FBA-8E37-307198126E33}.Storm|x64.Build.0 = Storm|x64
		{415CAB8F-46BF-4FBA-8E37-307198126E33}.Storm|x86.ActiveCfg = Storm|x86
		{415CAB8F-46BF-4FBA-8E37-307198126E33}.Storm|x86.Build.0 = Storm|x86
		{415CAB8F-46BF-4FBA-8E37-307198126E33}.Test|Any CPU.ActiveCfg = Test|Any CPU
		{415CAB8F-46BF-4FBA-8E37-307198126E33}.Test|Any CPU.Build.0 = Test|Any CPU
		{415CAB8F-46BF-4FBA-8E37-307198126E33}.Test|Mixed Platforms.ActiveCfg = Test|x86
		{415CAB8F-46BF-4FBA-8E37-307198126E33}.Test|Mixed Platforms.Build.0 = Test|x86
		{415CAB8F-46BF-4FBA-8E37-307198126E33}.Test|x64.ActiveCfg = Test|x64
		{415CAB8F-46BF-4FBA-8E37-307198126E33}.Test|x64.Build.0 = Test|x64
		{415CAB8F-46BF-4FBA-8E37-307198126E33}.Test|x86.ActiveCfg = Test|x86
		{415CAB8F-46BF-4FBA-8E37-307198126E33}.Test|x86.Build.0 = Test|x86
		{415CAB8F-46BF-4FBA-8E37-307198126E33}.x86|Any CPU.ActiveCfg = Release|Any CPU
		{415CAB8F-46BF-4FBA-8E37-307198126E33}.x86|Any CPU.Build.0 = Release|Any CPU
		{415CAB8F-46BF-4FBA-8E37-307198126E33}.x86|Mixed Platforms.ActiveCfg = Release|x86
		{415CAB8F-46BF-4FBA-8E37-307198126E33}.x86|Mixed Platforms.Build.0 = Release|x86
		{415CAB8F-46BF-4FBA-8E37-307198126E33}.x86|x64.ActiveCfg = Release|x64
		{415CAB8F-46BF-4FBA-8E37-307198126E33}.x86|x64.Build.0 = Release|x64
		{415CAB8F-46BF-4FBA-8E37-307198126E33}.x86|x86.ActiveCfg = Release|x86
		{415CAB8F-46BF-4FBA-8E37-307198126E33}.x86|x86.Build.0 = Release|x86
		{E3B46A09-01AA-497E-A84B-3FB87FE33B79}.Debug|Any CPU.ActiveCfg = Debug|Any CPU
		{E3B46A09-01AA-497E-A84B-3FB87FE33B79}.Debug|Any CPU.Build.0 = Debug|Any CPU
		{E3B46A09-01AA-497E-A84B-3FB87FE33B79}.Debug|Mixed Platforms.ActiveCfg = Debug|Any CPU
		{E3B46A09-01AA-497E-A84B-3FB87FE33B79}.Debug|Mixed Platforms.Build.0 = Debug|Any CPU
		{E3B46A09-01AA-497E-A84B-3FB87FE33B79}.Debug|x64.ActiveCfg = Debug|x64
		{E3B46A09-01AA-497E-A84B-3FB87FE33B79}.Debug|x64.Build.0 = Debug|x64
		{E3B46A09-01AA-497E-A84B-3FB87FE33B79}.Debug|x86.ActiveCfg = Debug|x86
		{E3B46A09-01AA-497E-A84B-3FB87FE33B79}.Debug|x86.Build.0 = Debug|x86
		{E3B46A09-01AA-497E-A84B-3FB87FE33B79}.Release|Any CPU.ActiveCfg = Release|Any CPU
		{E3B46A09-01AA-497E-A84B-3FB87FE33B79}.Release|Any CPU.Build.0 = Release|Any CPU
		{E3B46A09-01AA-497E-A84B-3FB87FE33B79}.Release|Mixed Platforms.ActiveCfg = Release|x86
		{E3B46A09-01AA-497E-A84B-3FB87FE33B79}.Release|Mixed Platforms.Build.0 = Release|x86
		{E3B46A09-01AA-497E-A84B-3FB87FE33B79}.Release|x64.ActiveCfg = Release|x64
		{E3B46A09-01AA-497E-A84B-3FB87FE33B79}.Release|x64.Build.0 = Release|x64
		{E3B46A09-01AA-497E-A84B-3FB87FE33B79}.Release|x86.ActiveCfg = Release|x86
		{E3B46A09-01AA-497E-A84B-3FB87FE33B79}.Release|x86.Build.0 = Release|x86
		{E3B46A09-01AA-497E-A84B-3FB87FE33B79}.Storm|Any CPU.ActiveCfg = Storm|Any CPU
		{E3B46A09-01AA-497E-A84B-3FB87FE33B79}.Storm|Any CPU.Build.0 = Storm|Any CPU
		{E3B46A09-01AA-497E-A84B-3FB87FE33B79}.Storm|Mixed Platforms.ActiveCfg = Storm|x86
		{E3B46A09-01AA-497E-A84B-3FB87FE33B79}.Storm|Mixed Platforms.Build.0 = Storm|x86
		{E3B46A09-01AA-497E-A84B-3FB87FE33B79}.Storm|x64.ActiveCfg = Storm|x64
		{E3B46A09-01AA-497E-A84B-3FB87FE33B79}.Storm|x64.Build.0 = Storm|x64
		{E3B46A09-01AA-497E-A84B-3FB87FE33B79}.Storm|x86.ActiveCfg = Storm|x86
		{E3B46A09-01AA-497E-A84B-3FB87FE33B79}.Storm|x86.Build.0 = Storm|x86
		{E3B46A09-01AA-497E-A84B-3FB87FE33B79}.Test|Any CPU.ActiveCfg = Test|Any CPU
		{E3B46A09-01AA-497E-A84B-3FB87FE33B79}.Test|Any CPU.Build.0 = Test|Any CPU
		{E3B46A09-01AA-497E-A84B-3FB87FE33B79}.Test|Mixed Platforms.ActiveCfg = Test|x86
		{E3B46A09-01AA-497E-A84B-3FB87FE33B79}.Test|Mixed Platforms.Build.0 = Test|x86
		{E3B46A09-01AA-497E-A84B-3FB87FE33B79}.Test|x64.ActiveCfg = Test|x64
		{E3B46A09-01AA-497E-A84B-3FB87FE33B79}.Test|x64.Build.0 = Test|x64
		{E3B46A09-01AA-497E-A84B-3FB87FE33B79}.Test|x86.ActiveCfg = Test|x86
		{E3B46A09-01AA-497E-A84B-3FB87FE33B79}.Test|x86.Build.0 = Test|x86
		{E3B46A09-01AA-497E-A84B-3FB87FE33B79}.x86|Any CPU.ActiveCfg = Release|Any CPU
		{E3B46A09-01AA-497E-A84B-3FB87FE33B79}.x86|Any CPU.Build.0 = Release|Any CPU
		{E3B46A09-01AA-497E-A84B-3FB87FE33B79}.x86|Mixed Platforms.ActiveCfg = Release|x86
		{E3B46A09-01AA-497E-A84B-3FB87FE33B79}.x86|Mixed Platforms.Build.0 = Release|x86
		{E3B46A09-01AA-497E-A84B-3FB87FE33B79}.x86|x64.ActiveCfg = Release|x64
		{E3B46A09-01AA-497E-A84B-3FB87FE33B79}.x86|x64.Build.0 = Release|x64
		{E3B46A09-01AA-497E-A84B-3FB87FE33B79}.x86|x86.ActiveCfg = Release|x86
		{E3B46A09-01AA-497E-A84B-3FB87FE33B79}.x86|x86.Build.0 = Release|x86
		{506B4E07-4A41-4B88-B804-3FCC6221BAC9}.Debug|Any CPU.ActiveCfg = Debug|Any CPU
		{506B4E07-4A41-4B88-B804-3FCC6221BAC9}.Debug|Any CPU.Build.0 = Debug|Any CPU
		{506B4E07-4A41-4B88-B804-3FCC6221BAC9}.Debug|Mixed Platforms.ActiveCfg = Debug|Any CPU
		{506B4E07-4A41-4B88-B804-3FCC6221BAC9}.Debug|Mixed Platforms.Build.0 = Debug|Any CPU
		{506B4E07-4A41-4B88-B804-3FCC6221BAC9}.Debug|x64.ActiveCfg = Debug|Any CPU
		{506B4E07-4A41-4B88-B804-3FCC6221BAC9}.Debug|x86.ActiveCfg = Debug|Any CPU
		{506B4E07-4A41-4B88-B804-3FCC6221BAC9}.Release|Any CPU.ActiveCfg = Release|Any CPU
		{506B4E07-4A41-4B88-B804-3FCC6221BAC9}.Release|Any CPU.Build.0 = Release|Any CPU
		{506B4E07-4A41-4B88-B804-3FCC6221BAC9}.Release|Mixed Platforms.ActiveCfg = Release|Any CPU
		{506B4E07-4A41-4B88-B804-3FCC6221BAC9}.Release|Mixed Platforms.Build.0 = Release|Any CPU
		{506B4E07-4A41-4B88-B804-3FCC6221BAC9}.Release|x64.ActiveCfg = Release|Any CPU
		{506B4E07-4A41-4B88-B804-3FCC6221BAC9}.Release|x86.ActiveCfg = Release|Any CPU
		{506B4E07-4A41-4B88-B804-3FCC6221BAC9}.Storm|Any CPU.ActiveCfg = Test|Any CPU
		{506B4E07-4A41-4B88-B804-3FCC6221BAC9}.Storm|Any CPU.Build.0 = Test|Any CPU
		{506B4E07-4A41-4B88-B804-3FCC6221BAC9}.Storm|Mixed Platforms.ActiveCfg = Test|Any CPU
		{506B4E07-4A41-4B88-B804-3FCC6221BAC9}.Storm|Mixed Platforms.Build.0 = Test|Any CPU
		{506B4E07-4A41-4B88-B804-3FCC6221BAC9}.Storm|x64.ActiveCfg = Test|Any CPU
		{506B4E07-4A41-4B88-B804-3FCC6221BAC9}.Storm|x64.Build.0 = Test|Any CPU
		{506B4E07-4A41-4B88-B804-3FCC6221BAC9}.Storm|x86.ActiveCfg = Test|Any CPU
		{506B4E07-4A41-4B88-B804-3FCC6221BAC9}.Storm|x86.Build.0 = Test|Any CPU
		{506B4E07-4A41-4B88-B804-3FCC6221BAC9}.Test|Any CPU.ActiveCfg = Test|Any CPU
		{506B4E07-4A41-4B88-B804-3FCC6221BAC9}.Test|Any CPU.Build.0 = Test|Any CPU
		{506B4E07-4A41-4B88-B804-3FCC6221BAC9}.Test|Mixed Platforms.ActiveCfg = Test|Any CPU
		{506B4E07-4A41-4B88-B804-3FCC6221BAC9}.Test|Mixed Platforms.Build.0 = Test|Any CPU
		{506B4E07-4A41-4B88-B804-3FCC6221BAC9}.Test|x64.ActiveCfg = Test|Any CPU
		{506B4E07-4A41-4B88-B804-3FCC6221BAC9}.Test|x86.ActiveCfg = Test|Any CPU
		{506B4E07-4A41-4B88-B804-3FCC6221BAC9}.x86|Any CPU.ActiveCfg = Release|Any CPU
		{506B4E07-4A41-4B88-B804-3FCC6221BAC9}.x86|Any CPU.Build.0 = Release|Any CPU
		{506B4E07-4A41-4B88-B804-3FCC6221BAC9}.x86|Mixed Platforms.ActiveCfg = Release|Any CPU
		{506B4E07-4A41-4B88-B804-3FCC6221BAC9}.x86|Mixed Platforms.Build.0 = Release|Any CPU
		{506B4E07-4A41-4B88-B804-3FCC6221BAC9}.x86|x64.ActiveCfg = Release|Any CPU
		{506B4E07-4A41-4B88-B804-3FCC6221BAC9}.x86|x86.ActiveCfg = Release|Any CPU
		{F561D9BF-9CBC-4C02-90C0-F14E8FFF047D}.Debug|Any CPU.ActiveCfg = Debug|Any CPU
		{F561D9BF-9CBC-4C02-90C0-F14E8FFF047D}.Debug|Any CPU.Build.0 = Debug|Any CPU
		{F561D9BF-9CBC-4C02-90C0-F14E8FFF047D}.Debug|Mixed Platforms.ActiveCfg = Debug|Any CPU
		{F561D9BF-9CBC-4C02-90C0-F14E8FFF047D}.Debug|Mixed Platforms.Build.0 = Debug|Any CPU
		{F561D9BF-9CBC-4C02-90C0-F14E8FFF047D}.Debug|x64.ActiveCfg = Debug|Any CPU
		{F561D9BF-9CBC-4C02-90C0-F14E8FFF047D}.Debug|x86.ActiveCfg = Debug|x86
		{F561D9BF-9CBC-4C02-90C0-F14E8FFF047D}.Debug|x86.Build.0 = Debug|x86
		{F561D9BF-9CBC-4C02-90C0-F14E8FFF047D}.Release|Any CPU.ActiveCfg = Release|Any CPU
		{F561D9BF-9CBC-4C02-90C0-F14E8FFF047D}.Release|Any CPU.Build.0 = Release|Any CPU
		{F561D9BF-9CBC-4C02-90C0-F14E8FFF047D}.Release|Mixed Platforms.ActiveCfg = Release|x86
		{F561D9BF-9CBC-4C02-90C0-F14E8FFF047D}.Release|Mixed Platforms.Build.0 = Release|x86
		{F561D9BF-9CBC-4C02-90C0-F14E8FFF047D}.Release|x64.ActiveCfg = Release|Any CPU
		{F561D9BF-9CBC-4C02-90C0-F14E8FFF047D}.Release|x86.ActiveCfg = Release|x86
		{F561D9BF-9CBC-4C02-90C0-F14E8FFF047D}.Release|x86.Build.0 = Release|x86
		{F561D9BF-9CBC-4C02-90C0-F14E8FFF047D}.Storm|Any CPU.ActiveCfg = Test|Any CPU
		{F561D9BF-9CBC-4C02-90C0-F14E8FFF047D}.Storm|Any CPU.Build.0 = Test|Any CPU
		{F561D9BF-9CBC-4C02-90C0-F14E8FFF047D}.Storm|Mixed Platforms.ActiveCfg = Test|x86
		{F561D9BF-9CBC-4C02-90C0-F14E8FFF047D}.Storm|Mixed Platforms.Build.0 = Test|x86
		{F561D9BF-9CBC-4C02-90C0-F14E8FFF047D}.Storm|x64.ActiveCfg = Test|Any CPU
		{F561D9BF-9CBC-4C02-90C0-F14E8FFF047D}.Storm|x64.Build.0 = Test|Any CPU
		{F561D9BF-9CBC-4C02-90C0-F14E8FFF047D}.Storm|x86.ActiveCfg = Test|x86
		{F561D9BF-9CBC-4C02-90C0-F14E8FFF047D}.Storm|x86.Build.0 = Test|x86
		{F561D9BF-9CBC-4C02-90C0-F14E8FFF047D}.Test|Any CPU.ActiveCfg = Test|Any CPU
		{F561D9BF-9CBC-4C02-90C0-F14E8FFF047D}.Test|Any CPU.Build.0 = Test|Any CPU
		{F561D9BF-9CBC-4C02-90C0-F14E8FFF047D}.Test|Mixed Platforms.ActiveCfg = Test|x86
		{F561D9BF-9CBC-4C02-90C0-F14E8FFF047D}.Test|Mixed Platforms.Build.0 = Test|x86
		{F561D9BF-9CBC-4C02-90C0-F14E8FFF047D}.Test|x64.ActiveCfg = Test|Any CPU
		{F561D9BF-9CBC-4C02-90C0-F14E8FFF047D}.Test|x86.ActiveCfg = Test|x86
		{F561D9BF-9CBC-4C02-90C0-F14E8FFF047D}.Test|x86.Build.0 = Test|x86
		{F561D9BF-9CBC-4C02-90C0-F14E8FFF047D}.x86|Any CPU.ActiveCfg = Test|Any CPU
		{F561D9BF-9CBC-4C02-90C0-F14E8FFF047D}.x86|Any CPU.Build.0 = Test|Any CPU
		{F561D9BF-9CBC-4C02-90C0-F14E8FFF047D}.x86|Mixed Platforms.ActiveCfg = Test|x86
		{F561D9BF-9CBC-4C02-90C0-F14E8FFF047D}.x86|Mixed Platforms.Build.0 = Test|x86
		{F561D9BF-9CBC-4C02-90C0-F14E8FFF047D}.x86|x64.ActiveCfg = Test|Any CPU
		{F561D9BF-9CBC-4C02-90C0-F14E8FFF047D}.x86|x86.ActiveCfg = Test|x86
		{F561D9BF-9CBC-4C02-90C0-F14E8FFF047D}.x86|x86.Build.0 = Test|x86
		{853914C9-58C8-461A-A764-178C10D6F42A}.Debug|Any CPU.ActiveCfg = Debug|Any CPU
		{853914C9-58C8-461A-A764-178C10D6F42A}.Debug|Any CPU.Build.0 = Debug|Any CPU
		{853914C9-58C8-461A-A764-178C10D6F42A}.Debug|Mixed Platforms.ActiveCfg = Debug|Any CPU
		{853914C9-58C8-461A-A764-178C10D6F42A}.Debug|Mixed Platforms.Build.0 = Debug|Any CPU
		{853914C9-58C8-461A-A764-178C10D6F42A}.Debug|x64.ActiveCfg = Debug|x64
		{853914C9-58C8-461A-A764-178C10D6F42A}.Debug|x64.Build.0 = Debug|x64
		{853914C9-58C8-461A-A764-178C10D6F42A}.Debug|x86.ActiveCfg = Debug|x86
		{853914C9-58C8-461A-A764-178C10D6F42A}.Debug|x86.Build.0 = Debug|x86
		{853914C9-58C8-461A-A764-178C10D6F42A}.Release|Any CPU.ActiveCfg = Release|Any CPU
		{853914C9-58C8-461A-A764-178C10D6F42A}.Release|Any CPU.Build.0 = Release|Any CPU
		{853914C9-58C8-461A-A764-178C10D6F42A}.Release|Mixed Platforms.ActiveCfg = Release|x86
		{853914C9-58C8-461A-A764-178C10D6F42A}.Release|Mixed Platforms.Build.0 = Release|x86
		{853914C9-58C8-461A-A764-178C10D6F42A}.Release|x64.ActiveCfg = Release|x64
		{853914C9-58C8-461A-A764-178C10D6F42A}.Release|x64.Build.0 = Release|x64
		{853914C9-58C8-461A-A764-178C10D6F42A}.Release|x86.ActiveCfg = Release|x86
		{853914C9-58C8-461A-A764-178C10D6F42A}.Release|x86.Build.0 = Release|x86
		{853914C9-58C8-461A-A764-178C10D6F42A}.Storm|Any CPU.ActiveCfg = Storm|Any CPU
		{853914C9-58C8-461A-A764-178C10D6F42A}.Storm|Any CPU.Build.0 = Storm|Any CPU
		{853914C9-58C8-461A-A764-178C10D6F42A}.Storm|Mixed Platforms.ActiveCfg = Storm|x86
		{853914C9-58C8-461A-A764-178C10D6F42A}.Storm|Mixed Platforms.Build.0 = Storm|x86
		{853914C9-58C8-461A-A764-178C10D6F42A}.Storm|x64.ActiveCfg = Storm|x64
		{853914C9-58C8-461A-A764-178C10D6F42A}.Storm|x64.Build.0 = Storm|x64
		{853914C9-58C8-461A-A764-178C10D6F42A}.Storm|x86.ActiveCfg = Storm|x86
		{853914C9-58C8-461A-A764-178C10D6F42A}.Storm|x86.Build.0 = Storm|x86
		{853914C9-58C8-461A-A764-178C10D6F42A}.Test|Any CPU.ActiveCfg = Test|Any CPU
		{853914C9-58C8-461A-A764-178C10D6F42A}.Test|Any CPU.Build.0 = Test|Any CPU
		{853914C9-58C8-461A-A764-178C10D6F42A}.Test|Mixed Platforms.ActiveCfg = Test|x86
		{853914C9-58C8-461A-A764-178C10D6F42A}.Test|Mixed Platforms.Build.0 = Test|x86
		{853914C9-58C8-461A-A764-178C10D6F42A}.Test|x64.ActiveCfg = Test|x64
		{853914C9-58C8-461A-A764-178C10D6F42A}.Test|x64.Build.0 = Test|x64
		{853914C9-58C8-461A-A764-178C10D6F42A}.Test|x86.ActiveCfg = Test|x86
		{853914C9-58C8-461A-A764-178C10D6F42A}.Test|x86.Build.0 = Test|x86
		{853914C9-58C8-461A-A764-178C10D6F42A}.x86|Any CPU.ActiveCfg = Test|Any CPU
		{853914C9-58C8-461A-A764-178C10D6F42A}.x86|Any CPU.Build.0 = Test|Any CPU
		{853914C9-58C8-461A-A764-178C10D6F42A}.x86|Mixed Platforms.ActiveCfg = Test|x86
		{853914C9-58C8-461A-A764-178C10D6F42A}.x86|Mixed Platforms.Build.0 = Test|x86
		{853914C9-58C8-461A-A764-178C10D6F42A}.x86|x64.ActiveCfg = Test|x64
		{853914C9-58C8-461A-A764-178C10D6F42A}.x86|x64.Build.0 = Test|x64
		{853914C9-58C8-461A-A764-178C10D6F42A}.x86|x86.ActiveCfg = Test|x86
		{853914C9-58C8-461A-A764-178C10D6F42A}.x86|x86.Build.0 = Test|x86
		{B51FC21D-9FA1-4833-91FC-8DD9B027CB93}.Debug|Any CPU.ActiveCfg = Debug|Any CPU
		{B51FC21D-9FA1-4833-91FC-8DD9B027CB93}.Debug|Any CPU.Build.0 = Debug|Any CPU
		{B51FC21D-9FA1-4833-91FC-8DD9B027CB93}.Debug|Mixed Platforms.ActiveCfg = Debug|Any CPU
		{B51FC21D-9FA1-4833-91FC-8DD9B027CB93}.Debug|Mixed Platforms.Build.0 = Debug|Any CPU
		{B51FC21D-9FA1-4833-91FC-8DD9B027CB93}.Debug|x64.ActiveCfg = Debug|Any CPU
		{B51FC21D-9FA1-4833-91FC-8DD9B027CB93}.Debug|x64.Build.0 = Debug|Any CPU
		{B51FC21D-9FA1-4833-91FC-8DD9B027CB93}.Debug|x86.ActiveCfg = Debug|Any CPU
		{B51FC21D-9FA1-4833-91FC-8DD9B027CB93}.Debug|x86.Build.0 = Debug|Any CPU
		{B51FC21D-9FA1-4833-91FC-8DD9B027CB93}.Release|Any CPU.ActiveCfg = Release|Any CPU
		{B51FC21D-9FA1-4833-91FC-8DD9B027CB93}.Release|Any CPU.Build.0 = Release|Any CPU
		{B51FC21D-9FA1-4833-91FC-8DD9B027CB93}.Release|Mixed Platforms.ActiveCfg = Release|Any CPU
		{B51FC21D-9FA1-4833-91FC-8DD9B027CB93}.Release|Mixed Platforms.Build.0 = Release|Any CPU
		{B51FC21D-9FA1-4833-91FC-8DD9B027CB93}.Release|x64.ActiveCfg = Release|Any CPU
		{B51FC21D-9FA1-4833-91FC-8DD9B027CB93}.Release|x64.Build.0 = Release|Any CPU
		{B51FC21D-9FA1-4833-91FC-8DD9B027CB93}.Release|x86.ActiveCfg = Release|Any CPU
		{B51FC21D-9FA1-4833-91FC-8DD9B027CB93}.Release|x86.Build.0 = Release|Any CPU
		{B51FC21D-9FA1-4833-91FC-8DD9B027CB93}.Storm|Any CPU.ActiveCfg = Storm|Any CPU
		{B51FC21D-9FA1-4833-91FC-8DD9B027CB93}.Storm|Any CPU.Build.0 = Storm|Any CPU
		{B51FC21D-9FA1-4833-91FC-8DD9B027CB93}.Storm|Mixed Platforms.ActiveCfg = Storm|Any CPU
		{B51FC21D-9FA1-4833-91FC-8DD9B027CB93}.Storm|Mixed Platforms.Build.0 = Storm|Any CPU
		{B51FC21D-9FA1-4833-91FC-8DD9B027CB93}.Storm|x64.ActiveCfg = Storm|Any CPU
		{B51FC21D-9FA1-4833-91FC-8DD9B027CB93}.Storm|x64.Build.0 = Storm|Any CPU
		{B51FC21D-9FA1-4833-91FC-8DD9B027CB93}.Storm|x86.ActiveCfg = Storm|Any CPU
		{B51FC21D-9FA1-4833-91FC-8DD9B027CB93}.Storm|x86.Build.0 = Storm|Any CPU
		{B51FC21D-9FA1-4833-91FC-8DD9B027CB93}.Test|Any CPU.ActiveCfg = Test|Any CPU
		{B51FC21D-9FA1-4833-91FC-8DD9B027CB93}.Test|Any CPU.Build.0 = Test|Any CPU
		{B51FC21D-9FA1-4833-91FC-8DD9B027CB93}.Test|Mixed Platforms.ActiveCfg = Test|Any CPU
		{B51FC21D-9FA1-4833-91FC-8DD9B027CB93}.Test|Mixed Platforms.Build.0 = Test|Any CPU
		{B51FC21D-9FA1-4833-91FC-8DD9B027CB93}.Test|x64.ActiveCfg = Test|Any CPU
		{B51FC21D-9FA1-4833-91FC-8DD9B027CB93}.Test|x64.Build.0 = Test|Any CPU
		{B51FC21D-9FA1-4833-91FC-8DD9B027CB93}.Test|x86.ActiveCfg = Test|Any CPU
		{B51FC21D-9FA1-4833-91FC-8DD9B027CB93}.Test|x86.Build.0 = Test|Any CPU
		{B51FC21D-9FA1-4833-91FC-8DD9B027CB93}.x86|Any CPU.ActiveCfg = Storm|Any CPU
		{B51FC21D-9FA1-4833-91FC-8DD9B027CB93}.x86|Any CPU.Build.0 = Storm|Any CPU
		{B51FC21D-9FA1-4833-91FC-8DD9B027CB93}.x86|Mixed Platforms.ActiveCfg = Storm|Any CPU
		{B51FC21D-9FA1-4833-91FC-8DD9B027CB93}.x86|Mixed Platforms.Build.0 = Storm|Any CPU
		{B51FC21D-9FA1-4833-91FC-8DD9B027CB93}.x86|x64.ActiveCfg = Storm|Any CPU
		{B51FC21D-9FA1-4833-91FC-8DD9B027CB93}.x86|x64.Build.0 = Storm|Any CPU
		{B51FC21D-9FA1-4833-91FC-8DD9B027CB93}.x86|x86.ActiveCfg = Storm|Any CPU
		{B51FC21D-9FA1-4833-91FC-8DD9B027CB93}.x86|x86.Build.0 = Storm|Any CPU
		{FC19607D-9326-42C5-A951-3EF5AD03AFF1}.Debug|Any CPU.ActiveCfg = Debug|Any CPU
		{FC19607D-9326-42C5-A951-3EF5AD03AFF1}.Debug|Any CPU.Build.0 = Debug|Any CPU
		{FC19607D-9326-42C5-A951-3EF5AD03AFF1}.Debug|Mixed Platforms.ActiveCfg = Debug|Any CPU
		{FC19607D-9326-42C5-A951-3EF5AD03AFF1}.Debug|Mixed Platforms.Build.0 = Debug|Any CPU
		{FC19607D-9326-42C5-A951-3EF5AD03AFF1}.Debug|x64.ActiveCfg = Debug|Any CPU
		{FC19607D-9326-42C5-A951-3EF5AD03AFF1}.Debug|x64.Build.0 = Debug|Any CPU
		{FC19607D-9326-42C5-A951-3EF5AD03AFF1}.Debug|x86.ActiveCfg = Debug|Any CPU
		{FC19607D-9326-42C5-A951-3EF5AD03AFF1}.Debug|x86.Build.0 = Debug|Any CPU
		{FC19607D-9326-42C5-A951-3EF5AD03AFF1}.Release|Any CPU.ActiveCfg = Release|Any CPU
		{FC19607D-9326-42C5-A951-3EF5AD03AFF1}.Release|Any CPU.Build.0 = Release|Any CPU
		{FC19607D-9326-42C5-A951-3EF5AD03AFF1}.Release|Mixed Platforms.ActiveCfg = Release|Any CPU
		{FC19607D-9326-42C5-A951-3EF5AD03AFF1}.Release|Mixed Platforms.Build.0 = Release|Any CPU
		{FC19607D-9326-42C5-A951-3EF5AD03AFF1}.Release|x64.ActiveCfg = Release|Any CPU
		{FC19607D-9326-42C5-A951-3EF5AD03AFF1}.Release|x64.Build.0 = Release|Any CPU
		{FC19607D-9326-42C5-A951-3EF5AD03AFF1}.Release|x86.ActiveCfg = Release|Any CPU
		{FC19607D-9326-42C5-A951-3EF5AD03AFF1}.Release|x86.Build.0 = Release|Any CPU
		{FC19607D-9326-42C5-A951-3EF5AD03AFF1}.Storm|Any CPU.ActiveCfg = Storm|Any CPU
		{FC19607D-9326-42C5-A951-3EF5AD03AFF1}.Storm|Any CPU.Build.0 = Storm|Any CPU
		{FC19607D-9326-42C5-A951-3EF5AD03AFF1}.Storm|Mixed Platforms.ActiveCfg = Storm|Any CPU
		{FC19607D-9326-42C5-A951-3EF5AD03AFF1}.Storm|Mixed Platforms.Build.0 = Storm|Any CPU
		{FC19607D-9326-42C5-A951-3EF5AD03AFF1}.Storm|x64.ActiveCfg = Storm|Any CPU
		{FC19607D-9326-42C5-A951-3EF5AD03AFF1}.Storm|x64.Build.0 = Storm|Any CPU
		{FC19607D-9326-42C5-A951-3EF5AD03AFF1}.Storm|x86.ActiveCfg = Storm|Any CPU
		{FC19607D-9326-42C5-A951-3EF5AD03AFF1}.Storm|x86.Build.0 = Storm|Any CPU
		{FC19607D-9326-42C5-A951-3EF5AD03AFF1}.Test|Any CPU.ActiveCfg = Storm|Any CPU
		{FC19607D-9326-42C5-A951-3EF5AD03AFF1}.Test|Any CPU.Build.0 = Storm|Any CPU
		{FC19607D-9326-42C5-A951-3EF5AD03AFF1}.Test|Mixed Platforms.ActiveCfg = Storm|Any CPU
		{FC19607D-9326-42C5-A951-3EF5AD03AFF1}.Test|Mixed Platforms.Build.0 = Storm|Any CPU
		{FC19607D-9326-42C5-A951-3EF5AD03AFF1}.Test|x64.ActiveCfg = Storm|Any CPU
		{FC19607D-9326-42C5-A951-3EF5AD03AFF1}.Test|x64.Build.0 = Storm|Any CPU
		{FC19607D-9326-42C5-A951-3EF5AD03AFF1}.Test|x86.ActiveCfg = Storm|Any CPU
		{FC19607D-9326-42C5-A951-3EF5AD03AFF1}.Test|x86.Build.0 = Storm|Any CPU
		{FC19607D-9326-42C5-A951-3EF5AD03AFF1}.x86|Any CPU.ActiveCfg = Storm|Any CPU
		{FC19607D-9326-42C5-A951-3EF5AD03AFF1}.x86|Any CPU.Build.0 = Storm|Any CPU
		{FC19607D-9326-42C5-A951-3EF5AD03AFF1}.x86|Mixed Platforms.ActiveCfg = Storm|Any CPU
		{FC19607D-9326-42C5-A951-3EF5AD03AFF1}.x86|Mixed Platforms.Build.0 = Storm|Any CPU
		{FC19607D-9326-42C5-A951-3EF5AD03AFF1}.x86|x64.ActiveCfg = Storm|Any CPU
		{FC19607D-9326-42C5-A951-3EF5AD03AFF1}.x86|x64.Build.0 = Storm|Any CPU
		{FC19607D-9326-42C5-A951-3EF5AD03AFF1}.x86|x86.ActiveCfg = Storm|Any CPU
		{FC19607D-9326-42C5-A951-3EF5AD03AFF1}.x86|x86.Build.0 = Storm|Any CPU
		{7B795714-40D6-4B2E-A277-CBE13C33E1ED}.Debug|Any CPU.ActiveCfg = Debug|Any CPU
		{7B795714-40D6-4B2E-A277-CBE13C33E1ED}.Debug|Any CPU.Build.0 = Debug|Any CPU
		{7B795714-40D6-4B2E-A277-CBE13C33E1ED}.Debug|Mixed Platforms.ActiveCfg = Debug|Any CPU
		{7B795714-40D6-4B2E-A277-CBE13C33E1ED}.Debug|Mixed Platforms.Build.0 = Debug|Any CPU
		{7B795714-40D6-4B2E-A277-CBE13C33E1ED}.Debug|x64.ActiveCfg = Debug|Any CPU
		{7B795714-40D6-4B2E-A277-CBE13C33E1ED}.Debug|x64.Build.0 = Debug|Any CPU
		{7B795714-40D6-4B2E-A277-CBE13C33E1ED}.Debug|x86.ActiveCfg = Debug|Any CPU
		{7B795714-40D6-4B2E-A277-CBE13C33E1ED}.Debug|x86.Build.0 = Debug|Any CPU
		{7B795714-40D6-4B2E-A277-CBE13C33E1ED}.Release|Any CPU.ActiveCfg = Release|Any CPU
		{7B795714-40D6-4B2E-A277-CBE13C33E1ED}.Release|Any CPU.Build.0 = Release|Any CPU
		{7B795714-40D6-4B2E-A277-CBE13C33E1ED}.Release|Mixed Platforms.ActiveCfg = Release|Any CPU
		{7B795714-40D6-4B2E-A277-CBE13C33E1ED}.Release|Mixed Platforms.Build.0 = Release|Any CPU
		{7B795714-40D6-4B2E-A277-CBE13C33E1ED}.Release|x64.ActiveCfg = Release|Any CPU
		{7B795714-40D6-4B2E-A277-CBE13C33E1ED}.Release|x64.Build.0 = Release|Any CPU
		{7B795714-40D6-4B2E-A277-CBE13C33E1ED}.Release|x86.ActiveCfg = Release|Any CPU
		{7B795714-40D6-4B2E-A277-CBE13C33E1ED}.Release|x86.Build.0 = Release|Any CPU
		{7B795714-40D6-4B2E-A277-CBE13C33E1ED}.Storm|Any CPU.ActiveCfg = Storm|Any CPU
		{7B795714-40D6-4B2E-A277-CBE13C33E1ED}.Storm|Any CPU.Build.0 = Storm|Any CPU
		{7B795714-40D6-4B2E-A277-CBE13C33E1ED}.Storm|Mixed Platforms.ActiveCfg = Storm|Any CPU
		{7B795714-40D6-4B2E-A277-CBE13C33E1ED}.Storm|Mixed Platforms.Build.0 = Storm|Any CPU
		{7B795714-40D6-4B2E-A277-CBE13C33E1ED}.Storm|x64.ActiveCfg = Storm|Any CPU
		{7B795714-40D6-4B2E-A277-CBE13C33E1ED}.Storm|x64.Build.0 = Storm|Any CPU
		{7B795714-40D6-4B2E-A277-CBE13C33E1ED}.Storm|x86.ActiveCfg = Storm|Any CPU
		{7B795714-40D6-4B2E-A277-CBE13C33E1ED}.Storm|x86.Build.0 = Storm|Any CPU
		{7B795714-40D6-4B2E-A277-CBE13C33E1ED}.Test|Any CPU.ActiveCfg = Storm|Any CPU
		{7B795714-40D6-4B2E-A277-CBE13C33E1ED}.Test|Any CPU.Build.0 = Storm|Any CPU
		{7B795714-40D6-4B2E-A277-CBE13C33E1ED}.Test|Mixed Platforms.ActiveCfg = Storm|Any CPU
		{7B795714-40D6-4B2E-A277-CBE13C33E1ED}.Test|Mixed Platforms.Build.0 = Storm|Any CPU
		{7B795714-40D6-4B2E-A277-CBE13C33E1ED}.Test|x64.ActiveCfg = Storm|Any CPU
		{7B795714-40D6-4B2E-A277-CBE13C33E1ED}.Test|x64.Build.0 = Storm|Any CPU
		{7B795714-40D6-4B2E-A277-CBE13C33E1ED}.Test|x86.ActiveCfg = Storm|Any CPU
		{7B795714-40D6-4B2E-A277-CBE13C33E1ED}.Test|x86.Build.0 = Storm|Any CPU
		{7B795714-40D6-4B2E-A277-CBE13C33E1ED}.x86|Any CPU.ActiveCfg = Storm|Any CPU
		{7B795714-40D6-4B2E-A277-CBE13C33E1ED}.x86|Any CPU.Build.0 = Storm|Any CPU
		{7B795714-40D6-4B2E-A277-CBE13C33E1ED}.x86|Mixed Platforms.ActiveCfg = Storm|Any CPU
		{7B795714-40D6-4B2E-A277-CBE13C33E1ED}.x86|Mixed Platforms.Build.0 = Storm|Any CPU
		{7B795714-40D6-4B2E-A277-CBE13C33E1ED}.x86|x64.ActiveCfg = Storm|Any CPU
		{7B795714-40D6-4B2E-A277-CBE13C33E1ED}.x86|x64.Build.0 = Storm|Any CPU
		{7B795714-40D6-4B2E-A277-CBE13C33E1ED}.x86|x86.ActiveCfg = Storm|Any CPU
		{7B795714-40D6-4B2E-A277-CBE13C33E1ED}.x86|x86.Build.0 = Storm|Any CPU
	EndGlobalSection
	GlobalSection(SolutionProperties) = preSolution
		HideSolutionNode = FALSE
	EndGlobalSection
EndGlobal
