
Microsoft Visual Studio Solution File, Format Version 12.00
# Visual Studio 15
VisualStudioVersion = 15.0.26430.16
MinimumVisualStudioVersion = 10.0.40219.1
Project("{2150E333-8FDC-42A3-9474-1A3956D46DE8}") = "Core", "Core", "{D45F40A7-EC6C-48F2-9CC3-F2DCE19275C1}"
EndProject
Project("{2150E333-8FDC-42A3-9474-1A3956D46DE8}") = "Domain", "Domain", "{31A3295F-E3FB-4DC1-9E2B-9CBEF4FF4A92}"
EndProject
Project("{2150E333-8FDC-42A3-9474-1A3956D46DE8}") = "Repository", "Repository", "{C4F34B9C-222D-4941-8CB5-0DBDB87F97B1}"
EndProject
Project("{2150E333-8FDC-42A3-9474-1A3956D46DE8}") = "Service", "Service", "{5C0F1E72-4A8B-4E38-92E3-F2A50AA208D1}"
EndProject
Project("{2150E333-8FDC-42A3-9474-1A3956D46DE8}") = "Web", "Web", "{B176E862-61F1-4DAD-81A0-613ECCE4275F}"
EndProject
Project("{FAE04EC0-301F-11D3-BF4B-00C04F79EFBC}") = "Palas.Common", "Palas.Common\Palas.Common.csproj", "{415CAB8F-46BF-4FBA-8E37-307198126E33}"
EndProject
Project("{FAE04EC0-301F-11D3-BF4B-00C04F79EFBC}") = "Palas.Isignal", "Palas.Isignal\Palas.Isignal.csproj", "{8A5CA07D-5D2F-420B-839F-1623EC6491AE}"
EndProject
Project("{FAE04EC0-301F-11D3-BF4B-00C04F79EFBC}") = "Palas.Reader", "Palas.Reader\Palas.Reader.csproj", "{EBB8596C-1BA7-43BC-8B22-7F08018748FF}"
EndProject
Project("{FAE04EC0-301F-11D3-BF4B-00C04F79EFBC}") = "GIClientModel", "EFModels\GIClientModel\GIClientModel.csproj", "{9C3FE795-6C2C-4BDF-9038-60B7ED9C1C78}"
EndProject
Project("{FAE04EC0-301F-11D3-BF4B-00C04F79EFBC}") = "Palas.Wealth.API", "Palas.Wealth\Palas.Wealth.API\Palas.Wealth.API.csproj", "{70A06746-D873-46A1-A8E9-8CE643F735BF}"
EndProject
Project("{FAE04EC0-301F-11D3-BF4B-00C04F79EFBC}") = "PalasEntityModel", "EFModels\PalasEntityModel\PalasEntityModel.csproj", "{67598AA4-7DCA-43E3-B03A-CE20F1BAB066}"
EndProject
Project("{FAE04EC0-301F-11D3-BF4B-00C04F79EFBC}") = "QuantModels", "QuantModels\QuantModels.csproj", "{1432ADEB-A562-4B8A-80F5-B08EDA25A2CF}"
EndProject
Project("{FAE04EC0-301F-11D3-BF4B-00C04F79EFBC}") = "Palas.EntityFramework.Repository", "Repository\Palas.EntityFramework.Repository\Palas.EntityFramework.Repository.csproj", "{ADF4AB46-FECA-4C81-9B84-700E87E5CFC5}"
EndProject
Project("{FAE04EC0-301F-11D3-BF4B-00C04F79EFBC}") = "Palas.ElasticSearch.Repository", "Repository\Palas.ElasticSearch.Repository\Palas.ElasticSearch.Repository.csproj", "{236063A8-2D52-4A7E-B2A6-8098CC0804D1}"
EndProject
Project("{FAE04EC0-301F-11D3-BF4B-00C04F79EFBC}") = "Palas.Information.Service", "Service\Palas.Information.Service\Palas.Information.Service.csproj", "{A5E7B116-8C31-45A7-A95E-697A8D2121FC}"
EndProject
Project("{FAE04EC0-301F-11D3-BF4B-00C04F79EFBC}") = "Palas.Market.Service", "Service\Palas.Market.Service\Palas.Market.Service.csproj", "{AD023BBC-0A10-4716-AD27-7D99C68B758D}"
EndProject
Project("{FAE04EC0-301F-11D3-BF4B-00C04F79EFBC}") = "Palas.Operate.Service", "Service\Palas.Operate.Service\Palas.Operate.Service.csproj", "{297DDF14-9836-42B1-AE49-E8C29B9CA943}"
EndProject
Project("{FAE04EC0-301F-11D3-BF4B-00C04F79EFBC}") = "Palas.Systems.Service", "Service\Palas.System.Service\Palas.Systems.Service.csproj", "{A4295497-A3EA-449F-8371-75ED0CDC0C90}"
EndProject
Project("{FAE04EC0-301F-11D3-BF4B-00C04F79EFBC}") = "Palas.DataTransfer.Model", "Service\Palas.DataTransfer.Model\Palas.DataTransfer.Model.csproj", "{AF87FFB7-C78A-4745-8BA9-A4E84459C0B5}"
EndProject
Project("{FAE04EC0-301F-11D3-BF4B-00C04F79EFBC}") = "ESModel", "DataBaseModels\ESModel\ESModel.csproj", "{21EF013D-753D-44D7-AD6C-CBE8D3CBDA36}"
EndProject
Project("{FAE04EC0-301F-11D3-BF4B-00C04F79EFBC}") = "RedisModel", "DataBaseModels\RedisModel\RedisModel.csproj", "{4A83E8F0-A82B-4875-AA26-51BF68694E55}"
EndProject
Project("{FAE04EC0-301F-11D3-BF4B-00C04F79EFBC}") = "Crawler.Core", "Crawler.Core\Crawler.Core.csproj", "{763EEC30-39F9-4571-BC91-E583FAA46D77}"
EndProject
Project("{FAE04EC0-301F-11D3-BF4B-00C04F79EFBC}") = "Analyzer.Core", "Analyzer.Core\Analyzer.Core.csproj", "{31ED7A85-5061-4D15-BB3B-B5BE53130D42}"
EndProject
Project("{FAE04EC0-301F-11D3-BF4B-00C04F79EFBC}") = "EntityData.Lib", "EntityDataProvider\EntityDataBusiness\EntityData.Lib.csproj", "{B51FC21D-9FA1-4833-91FC-8DD9B027CB93}"
EndProject
Project("{FAE04EC0-301F-11D3-BF4B-00C04F79EFBC}") = "Conductor.Core", "Conductor.Core\Conductor.Core.csproj", "{853914C9-58C8-461A-A764-178C10D6F42A}"
EndProject
Project("{FAE04EC0-301F-11D3-BF4B-00C04F79EFBC}") = "Palas.Redis.Repository", "Repository\Palas.Redis.Repository\Palas.Redis.Repository.csproj", "{629AC871-AF43-45B8-87B7-76F272F40771}"
EndProject
Project("{FAE04EC0-301F-11D3-BF4B-00C04F79EFBC}") = "WealthModel", "EFModels\WealthModel\WealthModel.csproj", "{B4356C8C-3F38-4E0A-B1C5-0482EAE130F0}"
EndProject
Project("{FAE04EC0-301F-11D3-BF4B-00C04F79EFBC}") = "Palas.Protocol", "Palas.Protocol\Palas.Protocol.csproj", "{DC1AB51A-FD73-4B84-8D0A-05A1C440E863}"
EndProject
Project("{FAE04EC0-301F-11D3-BF4B-00C04F79EFBC}") = "iTraderModels", "EFModels\iTraderModels\iTraderModels.csproj", "{0364EDB0-226B-4207-BC2C-6EF27ED3CB24}"
EndProject
Project("{FAE04EC0-301F-11D3-BF4B-00C04F79EFBC}") = "Bool.EFDAL", "Bool.EFDAL\Bool.EFDAL.csproj", "{79D63790-0632-40D0-840F-610C0D92D9EE}"
EndProject
Project("{FAE04EC0-301F-11D3-BF4B-00C04F79EFBC}") = "Bool.EntityFramework", "Bool.EntityFramework\Bool.EntityFramework.csproj", "{BACE6BEF-254B-4194-A5E5-E2A96AFB5310}"
EndProject
Project("{FAE04EC0-301F-11D3-BF4B-00C04F79EFBC}") = "Bool.IDAL", "Bool.IDAL\Bool.IDAL.csproj", "{18519D50-390E-4899-9CC6-B3BB97A5AFDD}"
EndProject
Global
	GlobalSection(SolutionConfigurationPlatforms) = preSolution
		Debug|Any CPU = Debug|Any CPU
		Debug|x64 = Debug|x64
		Debug|x86 = Debug|x86
		Release|Any CPU = Release|Any CPU
		Release|x64 = Release|x64
		Release|x86 = Release|x86
		Secert|Any CPU = Secert|Any CPU
		Secert|x64 = Secert|x64
		Secert|x86 = Secert|x86
		Storm|Any CPU = Storm|Any CPU
		Storm|x64 = Storm|x64
		Storm|x86 = Storm|x86
		Test|Any CPU = Test|Any CPU
		Test|x64 = Test|x64
		Test|x86 = Test|x86
	EndGlobalSection
	GlobalSection(ProjectConfigurationPlatforms) = postSolution
		{415CAB8F-46BF-4FBA-8E37-307198126E33}.Debug|Any CPU.ActiveCfg = Debug|Any CPU
		{415CAB8F-46BF-4FBA-8E37-307198126E33}.Debug|Any CPU.Build.0 = Debug|Any CPU
		{415CAB8F-46BF-4FBA-8E37-307198126E33}.Debug|x64.ActiveCfg = Debug|x64
		{415CAB8F-46BF-4FBA-8E37-307198126E33}.Debug|x64.Build.0 = Debug|x64
		{415CAB8F-46BF-4FBA-8E37-307198126E33}.Debug|x86.ActiveCfg = Debug|x86
		{415CAB8F-46BF-4FBA-8E37-307198126E33}.Debug|x86.Build.0 = Debug|x86
		{415CAB8F-46BF-4FBA-8E37-307198126E33}.Release|Any CPU.ActiveCfg = Release|Any CPU
		{415CAB8F-46BF-4FBA-8E37-307198126E33}.Release|Any CPU.Build.0 = Release|Any CPU
		{415CAB8F-46BF-4FBA-8E37-307198126E33}.Release|x64.ActiveCfg = Release|x64
		{415CAB8F-46BF-4FBA-8E37-307198126E33}.Release|x64.Build.0 = Release|x64
		{415CAB8F-46BF-4FBA-8E37-307198126E33}.Release|x86.ActiveCfg = Release|x86
		{415CAB8F-46BF-4FBA-8E37-307198126E33}.Release|x86.Build.0 = Release|x86
		{415CAB8F-46BF-4FBA-8E37-307198126E33}.Secert|Any CPU.ActiveCfg = Secert|Any CPU
		{415CAB8F-46BF-4FBA-8E37-307198126E33}.Secert|Any CPU.Build.0 = Secert|Any CPU
		{415CAB8F-46BF-4FBA-8E37-307198126E33}.Secert|x64.ActiveCfg = Secert|x64
		{415CAB8F-46BF-4FBA-8E37-307198126E33}.Secert|x64.Build.0 = Secert|x64
		{415CAB8F-46BF-4FBA-8E37-307198126E33}.Secert|x86.ActiveCfg = Secert|x86
		{415CAB8F-46BF-4FBA-8E37-307198126E33}.Secert|x86.Build.0 = Secert|x86
		{415CAB8F-46BF-4FBA-8E37-307198126E33}.Storm|Any CPU.ActiveCfg = Storm|Any CPU
		{415CAB8F-46BF-4FBA-8E37-307198126E33}.Storm|Any CPU.Build.0 = Storm|Any CPU
		{415CAB8F-46BF-4FBA-8E37-307198126E33}.Storm|x64.ActiveCfg = Storm|x64
		{415CAB8F-46BF-4FBA-8E37-307198126E33}.Storm|x64.Build.0 = Storm|x64
		{415CAB8F-46BF-4FBA-8E37-307198126E33}.Storm|x86.ActiveCfg = Storm|x86
		{415CAB8F-46BF-4FBA-8E37-307198126E33}.Storm|x86.Build.0 = Storm|x86
		{415CAB8F-46BF-4FBA-8E37-307198126E33}.Test|Any CPU.ActiveCfg = Test|Any CPU
		{415CAB8F-46BF-4FBA-8E37-307198126E33}.Test|Any CPU.Build.0 = Test|Any CPU
		{415CAB8F-46BF-4FBA-8E37-307198126E33}.Test|x64.ActiveCfg = Test|x64
		{415CAB8F-46BF-4FBA-8E37-307198126E33}.Test|x64.Build.0 = Test|x64
		{415CAB8F-46BF-4FBA-8E37-307198126E33}.Test|x86.ActiveCfg = Test|x86
		{415CAB8F-46BF-4FBA-8E37-307198126E33}.Test|x86.Build.0 = Test|x86
		{8A5CA07D-5D2F-420B-839F-1623EC6491AE}.Debug|Any CPU.ActiveCfg = Debug|Any CPU
		{8A5CA07D-5D2F-420B-839F-1623EC6491AE}.Debug|Any CPU.Build.0 = Debug|Any CPU
		{8A5CA07D-5D2F-420B-839F-1623EC6491AE}.Debug|x64.ActiveCfg = Debug|Any CPU
		{8A5CA07D-5D2F-420B-839F-1623EC6491AE}.Debug|x64.Build.0 = Debug|Any CPU
		{8A5CA07D-5D2F-420B-839F-1623EC6491AE}.Debug|x86.ActiveCfg = Debug|Any CPU
		{8A5CA07D-5D2F-420B-839F-1623EC6491AE}.Debug|x86.Build.0 = Debug|Any CPU
		{8A5CA07D-5D2F-420B-839F-1623EC6491AE}.Release|Any CPU.ActiveCfg = Release|Any CPU
		{8A5CA07D-5D2F-420B-839F-1623EC6491AE}.Release|Any CPU.Build.0 = Release|Any CPU
		{8A5CA07D-5D2F-420B-839F-1623EC6491AE}.Release|x64.ActiveCfg = Release|Any CPU
		{8A5CA07D-5D2F-420B-839F-1623EC6491AE}.Release|x64.Build.0 = Release|Any CPU
		{8A5CA07D-5D2F-420B-839F-1623EC6491AE}.Release|x86.ActiveCfg = Release|Any CPU
		{8A5CA07D-5D2F-420B-839F-1623EC6491AE}.Release|x86.Build.0 = Release|Any CPU
		{8A5CA07D-5D2F-420B-839F-1623EC6491AE}.Secert|Any CPU.ActiveCfg = Release|Any CPU
		{8A5CA07D-5D2F-420B-839F-1623EC6491AE}.Secert|Any CPU.Build.0 = Release|Any CPU
		{8A5CA07D-5D2F-420B-839F-1623EC6491AE}.Secert|x64.ActiveCfg = Release|Any CPU
		{8A5CA07D-5D2F-420B-839F-1623EC6491AE}.Secert|x64.Build.0 = Release|Any CPU
		{8A5CA07D-5D2F-420B-839F-1623EC6491AE}.Secert|x86.ActiveCfg = Release|Any CPU
		{8A5CA07D-5D2F-420B-839F-1623EC6491AE}.Secert|x86.Build.0 = Release|Any CPU
		{8A5CA07D-5D2F-420B-839F-1623EC6491AE}.Storm|Any CPU.ActiveCfg = Release|Any CPU
		{8A5CA07D-5D2F-420B-839F-1623EC6491AE}.Storm|Any CPU.Build.0 = Release|Any CPU
		{8A5CA07D-5D2F-420B-839F-1623EC6491AE}.Storm|x64.ActiveCfg = Release|Any CPU
		{8A5CA07D-5D2F-420B-839F-1623EC6491AE}.Storm|x64.Build.0 = Release|Any CPU
		{8A5CA07D-5D2F-420B-839F-1623EC6491AE}.Storm|x86.ActiveCfg = Release|Any CPU
		{8A5CA07D-5D2F-420B-839F-1623EC6491AE}.Storm|x86.Build.0 = Release|Any CPU
		{8A5CA07D-5D2F-420B-839F-1623EC6491AE}.Test|Any CPU.ActiveCfg = Release|Any CPU
		{8A5CA07D-5D2F-420B-839F-1623EC6491AE}.Test|Any CPU.Build.0 = Release|Any CPU
		{8A5CA07D-5D2F-420B-839F-1623EC6491AE}.Test|x64.ActiveCfg = Release|Any CPU
		{8A5CA07D-5D2F-420B-839F-1623EC6491AE}.Test|x64.Build.0 = Release|Any CPU
		{8A5CA07D-5D2F-420B-839F-1623EC6491AE}.Test|x86.ActiveCfg = Release|Any CPU
		{8A5CA07D-5D2F-420B-839F-1623EC6491AE}.Test|x86.Build.0 = Release|Any CPU
		{EBB8596C-1BA7-43BC-8B22-7F08018748FF}.Debug|Any CPU.ActiveCfg = Debug|Any CPU
		{EBB8596C-1BA7-43BC-8B22-7F08018748FF}.Debug|Any CPU.Build.0 = Debug|Any CPU
		{EBB8596C-1BA7-43BC-8B22-7F08018748FF}.Debug|x64.ActiveCfg = Debug|Any CPU
		{EBB8596C-1BA7-43BC-8B22-7F08018748FF}.Debug|x64.Build.0 = Debug|Any CPU
		{EBB8596C-1BA7-43BC-8B22-7F08018748FF}.Debug|x86.ActiveCfg = Debug|Any CPU
		{EBB8596C-1BA7-43BC-8B22-7F08018748FF}.Debug|x86.Build.0 = Debug|Any CPU
		{EBB8596C-1BA7-43BC-8B22-7F08018748FF}.Release|Any CPU.ActiveCfg = Release|Any CPU
		{EBB8596C-1BA7-43BC-8B22-7F08018748FF}.Release|Any CPU.Build.0 = Release|Any CPU
		{EBB8596C-1BA7-43BC-8B22-7F08018748FF}.Release|x64.ActiveCfg = Release|Any CPU
		{EBB8596C-1BA7-43BC-8B22-7F08018748FF}.Release|x64.Build.0 = Release|Any CPU
		{EBB8596C-1BA7-43BC-8B22-7F08018748FF}.Release|x86.ActiveCfg = Release|Any CPU
		{EBB8596C-1BA7-43BC-8B22-7F08018748FF}.Release|x86.Build.0 = Release|Any CPU
		{EBB8596C-1BA7-43BC-8B22-7F08018748FF}.Secert|Any CPU.ActiveCfg = Secert|Any CPU
		{EBB8596C-1BA7-43BC-8B22-7F08018748FF}.Secert|Any CPU.Build.0 = Secert|Any CPU
		{EBB8596C-1BA7-43BC-8B22-7F08018748FF}.Secert|x64.ActiveCfg = Secert|Any CPU
		{EBB8596C-1BA7-43BC-8B22-7F08018748FF}.Secert|x64.Build.0 = Secert|Any CPU
		{EBB8596C-1BA7-43BC-8B22-7F08018748FF}.Secert|x86.ActiveCfg = Secert|Any CPU
		{EBB8596C-1BA7-43BC-8B22-7F08018748FF}.Secert|x86.Build.0 = Secert|Any CPU
		{EBB8596C-1BA7-43BC-8B22-7F08018748FF}.Storm|Any CPU.ActiveCfg = Secert|Any CPU
		{EBB8596C-1BA7-43BC-8B22-7F08018748FF}.Storm|Any CPU.Build.0 = Secert|Any CPU
		{EBB8596C-1BA7-43BC-8B22-7F08018748FF}.Storm|x64.ActiveCfg = Secert|Any CPU
		{EBB8596C-1BA7-43BC-8B22-7F08018748FF}.Storm|x64.Build.0 = Secert|Any CPU
		{EBB8596C-1BA7-43BC-8B22-7F08018748FF}.Storm|x86.ActiveCfg = Secert|Any CPU
		{EBB8596C-1BA7-43BC-8B22-7F08018748FF}.Storm|x86.Build.0 = Secert|Any CPU
		{EBB8596C-1BA7-43BC-8B22-7F08018748FF}.Test|Any CPU.ActiveCfg = Secert|Any CPU
		{EBB8596C-1BA7-43BC-8B22-7F08018748FF}.Test|Any CPU.Build.0 = Secert|Any CPU
		{EBB8596C-1BA7-43BC-8B22-7F08018748FF}.Test|x64.ActiveCfg = Secert|Any CPU
		{EBB8596C-1BA7-43BC-8B22-7F08018748FF}.Test|x64.Build.0 = Secert|Any CPU
		{EBB8596C-1BA7-43BC-8B22-7F08018748FF}.Test|x86.ActiveCfg = Secert|Any CPU
		{EBB8596C-1BA7-43BC-8B22-7F08018748FF}.Test|x86.Build.0 = Secert|Any CPU
		{9C3FE795-6C2C-4BDF-9038-60B7ED9C1C78}.Debug|Any CPU.ActiveCfg = Debug|Any CPU
		{9C3FE795-6C2C-4BDF-9038-60B7ED9C1C78}.Debug|Any CPU.Build.0 = Debug|Any CPU
		{9C3FE795-6C2C-4BDF-9038-60B7ED9C1C78}.Debug|x64.ActiveCfg = Debug|Any CPU
		{9C3FE795-6C2C-4BDF-9038-60B7ED9C1C78}.Debug|x64.Build.0 = Debug|Any CPU
		{9C3FE795-6C2C-4BDF-9038-60B7ED9C1C78}.Debug|x86.ActiveCfg = Debug|Any CPU
		{9C3FE795-6C2C-4BDF-9038-60B7ED9C1C78}.Debug|x86.Build.0 = Debug|Any CPU
		{9C3FE795-6C2C-4BDF-9038-60B7ED9C1C78}.Release|Any CPU.ActiveCfg = Release|Any CPU
		{9C3FE795-6C2C-4BDF-9038-60B7ED9C1C78}.Release|Any CPU.Build.0 = Release|Any CPU
		{9C3FE795-6C2C-4BDF-9038-60B7ED9C1C78}.Release|x64.ActiveCfg = Release|Any CPU
		{9C3FE795-6C2C-4BDF-9038-60B7ED9C1C78}.Release|x64.Build.0 = Release|Any CPU
		{9C3FE795-6C2C-4BDF-9038-60B7ED9C1C78}.Release|x86.ActiveCfg = Release|Any CPU
		{9C3FE795-6C2C-4BDF-9038-60B7ED9C1C78}.Release|x86.Build.0 = Release|Any CPU
		{9C3FE795-6C2C-4BDF-9038-60B7ED9C1C78}.Secert|Any CPU.ActiveCfg = Release|Any CPU
		{9C3FE795-6C2C-4BDF-9038-60B7ED9C1C78}.Secert|Any CPU.Build.0 = Release|Any CPU
		{9C3FE795-6C2C-4BDF-9038-60B7ED9C1C78}.Secert|x64.ActiveCfg = Release|Any CPU
		{9C3FE795-6C2C-4BDF-9038-60B7ED9C1C78}.Secert|x64.Build.0 = Release|Any CPU
		{9C3FE795-6C2C-4BDF-9038-60B7ED9C1C78}.Secert|x86.ActiveCfg = Release|Any CPU
		{9C3FE795-6C2C-4BDF-9038-60B7ED9C1C78}.Secert|x86.Build.0 = Release|Any CPU
		{9C3FE795-6C2C-4BDF-9038-60B7ED9C1C78}.Storm|Any CPU.ActiveCfg = Release|Any CPU
		{9C3FE795-6C2C-4BDF-9038-60B7ED9C1C78}.Storm|Any CPU.Build.0 = Release|Any CPU
		{9C3FE795-6C2C-4BDF-9038-60B7ED9C1C78}.Storm|x64.ActiveCfg = Release|Any CPU
		{9C3FE795-6C2C-4BDF-9038-60B7ED9C1C78}.Storm|x64.Build.0 = Release|Any CPU
		{9C3FE795-6C2C-4BDF-9038-60B7ED9C1C78}.Storm|x86.ActiveCfg = Release|Any CPU
		{9C3FE795-6C2C-4BDF-9038-60B7ED9C1C78}.Storm|x86.Build.0 = Release|Any CPU
		{9C3FE795-6C2C-4BDF-9038-60B7ED9C1C78}.Test|Any CPU.ActiveCfg = Release|Any CPU
		{9C3FE795-6C2C-4BDF-9038-60B7ED9C1C78}.Test|Any CPU.Build.0 = Release|Any CPU
		{9C3FE795-6C2C-4BDF-9038-60B7ED9C1C78}.Test|x64.ActiveCfg = Release|Any CPU
		{9C3FE795-6C2C-4BDF-9038-60B7ED9C1C78}.Test|x64.Build.0 = Release|Any CPU
		{9C3FE795-6C2C-4BDF-9038-60B7ED9C1C78}.Test|x86.ActiveCfg = Release|Any CPU
		{9C3FE795-6C2C-4BDF-9038-60B7ED9C1C78}.Test|x86.Build.0 = Release|Any CPU
		{70A06746-D873-46A1-A8E9-8CE643F735BF}.Debug|Any CPU.ActiveCfg = Debug|Any CPU
		{70A06746-D873-46A1-A8E9-8CE643F735BF}.Debug|Any CPU.Build.0 = Debug|Any CPU
		{70A06746-D873-46A1-A8E9-8CE643F735BF}.Debug|x64.ActiveCfg = Debug|Any CPU
		{70A06746-D873-46A1-A8E9-8CE643F735BF}.Debug|x64.Build.0 = Debug|Any CPU
		{70A06746-D873-46A1-A8E9-8CE643F735BF}.Debug|x86.ActiveCfg = Debug|Any CPU
		{70A06746-D873-46A1-A8E9-8CE643F735BF}.Debug|x86.Build.0 = Debug|Any CPU
		{70A06746-D873-46A1-A8E9-8CE643F735BF}.Release|Any CPU.ActiveCfg = Release|Any CPU
		{70A06746-D873-46A1-A8E9-8CE643F735BF}.Release|Any CPU.Build.0 = Release|Any CPU
		{70A06746-D873-46A1-A8E9-8CE643F735BF}.Release|x64.ActiveCfg = Release|Any CPU
		{70A06746-D873-46A1-A8E9-8CE643F735BF}.Release|x64.Build.0 = Release|Any CPU
		{70A06746-D873-46A1-A8E9-8CE643F735BF}.Release|x86.ActiveCfg = Release|Any CPU
		{70A06746-D873-46A1-A8E9-8CE643F735BF}.Release|x86.Build.0 = Release|Any CPU
		{70A06746-D873-46A1-A8E9-8CE643F735BF}.Secert|Any CPU.ActiveCfg = Release|Any CPU
		{70A06746-D873-46A1-A8E9-8CE643F735BF}.Secert|Any CPU.Build.0 = Release|Any CPU
		{70A06746-D873-46A1-A8E9-8CE643F735BF}.Secert|x64.ActiveCfg = Release|Any CPU
		{70A06746-D873-46A1-A8E9-8CE643F735BF}.Secert|x64.Build.0 = Release|Any CPU
		{70A06746-D873-46A1-A8E9-8CE643F735BF}.Secert|x86.ActiveCfg = Release|Any CPU
		{70A06746-D873-46A1-A8E9-8CE643F735BF}.Secert|x86.Build.0 = Release|Any CPU
		{70A06746-D873-46A1-A8E9-8CE643F735BF}.Storm|Any CPU.ActiveCfg = Release|Any CPU
		{70A06746-D873-46A1-A8E9-8CE643F735BF}.Storm|Any CPU.Build.0 = Release|Any CPU
		{70A06746-D873-46A1-A8E9-8CE643F735BF}.Storm|x64.ActiveCfg = Release|Any CPU
		{70A06746-D873-46A1-A8E9-8CE643F735BF}.Storm|x64.Build.0 = Release|Any CPU
		{70A06746-D873-46A1-A8E9-8CE643F735BF}.Storm|x86.ActiveCfg = Release|Any CPU
		{70A06746-D873-46A1-A8E9-8CE643F735BF}.Storm|x86.Build.0 = Release|Any CPU
		{70A06746-D873-46A1-A8E9-8CE643F735BF}.Test|Any CPU.ActiveCfg = Release|Any CPU
		{70A06746-D873-46A1-A8E9-8CE643F735BF}.Test|Any CPU.Build.0 = Release|Any CPU
		{70A06746-D873-46A1-A8E9-8CE643F735BF}.Test|x64.ActiveCfg = Release|Any CPU
		{70A06746-D873-46A1-A8E9-8CE643F735BF}.Test|x64.Build.0 = Release|Any CPU
		{70A06746-D873-46A1-A8E9-8CE643F735BF}.Test|x86.ActiveCfg = Release|Any CPU
		{70A06746-D873-46A1-A8E9-8CE643F735BF}.Test|x86.Build.0 = Release|Any CPU
		{67598AA4-7DCA-43E3-B03A-CE20F1BAB066}.Debug|Any CPU.ActiveCfg = Debug|Any CPU
		{67598AA4-7DCA-43E3-B03A-CE20F1BAB066}.Debug|Any CPU.Build.0 = Debug|Any CPU
		{67598AA4-7DCA-43E3-B03A-CE20F1BAB066}.Debug|x64.ActiveCfg = Debug|Any CPU
		{67598AA4-7DCA-43E3-B03A-CE20F1BAB066}.Debug|x64.Build.0 = Debug|Any CPU
		{67598AA4-7DCA-43E3-B03A-CE20F1BAB066}.Debug|x86.ActiveCfg = Debug|Any CPU
		{67598AA4-7DCA-43E3-B03A-CE20F1BAB066}.Debug|x86.Build.0 = Debug|Any CPU
		{67598AA4-7DCA-43E3-B03A-CE20F1BAB066}.Release|Any CPU.ActiveCfg = Release|Any CPU
		{67598AA4-7DCA-43E3-B03A-CE20F1BAB066}.Release|Any CPU.Build.0 = Release|Any CPU
		{67598AA4-7DCA-43E3-B03A-CE20F1BAB066}.Release|x64.ActiveCfg = Release|Any CPU
		{67598AA4-7DCA-43E3-B03A-CE20F1BAB066}.Release|x64.Build.0 = Release|Any CPU
		{67598AA4-7DCA-43E3-B03A-CE20F1BAB066}.Release|x86.ActiveCfg = Release|Any CPU
		{67598AA4-7DCA-43E3-B03A-CE20F1BAB066}.Release|x86.Build.0 = Release|Any CPU
		{67598AA4-7DCA-43E3-B03A-CE20F1BAB066}.Secert|Any CPU.ActiveCfg = Release|Any CPU
		{67598AA4-7DCA-43E3-B03A-CE20F1BAB066}.Secert|Any CPU.Build.0 = Release|Any CPU
		{67598AA4-7DCA-43E3-B03A-CE20F1BAB066}.Secert|x64.ActiveCfg = Release|Any CPU
		{67598AA4-7DCA-43E3-B03A-CE20F1BAB066}.Secert|x64.Build.0 = Release|Any CPU
		{67598AA4-7DCA-43E3-B03A-CE20F1BAB066}.Secert|x86.ActiveCfg = Release|Any CPU
		{67598AA4-7DCA-43E3-B03A-CE20F1BAB066}.Secert|x86.Build.0 = Release|Any CPU
		{67598AA4-7DCA-43E3-B03A-CE20F1BAB066}.Storm|Any CPU.ActiveCfg = Release|Any CPU
		{67598AA4-7DCA-43E3-B03A-CE20F1BAB066}.Storm|Any CPU.Build.0 = Release|Any CPU
		{67598AA4-7DCA-43E3-B03A-CE20F1BAB066}.Storm|x64.ActiveCfg = Release|Any CPU
		{67598AA4-7DCA-43E3-B03A-CE20F1BAB066}.Storm|x64.Build.0 = Release|Any CPU
		{67598AA4-7DCA-43E3-B03A-CE20F1BAB066}.Storm|x86.ActiveCfg = Release|Any CPU
		{67598AA4-7DCA-43E3-B03A-CE20F1BAB066}.Storm|x86.Build.0 = Release|Any CPU
		{67598AA4-7DCA-43E3-B03A-CE20F1BAB066}.Test|Any CPU.ActiveCfg = Release|Any CPU
		{67598AA4-7DCA-43E3-B03A-CE20F1BAB066}.Test|Any CPU.Build.0 = Release|Any CPU
		{67598AA4-7DCA-43E3-B03A-CE20F1BAB066}.Test|x64.ActiveCfg = Release|Any CPU
		{67598AA4-7DCA-43E3-B03A-CE20F1BAB066}.Test|x64.Build.0 = Release|Any CPU
		{67598AA4-7DCA-43E3-B03A-CE20F1BAB066}.Test|x86.ActiveCfg = Release|Any CPU
		{67598AA4-7DCA-43E3-B03A-CE20F1BAB066}.Test|x86.Build.0 = Release|Any CPU
		{1432ADEB-A562-4B8A-80F5-B08EDA25A2CF}.Debug|Any CPU.ActiveCfg = Debug|Any CPU
		{1432ADEB-A562-4B8A-80F5-B08EDA25A2CF}.Debug|Any CPU.Build.0 = Debug|Any CPU
		{1432ADEB-A562-4B8A-80F5-B08EDA25A2CF}.Debug|x64.ActiveCfg = Debug|Any CPU
		{1432ADEB-A562-4B8A-80F5-B08EDA25A2CF}.Debug|x64.Build.0 = Debug|Any CPU
		{1432ADEB-A562-4B8A-80F5-B08EDA25A2CF}.Debug|x86.ActiveCfg = Debug|Any CPU
		{1432ADEB-A562-4B8A-80F5-B08EDA25A2CF}.Debug|x86.Build.0 = Debug|Any CPU
		{1432ADEB-A562-4B8A-80F5-B08EDA25A2CF}.Release|Any CPU.ActiveCfg = Release|Any CPU
		{1432ADEB-A562-4B8A-80F5-B08EDA25A2CF}.Release|Any CPU.Build.0 = Release|Any CPU
		{1432ADEB-A562-4B8A-80F5-B08EDA25A2CF}.Release|x64.ActiveCfg = Release|Any CPU
		{1432ADEB-A562-4B8A-80F5-B08EDA25A2CF}.Release|x64.Build.0 = Release|Any CPU
		{1432ADEB-A562-4B8A-80F5-B08EDA25A2CF}.Release|x86.ActiveCfg = Release|Any CPU
		{1432ADEB-A562-4B8A-80F5-B08EDA25A2CF}.Release|x86.Build.0 = Release|Any CPU
		{1432ADEB-A562-4B8A-80F5-B08EDA25A2CF}.Secert|Any CPU.ActiveCfg = Release|Any CPU
		{1432ADEB-A562-4B8A-80F5-B08EDA25A2CF}.Secert|Any CPU.Build.0 = Release|Any CPU
		{1432ADEB-A562-4B8A-80F5-B08EDA25A2CF}.Secert|x64.ActiveCfg = Release|Any CPU
		{1432ADEB-A562-4B8A-80F5-B08EDA25A2CF}.Secert|x64.Build.0 = Release|Any CPU
		{1432ADEB-A562-4B8A-80F5-B08EDA25A2CF}.Secert|x86.ActiveCfg = Release|Any CPU
		{1432ADEB-A562-4B8A-80F5-B08EDA25A2CF}.Secert|x86.Build.0 = Release|Any CPU
		{1432ADEB-A562-4B8A-80F5-B08EDA25A2CF}.Storm|Any CPU.ActiveCfg = Release|Any CPU
		{1432ADEB-A562-4B8A-80F5-B08EDA25A2CF}.Storm|Any CPU.Build.0 = Release|Any CPU
		{1432ADEB-A562-4B8A-80F5-B08EDA25A2CF}.Storm|x64.ActiveCfg = Release|Any CPU
		{1432ADEB-A562-4B8A-80F5-B08EDA25A2CF}.Storm|x64.Build.0 = Release|Any CPU
		{1432ADEB-A562-4B8A-80F5-B08EDA25A2CF}.Storm|x86.ActiveCfg = Release|Any CPU
		{1432ADEB-A562-4B8A-80F5-B08EDA25A2CF}.Storm|x86.Build.0 = Release|Any CPU
		{1432ADEB-A562-4B8A-80F5-B08EDA25A2CF}.Test|Any CPU.ActiveCfg = Release|Any CPU
		{1432ADEB-A562-4B8A-80F5-B08EDA25A2CF}.Test|Any CPU.Build.0 = Release|Any CPU
		{1432ADEB-A562-4B8A-80F5-B08EDA25A2CF}.Test|x64.ActiveCfg = Release|Any CPU
		{1432ADEB-A562-4B8A-80F5-B08EDA25A2CF}.Test|x64.Build.0 = Release|Any CPU
		{1432ADEB-A562-4B8A-80F5-B08EDA25A2CF}.Test|x86.ActiveCfg = Release|Any CPU
		{1432ADEB-A562-4B8A-80F5-B08EDA25A2CF}.Test|x86.Build.0 = Release|Any CPU
		{ADF4AB46-FECA-4C81-9B84-700E87E5CFC5}.Debug|Any CPU.ActiveCfg = Debug|Any CPU
		{ADF4AB46-FECA-4C81-9B84-700E87E5CFC5}.Debug|Any CPU.Build.0 = Debug|Any CPU
		{ADF4AB46-FECA-4C81-9B84-700E87E5CFC5}.Debug|x64.ActiveCfg = Debug|Any CPU
		{ADF4AB46-FECA-4C81-9B84-700E87E5CFC5}.Debug|x64.Build.0 = Debug|Any CPU
		{ADF4AB46-FECA-4C81-9B84-700E87E5CFC5}.Debug|x86.ActiveCfg = Debug|Any CPU
		{ADF4AB46-FECA-4C81-9B84-700E87E5CFC5}.Debug|x86.Build.0 = Debug|Any CPU
		{ADF4AB46-FECA-4C81-9B84-700E87E5CFC5}.Release|Any CPU.ActiveCfg = Release|Any CPU
		{ADF4AB46-FECA-4C81-9B84-700E87E5CFC5}.Release|Any CPU.Build.0 = Release|Any CPU
		{ADF4AB46-FECA-4C81-9B84-700E87E5CFC5}.Release|x64.ActiveCfg = Release|Any CPU
		{ADF4AB46-FECA-4C81-9B84-700E87E5CFC5}.Release|x64.Build.0 = Release|Any CPU
		{ADF4AB46-FECA-4C81-9B84-700E87E5CFC5}.Release|x86.ActiveCfg = Release|Any CPU
		{ADF4AB46-FECA-4C81-9B84-700E87E5CFC5}.Release|x86.Build.0 = Release|Any CPU
		{ADF4AB46-FECA-4C81-9B84-700E87E5CFC5}.Secert|Any CPU.ActiveCfg = Release|Any CPU
		{ADF4AB46-FECA-4C81-9B84-700E87E5CFC5}.Secert|Any CPU.Build.0 = Release|Any CPU
		{ADF4AB46-FECA-4C81-9B84-700E87E5CFC5}.Secert|x64.ActiveCfg = Release|Any CPU
		{ADF4AB46-FECA-4C81-9B84-700E87E5CFC5}.Secert|x64.Build.0 = Release|Any CPU
		{ADF4AB46-FECA-4C81-9B84-700E87E5CFC5}.Secert|x86.ActiveCfg = Release|Any CPU
		{ADF4AB46-FECA-4C81-9B84-700E87E5CFC5}.Secert|x86.Build.0 = Release|Any CPU
		{ADF4AB46-FECA-4C81-9B84-700E87E5CFC5}.Storm|Any CPU.ActiveCfg = Release|Any CPU
		{ADF4AB46-FECA-4C81-9B84-700E87E5CFC5}.Storm|Any CPU.Build.0 = Release|Any CPU
		{ADF4AB46-FECA-4C81-9B84-700E87E5CFC5}.Storm|x64.ActiveCfg = Release|Any CPU
		{ADF4AB46-FECA-4C81-9B84-700E87E5CFC5}.Storm|x64.Build.0 = Release|Any CPU
		{ADF4AB46-FECA-4C81-9B84-700E87E5CFC5}.Storm|x86.ActiveCfg = Release|Any CPU
		{ADF4AB46-FECA-4C81-9B84-700E87E5CFC5}.Storm|x86.Build.0 = Release|Any CPU
		{ADF4AB46-FECA-4C81-9B84-700E87E5CFC5}.Test|Any CPU.ActiveCfg = Release|Any CPU
		{ADF4AB46-FECA-4C81-9B84-700E87E5CFC5}.Test|Any CPU.Build.0 = Release|Any CPU
		{ADF4AB46-FECA-4C81-9B84-700E87E5CFC5}.Test|x64.ActiveCfg = Release|Any CPU
		{ADF4AB46-FECA-4C81-9B84-700E87E5CFC5}.Test|x64.Build.0 = Release|Any CPU
		{ADF4AB46-FECA-4C81-9B84-700E87E5CFC5}.Test|x86.ActiveCfg = Release|Any CPU
		{ADF4AB46-FECA-4C81-9B84-700E87E5CFC5}.Test|x86.Build.0 = Release|Any CPU
		{236063A8-2D52-4A7E-B2A6-8098CC0804D1}.Debug|Any CPU.ActiveCfg = Debug|Any CPU
		{236063A8-2D52-4A7E-B2A6-8098CC0804D1}.Debug|Any CPU.Build.0 = Debug|Any CPU
		{236063A8-2D52-4A7E-B2A6-8098CC0804D1}.Debug|x64.ActiveCfg = Debug|Any CPU
		{236063A8-2D52-4A7E-B2A6-8098CC0804D1}.Debug|x64.Build.0 = Debug|Any CPU
		{236063A8-2D52-4A7E-B2A6-8098CC0804D1}.Debug|x86.ActiveCfg = Debug|Any CPU
		{236063A8-2D52-4A7E-B2A6-8098CC0804D1}.Debug|x86.Build.0 = Debug|Any CPU
		{236063A8-2D52-4A7E-B2A6-8098CC0804D1}.Release|Any CPU.ActiveCfg = Release|Any CPU
		{236063A8-2D52-4A7E-B2A6-8098CC0804D1}.Release|Any CPU.Build.0 = Release|Any CPU
		{236063A8-2D52-4A7E-B2A6-8098CC0804D1}.Release|x64.ActiveCfg = Release|Any CPU
		{236063A8-2D52-4A7E-B2A6-8098CC0804D1}.Release|x64.Build.0 = Release|Any CPU
		{236063A8-2D52-4A7E-B2A6-8098CC0804D1}.Release|x86.ActiveCfg = Release|Any CPU
		{236063A8-2D52-4A7E-B2A6-8098CC0804D1}.Release|x86.Build.0 = Release|Any CPU
		{236063A8-2D52-4A7E-B2A6-8098CC0804D1}.Secert|Any CPU.ActiveCfg = Release|Any CPU
		{236063A8-2D52-4A7E-B2A6-8098CC0804D1}.Secert|Any CPU.Build.0 = Release|Any CPU
		{236063A8-2D52-4A7E-B2A6-8098CC0804D1}.Secert|x64.ActiveCfg = Release|Any CPU
		{236063A8-2D52-4A7E-B2A6-8098CC0804D1}.Secert|x64.Build.0 = Release|Any CPU
		{236063A8-2D52-4A7E-B2A6-8098CC0804D1}.Secert|x86.ActiveCfg = Release|Any CPU
		{236063A8-2D52-4A7E-B2A6-8098CC0804D1}.Secert|x86.Build.0 = Release|Any CPU
		{236063A8-2D52-4A7E-B2A6-8098CC0804D1}.Storm|Any CPU.ActiveCfg = Release|Any CPU
		{236063A8-2D52-4A7E-B2A6-8098CC0804D1}.Storm|Any CPU.Build.0 = Release|Any CPU
		{236063A8-2D52-4A7E-B2A6-8098CC0804D1}.Storm|x64.ActiveCfg = Release|Any CPU
		{236063A8-2D52-4A7E-B2A6-8098CC0804D1}.Storm|x64.Build.0 = Release|Any CPU
		{236063A8-2D52-4A7E-B2A6-8098CC0804D1}.Storm|x86.ActiveCfg = Release|Any CPU
		{236063A8-2D52-4A7E-B2A6-8098CC0804D1}.Storm|x86.Build.0 = Release|Any CPU
		{236063A8-2D52-4A7E-B2A6-8098CC0804D1}.Test|Any CPU.ActiveCfg = Release|Any CPU
		{236063A8-2D52-4A7E-B2A6-8098CC0804D1}.Test|Any CPU.Build.0 = Release|Any CPU
		{236063A8-2D52-4A7E-B2A6-8098CC0804D1}.Test|x64.ActiveCfg = Release|Any CPU
		{236063A8-2D52-4A7E-B2A6-8098CC0804D1}.Test|x64.Build.0 = Release|Any CPU
		{236063A8-2D52-4A7E-B2A6-8098CC0804D1}.Test|x86.ActiveCfg = Release|Any CPU
		{236063A8-2D52-4A7E-B2A6-8098CC0804D1}.Test|x86.Build.0 = Release|Any CPU
		{A5E7B116-8C31-45A7-A95E-697A8D2121FC}.Debug|Any CPU.ActiveCfg = Debug|Any CPU
		{A5E7B116-8C31-45A7-A95E-697A8D2121FC}.Debug|Any CPU.Build.0 = Debug|Any CPU
		{A5E7B116-8C31-45A7-A95E-697A8D2121FC}.Debug|x64.ActiveCfg = Debug|Any CPU
		{A5E7B116-8C31-45A7-A95E-697A8D2121FC}.Debug|x64.Build.0 = Debug|Any CPU
		{A5E7B116-8C31-45A7-A95E-697A8D2121FC}.Debug|x86.ActiveCfg = Debug|Any CPU
		{A5E7B116-8C31-45A7-A95E-697A8D2121FC}.Debug|x86.Build.0 = Debug|Any CPU
		{A5E7B116-8C31-45A7-A95E-697A8D2121FC}.Release|Any CPU.ActiveCfg = Release|Any CPU
		{A5E7B116-8C31-45A7-A95E-697A8D2121FC}.Release|Any CPU.Build.0 = Release|Any CPU
		{A5E7B116-8C31-45A7-A95E-697A8D2121FC}.Release|x64.ActiveCfg = Release|Any CPU
		{A5E7B116-8C31-45A7-A95E-697A8D2121FC}.Release|x64.Build.0 = Release|Any CPU
		{A5E7B116-8C31-45A7-A95E-697A8D2121FC}.Release|x86.ActiveCfg = Release|Any CPU
		{A5E7B116-8C31-45A7-A95E-697A8D2121FC}.Release|x86.Build.0 = Release|Any CPU
		{A5E7B116-8C31-45A7-A95E-697A8D2121FC}.Secert|Any CPU.ActiveCfg = Release|Any CPU
		{A5E7B116-8C31-45A7-A95E-697A8D2121FC}.Secert|Any CPU.Build.0 = Release|Any CPU
		{A5E7B116-8C31-45A7-A95E-697A8D2121FC}.Secert|x64.ActiveCfg = Release|Any CPU
		{A5E7B116-8C31-45A7-A95E-697A8D2121FC}.Secert|x64.Build.0 = Release|Any CPU
		{A5E7B116-8C31-45A7-A95E-697A8D2121FC}.Secert|x86.ActiveCfg = Release|Any CPU
		{A5E7B116-8C31-45A7-A95E-697A8D2121FC}.Secert|x86.Build.0 = Release|Any CPU
		{A5E7B116-8C31-45A7-A95E-697A8D2121FC}.Storm|Any CPU.ActiveCfg = Release|Any CPU
		{A5E7B116-8C31-45A7-A95E-697A8D2121FC}.Storm|Any CPU.Build.0 = Release|Any CPU
		{A5E7B116-8C31-45A7-A95E-697A8D2121FC}.Storm|x64.ActiveCfg = Release|Any CPU
		{A5E7B116-8C31-45A7-A95E-697A8D2121FC}.Storm|x64.Build.0 = Release|Any CPU
		{A5E7B116-8C31-45A7-A95E-697A8D2121FC}.Storm|x86.ActiveCfg = Release|Any CPU
		{A5E7B116-8C31-45A7-A95E-697A8D2121FC}.Storm|x86.Build.0 = Release|Any CPU
		{A5E7B116-8C31-45A7-A95E-697A8D2121FC}.Test|Any CPU.ActiveCfg = Release|Any CPU
		{A5E7B116-8C31-45A7-A95E-697A8D2121FC}.Test|Any CPU.Build.0 = Release|Any CPU
		{A5E7B116-8C31-45A7-A95E-697A8D2121FC}.Test|x64.ActiveCfg = Release|Any CPU
		{A5E7B116-8C31-45A7-A95E-697A8D2121FC}.Test|x64.Build.0 = Release|Any CPU
		{A5E7B116-8C31-45A7-A95E-697A8D2121FC}.Test|x86.ActiveCfg = Release|Any CPU
		{A5E7B116-8C31-45A7-A95E-697A8D2121FC}.Test|x86.Build.0 = Release|Any CPU
		{AD023BBC-0A10-4716-AD27-7D99C68B758D}.Debug|Any CPU.ActiveCfg = Debug|Any CPU
		{AD023BBC-0A10-4716-AD27-7D99C68B758D}.Debug|Any CPU.Build.0 = Debug|Any CPU
		{AD023BBC-0A10-4716-AD27-7D99C68B758D}.Debug|x64.ActiveCfg = Debug|Any CPU
		{AD023BBC-0A10-4716-AD27-7D99C68B758D}.Debug|x64.Build.0 = Debug|Any CPU
		{AD023BBC-0A10-4716-AD27-7D99C68B758D}.Debug|x86.ActiveCfg = Debug|Any CPU
		{AD023BBC-0A10-4716-AD27-7D99C68B758D}.Debug|x86.Build.0 = Debug|Any CPU
		{AD023BBC-0A10-4716-AD27-7D99C68B758D}.Release|Any CPU.ActiveCfg = Release|Any CPU
		{AD023BBC-0A10-4716-AD27-7D99C68B758D}.Release|Any CPU.Build.0 = Release|Any CPU
		{AD023BBC-0A10-4716-AD27-7D99C68B758D}.Release|x64.ActiveCfg = Release|Any CPU
		{AD023BBC-0A10-4716-AD27-7D99C68B758D}.Release|x64.Build.0 = Release|Any CPU
		{AD023BBC-0A10-4716-AD27-7D99C68B758D}.Release|x86.ActiveCfg = Release|Any CPU
		{AD023BBC-0A10-4716-AD27-7D99C68B758D}.Release|x86.Build.0 = Release|Any CPU
		{AD023BBC-0A10-4716-AD27-7D99C68B758D}.Secert|Any CPU.ActiveCfg = Release|Any CPU
		{AD023BBC-0A10-4716-AD27-7D99C68B758D}.Secert|Any CPU.Build.0 = Release|Any CPU
		{AD023BBC-0A10-4716-AD27-7D99C68B758D}.Secert|x64.ActiveCfg = Release|Any CPU
		{AD023BBC-0A10-4716-AD27-7D99C68B758D}.Secert|x64.Build.0 = Release|Any CPU
		{AD023BBC-0A10-4716-AD27-7D99C68B758D}.Secert|x86.ActiveCfg = Release|Any CPU
		{AD023BBC-0A10-4716-AD27-7D99C68B758D}.Secert|x86.Build.0 = Release|Any CPU
		{AD023BBC-0A10-4716-AD27-7D99C68B758D}.Storm|Any CPU.ActiveCfg = Release|Any CPU
		{AD023BBC-0A10-4716-AD27-7D99C68B758D}.Storm|Any CPU.Build.0 = Release|Any CPU
		{AD023BBC-0A10-4716-AD27-7D99C68B758D}.Storm|x64.ActiveCfg = Release|Any CPU
		{AD023BBC-0A10-4716-AD27-7D99C68B758D}.Storm|x64.Build.0 = Release|Any CPU
		{AD023BBC-0A10-4716-AD27-7D99C68B758D}.Storm|x86.ActiveCfg = Release|Any CPU
		{AD023BBC-0A10-4716-AD27-7D99C68B758D}.Storm|x86.Build.0 = Release|Any CPU
		{AD023BBC-0A10-4716-AD27-7D99C68B758D}.Test|Any CPU.ActiveCfg = Release|Any CPU
		{AD023BBC-0A10-4716-AD27-7D99C68B758D}.Test|Any CPU.Build.0 = Release|Any CPU
		{AD023BBC-0A10-4716-AD27-7D99C68B758D}.Test|x64.ActiveCfg = Release|Any CPU
		{AD023BBC-0A10-4716-AD27-7D99C68B758D}.Test|x64.Build.0 = Release|Any CPU
		{AD023BBC-0A10-4716-AD27-7D99C68B758D}.Test|x86.ActiveCfg = Release|Any CPU
		{AD023BBC-0A10-4716-AD27-7D99C68B758D}.Test|x86.Build.0 = Release|Any CPU
		{297DDF14-9836-42B1-AE49-E8C29B9CA943}.Debug|Any CPU.ActiveCfg = Debug|Any CPU
		{297DDF14-9836-42B1-AE49-E8C29B9CA943}.Debug|Any CPU.Build.0 = Debug|Any CPU
		{297DDF14-9836-42B1-AE49-E8C29B9CA943}.Debug|x64.ActiveCfg = Debug|Any CPU
		{297DDF14-9836-42B1-AE49-E8C29B9CA943}.Debug|x64.Build.0 = Debug|Any CPU
		{297DDF14-9836-42B1-AE49-E8C29B9CA943}.Debug|x86.ActiveCfg = Debug|Any CPU
		{297DDF14-9836-42B1-AE49-E8C29B9CA943}.Debug|x86.Build.0 = Debug|Any CPU
		{297DDF14-9836-42B1-AE49-E8C29B9CA943}.Release|Any CPU.ActiveCfg = Release|Any CPU
		{297DDF14-9836-42B1-AE49-E8C29B9CA943}.Release|Any CPU.Build.0 = Release|Any CPU
		{297DDF14-9836-42B1-AE49-E8C29B9CA943}.Release|x64.ActiveCfg = Release|Any CPU
		{297DDF14-9836-42B1-AE49-E8C29B9CA943}.Release|x64.Build.0 = Release|Any CPU
		{297DDF14-9836-42B1-AE49-E8C29B9CA943}.Release|x86.ActiveCfg = Release|Any CPU
		{297DDF14-9836-42B1-AE49-E8C29B9CA943}.Release|x86.Build.0 = Release|Any CPU
		{297DDF14-9836-42B1-AE49-E8C29B9CA943}.Secert|Any CPU.ActiveCfg = Release|Any CPU
		{297DDF14-9836-42B1-AE49-E8C29B9CA943}.Secert|Any CPU.Build.0 = Release|Any CPU
		{297DDF14-9836-42B1-AE49-E8C29B9CA943}.Secert|x64.ActiveCfg = Release|Any CPU
		{297DDF14-9836-42B1-AE49-E8C29B9CA943}.Secert|x64.Build.0 = Release|Any CPU
		{297DDF14-9836-42B1-AE49-E8C29B9CA943}.Secert|x86.ActiveCfg = Release|Any CPU
		{297DDF14-9836-42B1-AE49-E8C29B9CA943}.Secert|x86.Build.0 = Release|Any CPU
		{297DDF14-9836-42B1-AE49-E8C29B9CA943}.Storm|Any CPU.ActiveCfg = Release|Any CPU
		{297DDF14-9836-42B1-AE49-E8C29B9CA943}.Storm|Any CPU.Build.0 = Release|Any CPU
		{297DDF14-9836-42B1-AE49-E8C29B9CA943}.Storm|x64.ActiveCfg = Release|Any CPU
		{297DDF14-9836-42B1-AE49-E8C29B9CA943}.Storm|x64.Build.0 = Release|Any CPU
		{297DDF14-9836-42B1-AE49-E8C29B9CA943}.Storm|x86.ActiveCfg = Release|Any CPU
		{297DDF14-9836-42B1-AE49-E8C29B9CA943}.Storm|x86.Build.0 = Release|Any CPU
		{297DDF14-9836-42B1-AE49-E8C29B9CA943}.Test|Any CPU.ActiveCfg = Release|Any CPU
		{297DDF14-9836-42B1-AE49-E8C29B9CA943}.Test|Any CPU.Build.0 = Release|Any CPU
		{297DDF14-9836-42B1-AE49-E8C29B9CA943}.Test|x64.ActiveCfg = Release|Any CPU
		{297DDF14-9836-42B1-AE49-E8C29B9CA943}.Test|x64.Build.0 = Release|Any CPU
		{297DDF14-9836-42B1-AE49-E8C29B9CA943}.Test|x86.ActiveCfg = Release|Any CPU
		{297DDF14-9836-42B1-AE49-E8C29B9CA943}.Test|x86.Build.0 = Release|Any CPU
		{A4295497-A3EA-449F-8371-75ED0CDC0C90}.Debug|Any CPU.ActiveCfg = Debug|Any CPU
		{A4295497-A3EA-449F-8371-75ED0CDC0C90}.Debug|Any CPU.Build.0 = Debug|Any CPU
		{A4295497-A3EA-449F-8371-75ED0CDC0C90}.Debug|x64.ActiveCfg = Debug|Any CPU
		{A4295497-A3EA-449F-8371-75ED0CDC0C90}.Debug|x64.Build.0 = Debug|Any CPU
		{A4295497-A3EA-449F-8371-75ED0CDC0C90}.Debug|x86.ActiveCfg = Debug|Any CPU
		{A4295497-A3EA-449F-8371-75ED0CDC0C90}.Debug|x86.Build.0 = Debug|Any CPU
		{A4295497-A3EA-449F-8371-75ED0CDC0C90}.Release|Any CPU.ActiveCfg = Release|Any CPU
		{A4295497-A3EA-449F-8371-75ED0CDC0C90}.Release|Any CPU.Build.0 = Release|Any CPU
		{A4295497-A3EA-449F-8371-75ED0CDC0C90}.Release|x64.ActiveCfg = Release|Any CPU
		{A4295497-A3EA-449F-8371-75ED0CDC0C90}.Release|x64.Build.0 = Release|Any CPU
		{A4295497-A3EA-449F-8371-75ED0CDC0C90}.Release|x86.ActiveCfg = Release|Any CPU
		{A4295497-A3EA-449F-8371-75ED0CDC0C90}.Release|x86.Build.0 = Release|Any CPU
		{A4295497-A3EA-449F-8371-75ED0CDC0C90}.Secert|Any CPU.ActiveCfg = Release|Any CPU
		{A4295497-A3EA-449F-8371-75ED0CDC0C90}.Secert|Any CPU.Build.0 = Release|Any CPU
		{A4295497-A3EA-449F-8371-75ED0CDC0C90}.Secert|x64.ActiveCfg = Release|Any CPU
		{A4295497-A3EA-449F-8371-75ED0CDC0C90}.Secert|x64.Build.0 = Release|Any CPU
		{A4295497-A3EA-449F-8371-75ED0CDC0C90}.Secert|x86.ActiveCfg = Release|Any CPU
		{A4295497-A3EA-449F-8371-75ED0CDC0C90}.Secert|x86.Build.0 = Release|Any CPU
		{A4295497-A3EA-449F-8371-75ED0CDC0C90}.Storm|Any CPU.ActiveCfg = Release|Any CPU
		{A4295497-A3EA-449F-8371-75ED0CDC0C90}.Storm|Any CPU.Build.0 = Release|Any CPU
		{A4295497-A3EA-449F-8371-75ED0CDC0C90}.Storm|x64.ActiveCfg = Release|Any CPU
		{A4295497-A3EA-449F-8371-75ED0CDC0C90}.Storm|x64.Build.0 = Release|Any CPU
		{A4295497-A3EA-449F-8371-75ED0CDC0C90}.Storm|x86.ActiveCfg = Release|Any CPU
		{A4295497-A3EA-449F-8371-75ED0CDC0C90}.Storm|x86.Build.0 = Release|Any CPU
		{A4295497-A3EA-449F-8371-75ED0CDC0C90}.Test|Any CPU.ActiveCfg = Release|Any CPU
		{A4295497-A3EA-449F-8371-75ED0CDC0C90}.Test|Any CPU.Build.0 = Release|Any CPU
		{A4295497-A3EA-449F-8371-75ED0CDC0C90}.Test|x64.ActiveCfg = Release|Any CPU
		{A4295497-A3EA-449F-8371-75ED0CDC0C90}.Test|x64.Build.0 = Release|Any CPU
		{A4295497-A3EA-449F-8371-75ED0CDC0C90}.Test|x86.ActiveCfg = Release|Any CPU
		{A4295497-A3EA-449F-8371-75ED0CDC0C90}.Test|x86.Build.0 = Release|Any CPU
		{AF87FFB7-C78A-4745-8BA9-A4E84459C0B5}.Debug|Any CPU.ActiveCfg = Debug|Any CPU
		{AF87FFB7-C78A-4745-8BA9-A4E84459C0B5}.Debug|Any CPU.Build.0 = Debug|Any CPU
		{AF87FFB7-C78A-4745-8BA9-A4E84459C0B5}.Debug|x64.ActiveCfg = Debug|Any CPU
		{AF87FFB7-C78A-4745-8BA9-A4E84459C0B5}.Debug|x64.Build.0 = Debug|Any CPU
		{AF87FFB7-C78A-4745-8BA9-A4E84459C0B5}.Debug|x86.ActiveCfg = Debug|Any CPU
		{AF87FFB7-C78A-4745-8BA9-A4E84459C0B5}.Debug|x86.Build.0 = Debug|Any CPU
		{AF87FFB7-C78A-4745-8BA9-A4E84459C0B5}.Release|Any CPU.ActiveCfg = Release|Any CPU
		{AF87FFB7-C78A-4745-8BA9-A4E84459C0B5}.Release|Any CPU.Build.0 = Release|Any CPU
		{AF87FFB7-C78A-4745-8BA9-A4E84459C0B5}.Release|x64.ActiveCfg = Release|Any CPU
		{AF87FFB7-C78A-4745-8BA9-A4E84459C0B5}.Release|x64.Build.0 = Release|Any CPU
		{AF87FFB7-C78A-4745-8BA9-A4E84459C0B5}.Release|x86.ActiveCfg = Release|Any CPU
		{AF87FFB7-C78A-4745-8BA9-A4E84459C0B5}.Release|x86.Build.0 = Release|Any CPU
		{AF87FFB7-C78A-4745-8BA9-A4E84459C0B5}.Secert|Any CPU.ActiveCfg = Release|Any CPU
		{AF87FFB7-C78A-4745-8BA9-A4E84459C0B5}.Secert|Any CPU.Build.0 = Release|Any CPU
		{AF87FFB7-C78A-4745-8BA9-A4E84459C0B5}.Secert|x64.ActiveCfg = Release|Any CPU
		{AF87FFB7-C78A-4745-8BA9-A4E84459C0B5}.Secert|x64.Build.0 = Release|Any CPU
		{AF87FFB7-C78A-4745-8BA9-A4E84459C0B5}.Secert|x86.ActiveCfg = Release|Any CPU
		{AF87FFB7-C78A-4745-8BA9-A4E84459C0B5}.Secert|x86.Build.0 = Release|Any CPU
		{AF87FFB7-C78A-4745-8BA9-A4E84459C0B5}.Storm|Any CPU.ActiveCfg = Release|Any CPU
		{AF87FFB7-C78A-4745-8BA9-A4E84459C0B5}.Storm|Any CPU.Build.0 = Release|Any CPU
		{AF87FFB7-C78A-4745-8BA9-A4E84459C0B5}.Storm|x64.ActiveCfg = Release|Any CPU
		{AF87FFB7-C78A-4745-8BA9-A4E84459C0B5}.Storm|x64.Build.0 = Release|Any CPU
		{AF87FFB7-C78A-4745-8BA9-A4E84459C0B5}.Storm|x86.ActiveCfg = Release|Any CPU
		{AF87FFB7-C78A-4745-8BA9-A4E84459C0B5}.Storm|x86.Build.0 = Release|Any CPU
		{AF87FFB7-C78A-4745-8BA9-A4E84459C0B5}.Test|Any CPU.ActiveCfg = Release|Any CPU
		{AF87FFB7-C78A-4745-8BA9-A4E84459C0B5}.Test|Any CPU.Build.0 = Release|Any CPU
		{AF87FFB7-C78A-4745-8BA9-A4E84459C0B5}.Test|x64.ActiveCfg = Release|Any CPU
		{AF87FFB7-C78A-4745-8BA9-A4E84459C0B5}.Test|x64.Build.0 = Release|Any CPU
		{AF87FFB7-C78A-4745-8BA9-A4E84459C0B5}.Test|x86.ActiveCfg = Release|Any CPU
		{AF87FFB7-C78A-4745-8BA9-A4E84459C0B5}.Test|x86.Build.0 = Release|Any CPU
		{21EF013D-753D-44D7-AD6C-CBE8D3CBDA36}.Debug|Any CPU.ActiveCfg = Debug|Any CPU
		{21EF013D-753D-44D7-AD6C-CBE8D3CBDA36}.Debug|Any CPU.Build.0 = Debug|Any CPU
		{21EF013D-753D-44D7-AD6C-CBE8D3CBDA36}.Debug|x64.ActiveCfg = Debug|Any CPU
		{21EF013D-753D-44D7-AD6C-CBE8D3CBDA36}.Debug|x64.Build.0 = Debug|Any CPU
		{21EF013D-753D-44D7-AD6C-CBE8D3CBDA36}.Debug|x86.ActiveCfg = Debug|Any CPU
		{21EF013D-753D-44D7-AD6C-CBE8D3CBDA36}.Debug|x86.Build.0 = Debug|Any CPU
		{21EF013D-753D-44D7-AD6C-CBE8D3CBDA36}.Release|Any CPU.ActiveCfg = Release|Any CPU
		{21EF013D-753D-44D7-AD6C-CBE8D3CBDA36}.Release|Any CPU.Build.0 = Release|Any CPU
		{21EF013D-753D-44D7-AD6C-CBE8D3CBDA36}.Release|x64.ActiveCfg = Release|Any CPU
		{21EF013D-753D-44D7-AD6C-CBE8D3CBDA36}.Release|x64.Build.0 = Release|Any CPU
		{21EF013D-753D-44D7-AD6C-CBE8D3CBDA36}.Release|x86.ActiveCfg = Release|Any CPU
		{21EF013D-753D-44D7-AD6C-CBE8D3CBDA36}.Release|x86.Build.0 = Release|Any CPU
		{21EF013D-753D-44D7-AD6C-CBE8D3CBDA36}.Secert|Any CPU.ActiveCfg = Release|Any CPU
		{21EF013D-753D-44D7-AD6C-CBE8D3CBDA36}.Secert|Any CPU.Build.0 = Release|Any CPU
		{21EF013D-753D-44D7-AD6C-CBE8D3CBDA36}.Secert|x64.ActiveCfg = Release|Any CPU
		{21EF013D-753D-44D7-AD6C-CBE8D3CBDA36}.Secert|x64.Build.0 = Release|Any CPU
		{21EF013D-753D-44D7-AD6C-CBE8D3CBDA36}.Secert|x86.ActiveCfg = Release|Any CPU
		{21EF013D-753D-44D7-AD6C-CBE8D3CBDA36}.Secert|x86.Build.0 = Release|Any CPU
		{21EF013D-753D-44D7-AD6C-CBE8D3CBDA36}.Storm|Any CPU.ActiveCfg = Release|Any CPU
		{21EF013D-753D-44D7-AD6C-CBE8D3CBDA36}.Storm|Any CPU.Build.0 = Release|Any CPU
		{21EF013D-753D-44D7-AD6C-CBE8D3CBDA36}.Storm|x64.ActiveCfg = Release|Any CPU
		{21EF013D-753D-44D7-AD6C-CBE8D3CBDA36}.Storm|x64.Build.0 = Release|Any CPU
		{21EF013D-753D-44D7-AD6C-CBE8D3CBDA36}.Storm|x86.ActiveCfg = Release|Any CPU
		{21EF013D-753D-44D7-AD6C-CBE8D3CBDA36}.Storm|x86.Build.0 = Release|Any CPU
		{21EF013D-753D-44D7-AD6C-CBE8D3CBDA36}.Test|Any CPU.ActiveCfg = Release|Any CPU
		{21EF013D-753D-44D7-AD6C-CBE8D3CBDA36}.Test|Any CPU.Build.0 = Release|Any CPU
		{21EF013D-753D-44D7-AD6C-CBE8D3CBDA36}.Test|x64.ActiveCfg = Release|Any CPU
		{21EF013D-753D-44D7-AD6C-CBE8D3CBDA36}.Test|x64.Build.0 = Release|Any CPU
		{21EF013D-753D-44D7-AD6C-CBE8D3CBDA36}.Test|x86.ActiveCfg = Release|Any CPU
		{21EF013D-753D-44D7-AD6C-CBE8D3CBDA36}.Test|x86.Build.0 = Release|Any CPU
		{4A83E8F0-A82B-4875-AA26-51BF68694E55}.Debug|Any CPU.ActiveCfg = Debug|Any CPU
		{4A83E8F0-A82B-4875-AA26-51BF68694E55}.Debug|Any CPU.Build.0 = Debug|Any CPU
		{4A83E8F0-A82B-4875-AA26-51BF68694E55}.Debug|x64.ActiveCfg = Debug|Any CPU
		{4A83E8F0-A82B-4875-AA26-51BF68694E55}.Debug|x64.Build.0 = Debug|Any CPU
		{4A83E8F0-A82B-4875-AA26-51BF68694E55}.Debug|x86.ActiveCfg = Debug|Any CPU
		{4A83E8F0-A82B-4875-AA26-51BF68694E55}.Debug|x86.Build.0 = Debug|Any CPU
		{4A83E8F0-A82B-4875-AA26-51BF68694E55}.Release|Any CPU.ActiveCfg = Release|Any CPU
		{4A83E8F0-A82B-4875-AA26-51BF68694E55}.Release|Any CPU.Build.0 = Release|Any CPU
		{4A83E8F0-A82B-4875-AA26-51BF68694E55}.Release|x64.ActiveCfg = Release|Any CPU
		{4A83E8F0-A82B-4875-AA26-51BF68694E55}.Release|x64.Build.0 = Release|Any CPU
		{4A83E8F0-A82B-4875-AA26-51BF68694E55}.Release|x86.ActiveCfg = Release|Any CPU
		{4A83E8F0-A82B-4875-AA26-51BF68694E55}.Release|x86.Build.0 = Release|Any CPU
		{4A83E8F0-A82B-4875-AA26-51BF68694E55}.Secert|Any CPU.ActiveCfg = Release|Any CPU
		{4A83E8F0-A82B-4875-AA26-51BF68694E55}.Secert|Any CPU.Build.0 = Release|Any CPU
		{4A83E8F0-A82B-4875-AA26-51BF68694E55}.Secert|x64.ActiveCfg = Release|Any CPU
		{4A83E8F0-A82B-4875-AA26-51BF68694E55}.Secert|x64.Build.0 = Release|Any CPU
		{4A83E8F0-A82B-4875-AA26-51BF68694E55}.Secert|x86.ActiveCfg = Release|Any CPU
		{4A83E8F0-A82B-4875-AA26-51BF68694E55}.Secert|x86.Build.0 = Release|Any CPU
		{4A83E8F0-A82B-4875-AA26-51BF68694E55}.Storm|Any CPU.ActiveCfg = Release|Any CPU
		{4A83E8F0-A82B-4875-AA26-51BF68694E55}.Storm|Any CPU.Build.0 = Release|Any CPU
		{4A83E8F0-A82B-4875-AA26-51BF68694E55}.Storm|x64.ActiveCfg = Release|Any CPU
		{4A83E8F0-A82B-4875-AA26-51BF68694E55}.Storm|x64.Build.0 = Release|Any CPU
		{4A83E8F0-A82B-4875-AA26-51BF68694E55}.Storm|x86.ActiveCfg = Release|Any CPU
		{4A83E8F0-A82B-4875-AA26-51BF68694E55}.Storm|x86.Build.0 = Release|Any CPU
		{4A83E8F0-A82B-4875-AA26-51BF68694E55}.Test|Any CPU.ActiveCfg = Release|Any CPU
		{4A83E8F0-A82B-4875-AA26-51BF68694E55}.Test|Any CPU.Build.0 = Release|Any CPU
		{4A83E8F0-A82B-4875-AA26-51BF68694E55}.Test|x64.ActiveCfg = Release|Any CPU
		{4A83E8F0-A82B-4875-AA26-51BF68694E55}.Test|x64.Build.0 = Release|Any CPU
		{4A83E8F0-A82B-4875-AA26-51BF68694E55}.Test|x86.ActiveCfg = Release|Any CPU
		{4A83E8F0-A82B-4875-AA26-51BF68694E55}.Test|x86.Build.0 = Release|Any CPU
		{763EEC30-39F9-4571-BC91-E583FAA46D77}.Debug|Any CPU.ActiveCfg = Debug|Any CPU
		{763EEC30-39F9-4571-BC91-E583FAA46D77}.Debug|Any CPU.Build.0 = Debug|Any CPU
		{763EEC30-39F9-4571-BC91-E583FAA46D77}.Debug|x64.ActiveCfg = Debug|x64
		{763EEC30-39F9-4571-BC91-E583FAA46D77}.Debug|x64.Build.0 = Debug|x64
		{763EEC30-39F9-4571-BC91-E583FAA46D77}.Debug|x86.ActiveCfg = Debug|x86
		{763EEC30-39F9-4571-BC91-E583FAA46D77}.Debug|x86.Build.0 = Debug|x86
		{763EEC30-39F9-4571-BC91-E583FAA46D77}.Release|Any CPU.ActiveCfg = Release|Any CPU
		{763EEC30-39F9-4571-BC91-E583FAA46D77}.Release|Any CPU.Build.0 = Release|Any CPU
		{763EEC30-39F9-4571-BC91-E583FAA46D77}.Release|x64.ActiveCfg = Release|x64
		{763EEC30-39F9-4571-BC91-E583FAA46D77}.Release|x64.Build.0 = Release|x64
		{763EEC30-39F9-4571-BC91-E583FAA46D77}.Release|x86.ActiveCfg = Release|x86
		{763EEC30-39F9-4571-BC91-E583FAA46D77}.Release|x86.Build.0 = Release|x86
		{763EEC30-39F9-4571-BC91-E583FAA46D77}.Secert|Any CPU.ActiveCfg = Secert|Any CPU
		{763EEC30-39F9-4571-BC91-E583FAA46D77}.Secert|Any CPU.Build.0 = Secert|Any CPU
		{763EEC30-39F9-4571-BC91-E583FAA46D77}.Secert|x64.ActiveCfg = Secert|x64
		{763EEC30-39F9-4571-BC91-E583FAA46D77}.Secert|x64.Build.0 = Secert|x64
		{763EEC30-39F9-4571-BC91-E583FAA46D77}.Secert|x86.ActiveCfg = Secert|x86
		{763EEC30-39F9-4571-BC91-E583FAA46D77}.Secert|x86.Build.0 = Secert|x86
		{763EEC30-39F9-4571-BC91-E583FAA46D77}.Storm|Any CPU.ActiveCfg = Secert|Any CPU
		{763EEC30-39F9-4571-BC91-E583FAA46D77}.Storm|Any CPU.Build.0 = Secert|Any CPU
		{763EEC30-39F9-4571-BC91-E583FAA46D77}.Storm|x64.ActiveCfg = Secert|x64
		{763EEC30-39F9-4571-BC91-E583FAA46D77}.Storm|x64.Build.0 = Secert|x64
		{763EEC30-39F9-4571-BC91-E583FAA46D77}.Storm|x86.ActiveCfg = Secert|x86
		{763EEC30-39F9-4571-BC91-E583FAA46D77}.Storm|x86.Build.0 = Secert|x86
		{763EEC30-39F9-4571-BC91-E583FAA46D77}.Test|Any CPU.ActiveCfg = Secert|Any CPU
		{763EEC30-39F9-4571-BC91-E583FAA46D77}.Test|Any CPU.Build.0 = Secert|Any CPU
		{763EEC30-39F9-4571-BC91-E583FAA46D77}.Test|x64.ActiveCfg = Secert|x64
		{763EEC30-39F9-4571-BC91-E583FAA46D77}.Test|x64.Build.0 = Secert|x64
		{763EEC30-39F9-4571-BC91-E583FAA46D77}.Test|x86.ActiveCfg = Secert|x86
		{763EEC30-39F9-4571-BC91-E583FAA46D77}.Test|x86.Build.0 = Secert|x86
		{31ED7A85-5061-4D15-BB3B-B5BE53130D42}.Debug|Any CPU.ActiveCfg = Debug|Any CPU
		{31ED7A85-5061-4D15-BB3B-B5BE53130D42}.Debug|Any CPU.Build.0 = Debug|Any CPU
		{31ED7A85-5061-4D15-BB3B-B5BE53130D42}.Debug|x64.ActiveCfg = Debug|x64
		{31ED7A85-5061-4D15-BB3B-B5BE53130D42}.Debug|x64.Build.0 = Debug|x64
		{31ED7A85-5061-4D15-BB3B-B5BE53130D42}.Debug|x86.ActiveCfg = Debug|x86
		{31ED7A85-5061-4D15-BB3B-B5BE53130D42}.Debug|x86.Build.0 = Debug|x86
		{31ED7A85-5061-4D15-BB3B-B5BE53130D42}.Release|Any CPU.ActiveCfg = Release|Any CPU
		{31ED7A85-5061-4D15-BB3B-B5BE53130D42}.Release|Any CPU.Build.0 = Release|Any CPU
		{31ED7A85-5061-4D15-BB3B-B5BE53130D42}.Release|x64.ActiveCfg = Release|x64
		{31ED7A85-5061-4D15-BB3B-B5BE53130D42}.Release|x64.Build.0 = Release|x64
		{31ED7A85-5061-4D15-BB3B-B5BE53130D42}.Release|x86.ActiveCfg = Release|x86
		{31ED7A85-5061-4D15-BB3B-B5BE53130D42}.Release|x86.Build.0 = Release|x86
		{31ED7A85-5061-4D15-BB3B-B5BE53130D42}.Secert|Any CPU.ActiveCfg = Secert|Any CPU
		{31ED7A85-5061-4D15-BB3B-B5BE53130D42}.Secert|Any CPU.Build.0 = Secert|Any CPU
		{31ED7A85-5061-4D15-BB3B-B5BE53130D42}.Secert|x64.ActiveCfg = Secert|x64
		{31ED7A85-5061-4D15-BB3B-B5BE53130D42}.Secert|x64.Build.0 = Secert|x64
		{31ED7A85-5061-4D15-BB3B-B5BE53130D42}.Secert|x86.ActiveCfg = Secert|x86
		{31ED7A85-5061-4D15-BB3B-B5BE53130D42}.Secert|x86.Build.0 = Secert|x86
		{31ED7A85-5061-4D15-BB3B-B5BE53130D42}.Storm|Any CPU.ActiveCfg = Storm|Any CPU
		{31ED7A85-5061-4D15-BB3B-B5BE53130D42}.Storm|Any CPU.Build.0 = Storm|Any CPU
		{31ED7A85-5061-4D15-BB3B-B5BE53130D42}.Storm|x64.ActiveCfg = Storm|x64
		{31ED7A85-5061-4D15-BB3B-B5BE53130D42}.Storm|x64.Build.0 = Storm|x64
		{31ED7A85-5061-4D15-BB3B-B5BE53130D42}.Storm|x86.ActiveCfg = Storm|x86
		{31ED7A85-5061-4D15-BB3B-B5BE53130D42}.Storm|x86.Build.0 = Storm|x86
		{31ED7A85-5061-4D15-BB3B-B5BE53130D42}.Test|Any CPU.ActiveCfg = Test|Any CPU
		{31ED7A85-5061-4D15-BB3B-B5BE53130D42}.Test|Any CPU.Build.0 = Test|Any CPU
		{31ED7A85-5061-4D15-BB3B-B5BE53130D42}.Test|x64.ActiveCfg = Test|x64
		{31ED7A85-5061-4D15-BB3B-B5BE53130D42}.Test|x64.Build.0 = Test|x64
		{31ED7A85-5061-4D15-BB3B-B5BE53130D42}.Test|x86.ActiveCfg = Test|x86
		{31ED7A85-5061-4D15-BB3B-B5BE53130D42}.Test|x86.Build.0 = Test|x86
		{B51FC21D-9FA1-4833-91FC-8DD9B027CB93}.Debug|Any CPU.ActiveCfg = Debug|Any CPU
		{B51FC21D-9FA1-4833-91FC-8DD9B027CB93}.Debug|Any CPU.Build.0 = Debug|Any CPU
		{B51FC21D-9FA1-4833-91FC-8DD9B027CB93}.Debug|x64.ActiveCfg = Debug|Any CPU
		{B51FC21D-9FA1-4833-91FC-8DD9B027CB93}.Debug|x64.Build.0 = Debug|Any CPU
		{B51FC21D-9FA1-4833-91FC-8DD9B027CB93}.Debug|x86.ActiveCfg = Debug|Any CPU
		{B51FC21D-9FA1-4833-91FC-8DD9B027CB93}.Debug|x86.Build.0 = Debug|Any CPU
		{B51FC21D-9FA1-4833-91FC-8DD9B027CB93}.Release|Any CPU.ActiveCfg = Release|Any CPU
		{B51FC21D-9FA1-4833-91FC-8DD9B027CB93}.Release|Any CPU.Build.0 = Release|Any CPU
		{B51FC21D-9FA1-4833-91FC-8DD9B027CB93}.Release|x64.ActiveCfg = Release|Any CPU
		{B51FC21D-9FA1-4833-91FC-8DD9B027CB93}.Release|x64.Build.0 = Release|Any CPU
		{B51FC21D-9FA1-4833-91FC-8DD9B027CB93}.Release|x86.ActiveCfg = Release|Any CPU
		{B51FC21D-9FA1-4833-91FC-8DD9B027CB93}.Release|x86.Build.0 = Release|Any CPU
		{B51FC21D-9FA1-4833-91FC-8DD9B027CB93}.Secert|Any CPU.ActiveCfg = Secert|Any CPU
		{B51FC21D-9FA1-4833-91FC-8DD9B027CB93}.Secert|Any CPU.Build.0 = Secert|Any CPU
		{B51FC21D-9FA1-4833-91FC-8DD9B027CB93}.Secert|x64.ActiveCfg = Secert|Any CPU
		{B51FC21D-9FA1-4833-91FC-8DD9B027CB93}.Secert|x64.Build.0 = Secert|Any CPU
		{B51FC21D-9FA1-4833-91FC-8DD9B027CB93}.Secert|x86.ActiveCfg = Secert|Any CPU
		{B51FC21D-9FA1-4833-91FC-8DD9B027CB93}.Secert|x86.Build.0 = Secert|Any CPU
		{B51FC21D-9FA1-4833-91FC-8DD9B027CB93}.Storm|Any CPU.ActiveCfg = Storm|Any CPU
		{B51FC21D-9FA1-4833-91FC-8DD9B027CB93}.Storm|Any CPU.Build.0 = Storm|Any CPU
		{B51FC21D-9FA1-4833-91FC-8DD9B027CB93}.Storm|x64.ActiveCfg = Storm|Any CPU
		{B51FC21D-9FA1-4833-91FC-8DD9B027CB93}.Storm|x64.Build.0 = Storm|Any CPU
		{B51FC21D-9FA1-4833-91FC-8DD9B027CB93}.Storm|x86.ActiveCfg = Storm|Any CPU
		{B51FC21D-9FA1-4833-91FC-8DD9B027CB93}.Storm|x86.Build.0 = Storm|Any CPU
		{B51FC21D-9FA1-4833-91FC-8DD9B027CB93}.Test|Any CPU.ActiveCfg = Test|Any CPU
		{B51FC21D-9FA1-4833-91FC-8DD9B027CB93}.Test|Any CPU.Build.0 = Test|Any CPU
		{B51FC21D-9FA1-4833-91FC-8DD9B027CB93}.Test|x64.ActiveCfg = Test|Any CPU
		{B51FC21D-9FA1-4833-91FC-8DD9B027CB93}.Test|x64.Build.0 = Test|Any CPU
		{B51FC21D-9FA1-4833-91FC-8DD9B027CB93}.Test|x86.ActiveCfg = Test|Any CPU
		{B51FC21D-9FA1-4833-91FC-8DD9B027CB93}.Test|x86.Build.0 = Test|Any CPU
		{853914C9-58C8-461A-A764-178C10D6F42A}.Debug|Any CPU.ActiveCfg = Debug|Any CPU
		{853914C9-58C8-461A-A764-178C10D6F42A}.Debug|Any CPU.Build.0 = Debug|Any CPU
		{853914C9-58C8-461A-A764-178C10D6F42A}.Debug|x64.ActiveCfg = Debug|x64
		{853914C9-58C8-461A-A764-178C10D6F42A}.Debug|x64.Build.0 = Debug|x64
		{853914C9-58C8-461A-A764-178C10D6F42A}.Debug|x86.ActiveCfg = Debug|x86
		{853914C9-58C8-461A-A764-178C10D6F42A}.Debug|x86.Build.0 = Debug|x86
		{853914C9-58C8-461A-A764-178C10D6F42A}.Release|Any CPU.ActiveCfg = Release|Any CPU
		{853914C9-58C8-461A-A764-178C10D6F42A}.Release|Any CPU.Build.0 = Release|Any CPU
		{853914C9-58C8-461A-A764-178C10D6F42A}.Release|x64.ActiveCfg = Release|x64
		{853914C9-58C8-461A-A764-178C10D6F42A}.Release|x64.Build.0 = Release|x64
		{853914C9-58C8-461A-A764-178C10D6F42A}.Release|x86.ActiveCfg = Release|x86
		{853914C9-58C8-461A-A764-178C10D6F42A}.Release|x86.Build.0 = Release|x86
		{853914C9-58C8-461A-A764-178C10D6F42A}.Secert|Any CPU.ActiveCfg = Secert|Any CPU
		{853914C9-58C8-461A-A764-178C10D6F42A}.Secert|Any CPU.Build.0 = Secert|Any CPU
		{853914C9-58C8-461A-A764-178C10D6F42A}.Secert|x64.ActiveCfg = Secert|x64
		{853914C9-58C8-461A-A764-178C10D6F42A}.Secert|x64.Build.0 = Secert|x64
		{853914C9-58C8-461A-A764-178C10D6F42A}.Secert|x86.ActiveCfg = Secert|x86
		{853914C9-58C8-461A-A764-178C10D6F42A}.Secert|x86.Build.0 = Secert|x86
		{853914C9-58C8-461A-A764-178C10D6F42A}.Storm|Any CPU.ActiveCfg = Storm|Any CPU
		{853914C9-58C8-461A-A764-178C10D6F42A}.Storm|Any CPU.Build.0 = Storm|Any CPU
		{853914C9-58C8-461A-A764-178C10D6F42A}.Storm|x64.ActiveCfg = Storm|x64
		{853914C9-58C8-461A-A764-178C10D6F42A}.Storm|x64.Build.0 = Storm|x64
		{853914C9-58C8-461A-A764-178C10D6F42A}.Storm|x86.ActiveCfg = Storm|x86
		{853914C9-58C8-461A-A764-178C10D6F42A}.Storm|x86.Build.0 = Storm|x86
		{853914C9-58C8-461A-A764-178C10D6F42A}.Test|Any CPU.ActiveCfg = Test|Any CPU
		{853914C9-58C8-461A-A764-178C10D6F42A}.Test|Any CPU.Build.0 = Test|Any CPU
		{853914C9-58C8-461A-A764-178C10D6F42A}.Test|x64.ActiveCfg = Test|x64
		{853914C9-58C8-461A-A764-178C10D6F42A}.Test|x64.Build.0 = Test|x64
		{853914C9-58C8-461A-A764-178C10D6F42A}.Test|x86.ActiveCfg = Test|x86
		{853914C9-58C8-461A-A764-178C10D6F42A}.Test|x86.Build.0 = Test|x86
		{629AC871-AF43-45B8-87B7-76F272F40771}.Debug|Any CPU.ActiveCfg = Debug|Any CPU
		{629AC871-AF43-45B8-87B7-76F272F40771}.Debug|Any CPU.Build.0 = Debug|Any CPU
		{629AC871-AF43-45B8-87B7-76F272F40771}.Debug|x64.ActiveCfg = Debug|Any CPU
		{629AC871-AF43-45B8-87B7-76F272F40771}.Debug|x64.Build.0 = Debug|Any CPU
		{629AC871-AF43-45B8-87B7-76F272F40771}.Debug|x86.ActiveCfg = Debug|Any CPU
		{629AC871-AF43-45B8-87B7-76F272F40771}.Debug|x86.Build.0 = Debug|Any CPU
		{629AC871-AF43-45B8-87B7-76F272F40771}.Release|Any CPU.ActiveCfg = Release|Any CPU
		{629AC871-AF43-45B8-87B7-76F272F40771}.Release|Any CPU.Build.0 = Release|Any CPU
		{629AC871-AF43-45B8-87B7-76F272F40771}.Release|x64.ActiveCfg = Release|Any CPU
		{629AC871-AF43-45B8-87B7-76F272F40771}.Release|x64.Build.0 = Release|Any CPU
		{629AC871-AF43-45B8-87B7-76F272F40771}.Release|x86.ActiveCfg = Release|Any CPU
		{629AC871-AF43-45B8-87B7-76F272F40771}.Release|x86.Build.0 = Release|Any CPU
		{629AC871-AF43-45B8-87B7-76F272F40771}.Secert|Any CPU.ActiveCfg = Release|Any CPU
		{629AC871-AF43-45B8-87B7-76F272F40771}.Secert|Any CPU.Build.0 = Release|Any CPU
		{629AC871-AF43-45B8-87B7-76F272F40771}.Secert|x64.ActiveCfg = Release|Any CPU
		{629AC871-AF43-45B8-87B7-76F272F40771}.Secert|x64.Build.0 = Release|Any CPU
		{629AC871-AF43-45B8-87B7-76F272F40771}.Secert|x86.ActiveCfg = Release|Any CPU
		{629AC871-AF43-45B8-87B7-76F272F40771}.Secert|x86.Build.0 = Release|Any CPU
		{629AC871-AF43-45B8-87B7-76F272F40771}.Storm|Any CPU.ActiveCfg = Release|Any CPU
		{629AC871-AF43-45B8-87B7-76F272F40771}.Storm|Any CPU.Build.0 = Release|Any CPU
		{629AC871-AF43-45B8-87B7-76F272F40771}.Storm|x64.ActiveCfg = Release|Any CPU
		{629AC871-AF43-45B8-87B7-76F272F40771}.Storm|x64.Build.0 = Release|Any CPU
		{629AC871-AF43-45B8-87B7-76F272F40771}.Storm|x86.ActiveCfg = Release|Any CPU
		{629AC871-AF43-45B8-87B7-76F272F40771}.Storm|x86.Build.0 = Release|Any CPU
		{629AC871-AF43-45B8-87B7-76F272F40771}.Test|Any CPU.ActiveCfg = Release|Any CPU
		{629AC871-AF43-45B8-87B7-76F272F40771}.Test|Any CPU.Build.0 = Release|Any CPU
		{629AC871-AF43-45B8-87B7-76F272F40771}.Test|x64.ActiveCfg = Release|Any CPU
		{629AC871-AF43-45B8-87B7-76F272F40771}.Test|x64.Build.0 = Release|Any CPU
		{629AC871-AF43-45B8-87B7-76F272F40771}.Test|x86.ActiveCfg = Release|Any CPU
		{629AC871-AF43-45B8-87B7-76F272F40771}.Test|x86.Build.0 = Release|Any CPU
		{B4356C8C-3F38-4E0A-B1C5-0482EAE130F0}.Debug|Any CPU.ActiveCfg = Debug|Any CPU
		{B4356C8C-3F38-4E0A-B1C5-0482EAE130F0}.Debug|Any CPU.Build.0 = Debug|Any CPU
		{B4356C8C-3F38-4E0A-B1C5-0482EAE130F0}.Debug|x64.ActiveCfg = Debug|Any CPU
		{B4356C8C-3F38-4E0A-B1C5-0482EAE130F0}.Debug|x64.Build.0 = Debug|Any CPU
		{B4356C8C-3F38-4E0A-B1C5-0482EAE130F0}.Debug|x86.ActiveCfg = Debug|Any CPU
		{B4356C8C-3F38-4E0A-B1C5-0482EAE130F0}.Debug|x86.Build.0 = Debug|Any CPU
		{B4356C8C-3F38-4E0A-B1C5-0482EAE130F0}.Release|Any CPU.ActiveCfg = Release|Any CPU
		{B4356C8C-3F38-4E0A-B1C5-0482EAE130F0}.Release|Any CPU.Build.0 = Release|Any CPU
		{B4356C8C-3F38-4E0A-B1C5-0482EAE130F0}.Release|x64.ActiveCfg = Release|Any CPU
		{B4356C8C-3F38-4E0A-B1C5-0482EAE130F0}.Release|x64.Build.0 = Release|Any CPU
		{B4356C8C-3F38-4E0A-B1C5-0482EAE130F0}.Release|x86.ActiveCfg = Release|Any CPU
		{B4356C8C-3F38-4E0A-B1C5-0482EAE130F0}.Release|x86.Build.0 = Release|Any CPU
		{B4356C8C-3F38-4E0A-B1C5-0482EAE130F0}.Secert|Any CPU.ActiveCfg = Release|Any CPU
		{B4356C8C-3F38-4E0A-B1C5-0482EAE130F0}.Secert|Any CPU.Build.0 = Release|Any CPU
		{B4356C8C-3F38-4E0A-B1C5-0482EAE130F0}.Secert|x64.ActiveCfg = Release|Any CPU
		{B4356C8C-3F38-4E0A-B1C5-0482EAE130F0}.Secert|x64.Build.0 = Release|Any CPU
		{B4356C8C-3F38-4E0A-B1C5-0482EAE130F0}.Secert|x86.ActiveCfg = Release|Any CPU
		{B4356C8C-3F38-4E0A-B1C5-0482EAE130F0}.Secert|x86.Build.0 = Release|Any CPU
		{B4356C8C-3F38-4E0A-B1C5-0482EAE130F0}.Storm|Any CPU.ActiveCfg = Release|Any CPU
		{B4356C8C-3F38-4E0A-B1C5-0482EAE130F0}.Storm|Any CPU.Build.0 = Release|Any CPU
		{B4356C8C-3F38-4E0A-B1C5-0482EAE130F0}.Storm|x64.ActiveCfg = Release|Any CPU
		{B4356C8C-3F38-4E0A-B1C5-0482EAE130F0}.Storm|x64.Build.0 = Release|Any CPU
		{B4356C8C-3F38-4E0A-B1C5-0482EAE130F0}.Storm|x86.ActiveCfg = Release|Any CPU
		{B4356C8C-3F38-4E0A-B1C5-0482EAE130F0}.Storm|x86.Build.0 = Release|Any CPU
		{B4356C8C-3F38-4E0A-B1C5-0482EAE130F0}.Test|Any CPU.ActiveCfg = Release|Any CPU
		{B4356C8C-3F38-4E0A-B1C5-0482EAE130F0}.Test|Any CPU.Build.0 = Release|Any CPU
		{B4356C8C-3F38-4E0A-B1C5-0482EAE130F0}.Test|x64.ActiveCfg = Release|Any CPU
		{B4356C8C-3F38-4E0A-B1C5-0482EAE130F0}.Test|x64.Build.0 = Release|Any CPU
		{B4356C8C-3F38-4E0A-B1C5-0482EAE130F0}.Test|x86.ActiveCfg = Release|Any CPU
		{B4356C8C-3F38-4E0A-B1C5-0482EAE130F0}.Test|x86.Build.0 = Release|Any CPU
		{DC1AB51A-FD73-4B84-8D0A-05A1C440E863}.Debug|Any CPU.ActiveCfg = Debug|Any CPU
		{DC1AB51A-FD73-4B84-8D0A-05A1C440E863}.Debug|Any CPU.Build.0 = Debug|Any CPU
		{DC1AB51A-FD73-4B84-8D0A-05A1C440E863}.Debug|x64.ActiveCfg = Debug|Any CPU
		{DC1AB51A-FD73-4B84-8D0A-05A1C440E863}.Debug|x64.Build.0 = Debug|Any CPU
		{DC1AB51A-FD73-4B84-8D0A-05A1C440E863}.Debug|x86.ActiveCfg = Debug|Any CPU
		{DC1AB51A-FD73-4B84-8D0A-05A1C440E863}.Debug|x86.Build.0 = Debug|Any CPU
		{DC1AB51A-FD73-4B84-8D0A-05A1C440E863}.Release|Any CPU.ActiveCfg = Release|Any CPU
		{DC1AB51A-FD73-4B84-8D0A-05A1C440E863}.Release|Any CPU.Build.0 = Release|Any CPU
		{DC1AB51A-FD73-4B84-8D0A-05A1C440E863}.Release|x64.ActiveCfg = Release|Any CPU
		{DC1AB51A-FD73-4B84-8D0A-05A1C440E863}.Release|x64.Build.0 = Release|Any CPU
		{DC1AB51A-FD73-4B84-8D0A-05A1C440E863}.Release|x86.ActiveCfg = Release|Any CPU
		{DC1AB51A-FD73-4B84-8D0A-05A1C440E863}.Release|x86.Build.0 = Release|Any CPU
		{DC1AB51A-FD73-4B84-8D0A-05A1C440E863}.Secert|Any CPU.ActiveCfg = Secert|Any CPU
		{DC1AB51A-FD73-4B84-8D0A-05A1C440E863}.Secert|Any CPU.Build.0 = Secert|Any CPU
		{DC1AB51A-FD73-4B84-8D0A-05A1C440E863}.Secert|x64.ActiveCfg = Secert|Any CPU
		{DC1AB51A-FD73-4B84-8D0A-05A1C440E863}.Secert|x64.Build.0 = Secert|Any CPU
		{DC1AB51A-FD73-4B84-8D0A-05A1C440E863}.Secert|x86.ActiveCfg = Secert|Any CPU
		{DC1AB51A-FD73-4B84-8D0A-05A1C440E863}.Secert|x86.Build.0 = Secert|Any CPU
		{DC1AB51A-FD73-4B84-8D0A-05A1C440E863}.Storm|Any CPU.ActiveCfg = Storm|Any CPU
		{DC1AB51A-FD73-4B84-8D0A-05A1C440E863}.Storm|Any CPU.Build.0 = Storm|Any CPU
		{DC1AB51A-FD73-4B84-8D0A-05A1C440E863}.Storm|x64.ActiveCfg = Storm|Any CPU
		{DC1AB51A-FD73-4B84-8D0A-05A1C440E863}.Storm|x64.Build.0 = Storm|Any CPU
		{DC1AB51A-FD73-4B84-8D0A-05A1C440E863}.Storm|x86.ActiveCfg = Storm|Any CPU
		{DC1AB51A-FD73-4B84-8D0A-05A1C440E863}.Storm|x86.Build.0 = Storm|Any CPU
		{DC1AB51A-FD73-4B84-8D0A-05A1C440E863}.Test|Any CPU.ActiveCfg = Test|Any CPU
		{DC1AB51A-FD73-4B84-8D0A-05A1C440E863}.Test|Any CPU.Build.0 = Test|Any CPU
		{DC1AB51A-FD73-4B84-8D0A-05A1C440E863}.Test|x64.ActiveCfg = Test|Any CPU
		{DC1AB51A-FD73-4B84-8D0A-05A1C440E863}.Test|x64.Build.0 = Test|Any CPU
		{DC1AB51A-FD73-4B84-8D0A-05A1C440E863}.Test|x86.ActiveCfg = Test|Any CPU
		{DC1AB51A-FD73-4B84-8D0A-05A1C440E863}.Test|x86.Build.0 = Test|Any CPU
		{0364EDB0-226B-4207-BC2C-6EF27ED3CB24}.Debug|Any CPU.ActiveCfg = Debug|Any CPU
		{0364EDB0-226B-4207-BC2C-6EF27ED3CB24}.Debug|Any CPU.Build.0 = Debug|Any CPU
		{0364EDB0-226B-4207-BC2C-6EF27ED3CB24}.Debug|x64.ActiveCfg = Debug|Any CPU
		{0364EDB0-226B-4207-BC2C-6EF27ED3CB24}.Debug|x64.Build.0 = Debug|Any CPU
		{0364EDB0-226B-4207-BC2C-6EF27ED3CB24}.Debug|x86.ActiveCfg = Debug|Any CPU
		{0364EDB0-226B-4207-BC2C-6EF27ED3CB24}.Debug|x86.Build.0 = Debug|Any CPU
		{0364EDB0-226B-4207-BC2C-6EF27ED3CB24}.Release|Any CPU.ActiveCfg = Release|Any CPU
		{0364EDB0-226B-4207-BC2C-6EF27ED3CB24}.Release|Any CPU.Build.0 = Release|Any CPU
		{0364EDB0-226B-4207-BC2C-6EF27ED3CB24}.Release|x64.ActiveCfg = Release|Any CPU
		{0364EDB0-226B-4207-BC2C-6EF27ED3CB24}.Release|x64.Build.0 = Release|Any CPU
		{0364EDB0-226B-4207-BC2C-6EF27ED3CB24}.Release|x86.ActiveCfg = Release|Any CPU
		{0364EDB0-226B-4207-BC2C-6EF27ED3CB24}.Release|x86.Build.0 = Release|Any CPU
		{0364EDB0-226B-4207-BC2C-6EF27ED3CB24}.Secert|Any CPU.ActiveCfg = Test|Any CPU
		{0364EDB0-226B-4207-BC2C-6EF27ED3CB24}.Secert|Any CPU.Build.0 = Test|Any CPU
		{0364EDB0-226B-4207-BC2C-6EF27ED3CB24}.Secert|x64.ActiveCfg = Test|Any CPU
		{0364EDB0-226B-4207-BC2C-6EF27ED3CB24}.Secert|x64.Build.0 = Test|Any CPU
		{0364EDB0-226B-4207-BC2C-6EF27ED3CB24}.Secert|x86.ActiveCfg = Test|Any CPU
		{0364EDB0-226B-4207-BC2C-6EF27ED3CB24}.Secert|x86.Build.0 = Test|Any CPU
		{0364EDB0-226B-4207-BC2C-6EF27ED3CB24}.Storm|Any CPU.ActiveCfg = Test|Any CPU
		{0364EDB0-226B-4207-BC2C-6EF27ED3CB24}.Storm|Any CPU.Build.0 = Test|Any CPU
		{0364EDB0-226B-4207-BC2C-6EF27ED3CB24}.Storm|x64.ActiveCfg = Test|Any CPU
		{0364EDB0-226B-4207-BC2C-6EF27ED3CB24}.Storm|x64.Build.0 = Test|Any CPU
		{0364EDB0-226B-4207-BC2C-6EF27ED3CB24}.Storm|x86.ActiveCfg = Test|Any CPU
		{0364EDB0-226B-4207-BC2C-6EF27ED3CB24}.Storm|x86.Build.0 = Test|Any CPU
		{0364EDB0-226B-4207-BC2C-6EF27ED3CB24}.Test|Any CPU.ActiveCfg = Test|Any CPU
		{0364EDB0-226B-4207-BC2C-6EF27ED3CB24}.Test|Any CPU.Build.0 = Test|Any CPU
		{0364EDB0-226B-4207-BC2C-6EF27ED3CB24}.Test|x64.ActiveCfg = Test|Any CPU
		{0364EDB0-226B-4207-BC2C-6EF27ED3CB24}.Test|x64.Build.0 = Test|Any CPU
		{0364EDB0-226B-4207-BC2C-6EF27ED3CB24}.Test|x86.ActiveCfg = Test|Any CPU
		{0364EDB0-226B-4207-BC2C-6EF27ED3CB24}.Test|x86.Build.0 = Test|Any CPU
		{79D63790-0632-40D0-840F-610C0D92D9EE}.Debug|Any CPU.ActiveCfg = Debug|Any CPU
		{79D63790-0632-40D0-840F-610C0D92D9EE}.Debug|Any CPU.Build.0 = Debug|Any CPU
		{79D63790-0632-40D0-840F-610C0D92D9EE}.Debug|x64.ActiveCfg = Debug|Any CPU
		{79D63790-0632-40D0-840F-610C0D92D9EE}.Debug|x64.Build.0 = Debug|Any CPU
		{79D63790-0632-40D0-840F-610C0D92D9EE}.Debug|x86.ActiveCfg = Debug|Any CPU
		{79D63790-0632-40D0-840F-610C0D92D9EE}.Debug|x86.Build.0 = Debug|Any CPU
		{79D63790-0632-40D0-840F-610C0D92D9EE}.Release|Any CPU.ActiveCfg = Release|Any CPU
		{79D63790-0632-40D0-840F-610C0D92D9EE}.Release|Any CPU.Build.0 = Release|Any CPU
		{79D63790-0632-40D0-840F-610C0D92D9EE}.Release|x64.ActiveCfg = Release|Any CPU
		{79D63790-0632-40D0-840F-610C0D92D9EE}.Release|x64.Build.0 = Release|Any CPU
		{79D63790-0632-40D0-840F-610C0D92D9EE}.Release|x86.ActiveCfg = Release|Any CPU
		{79D63790-0632-40D0-840F-610C0D92D9EE}.Release|x86.Build.0 = Release|Any CPU
		{79D63790-0632-40D0-840F-610C0D92D9EE}.Secert|Any CPU.ActiveCfg = Test|Any CPU
		{79D63790-0632-40D0-840F-610C0D92D9EE}.Secert|Any CPU.Build.0 = Test|Any CPU
		{79D63790-0632-40D0-840F-610C0D92D9EE}.Secert|x64.ActiveCfg = Test|Any CPU
		{79D63790-0632-40D0-840F-610C0D92D9EE}.Secert|x64.Build.0 = Test|Any CPU
		{79D63790-0632-40D0-840F-610C0D92D9EE}.Secert|x86.ActiveCfg = Test|Any CPU
		{79D63790-0632-40D0-840F-610C0D92D9EE}.Secert|x86.Build.0 = Test|Any CPU
		{79D63790-0632-40D0-840F-610C0D92D9EE}.Storm|Any CPU.ActiveCfg = Test|Any CPU
		{79D63790-0632-40D0-840F-610C0D92D9EE}.Storm|Any CPU.Build.0 = Test|Any CPU
		{79D63790-0632-40D0-840F-610C0D92D9EE}.Storm|x64.ActiveCfg = Test|Any CPU
		{79D63790-0632-40D0-840F-610C0D92D9EE}.Storm|x64.Build.0 = Test|Any CPU
		{79D63790-0632-40D0-840F-610C0D92D9EE}.Storm|x86.ActiveCfg = Test|Any CPU
		{79D63790-0632-40D0-840F-610C0D92D9EE}.Storm|x86.Build.0 = Test|Any CPU
		{79D63790-0632-40D0-840F-610C0D92D9EE}.Test|Any CPU.ActiveCfg = Test|Any CPU
		{79D63790-0632-40D0-840F-610C0D92D9EE}.Test|Any CPU.Build.0 = Test|Any CPU
		{79D63790-0632-40D0-840F-610C0D92D9EE}.Test|x64.ActiveCfg = Test|Any CPU
		{79D63790-0632-40D0-840F-610C0D92D9EE}.Test|x64.Build.0 = Test|Any CPU
		{79D63790-0632-40D0-840F-610C0D92D9EE}.Test|x86.ActiveCfg = Test|Any CPU
		{79D63790-0632-40D0-840F-610C0D92D9EE}.Test|x86.Build.0 = Test|Any CPU
		{BACE6BEF-254B-4194-A5E5-E2A96AFB5310}.Debug|Any CPU.ActiveCfg = Debug|Any CPU
		{BACE6BEF-254B-4194-A5E5-E2A96AFB5310}.Debug|Any CPU.Build.0 = Debug|Any CPU
		{BACE6BEF-254B-4194-A5E5-E2A96AFB5310}.Debug|x64.ActiveCfg = Debug|Any CPU
		{BACE6BEF-254B-4194-A5E5-E2A96AFB5310}.Debug|x64.Build.0 = Debug|Any CPU
		{BACE6BEF-254B-4194-A5E5-E2A96AFB5310}.Debug|x86.ActiveCfg = Debug|Any CPU
		{BACE6BEF-254B-4194-A5E5-E2A96AFB5310}.Debug|x86.Build.0 = Debug|Any CPU
		{BACE6BEF-254B-4194-A5E5-E2A96AFB5310}.Release|Any CPU.ActiveCfg = Release|Any CPU
		{BACE6BEF-254B-4194-A5E5-E2A96AFB5310}.Release|Any CPU.Build.0 = Release|Any CPU
		{BACE6BEF-254B-4194-A5E5-E2A96AFB5310}.Release|x64.ActiveCfg = Release|Any CPU
		{BACE6BEF-254B-4194-A5E5-E2A96AFB5310}.Release|x64.Build.0 = Release|Any CPU
		{BACE6BEF-254B-4194-A5E5-E2A96AFB5310}.Release|x86.ActiveCfg = Release|Any CPU
		{BACE6BEF-254B-4194-A5E5-E2A96AFB5310}.Release|x86.Build.0 = Release|Any CPU
		{BACE6BEF-254B-4194-A5E5-E2A96AFB5310}.Secert|Any CPU.ActiveCfg = Test|Any CPU
		{BACE6BEF-254B-4194-A5E5-E2A96AFB5310}.Secert|Any CPU.Build.0 = Test|Any CPU
		{BACE6BEF-254B-4194-A5E5-E2A96AFB5310}.Secert|x64.ActiveCfg = Test|Any CPU
		{BACE6BEF-254B-4194-A5E5-E2A96AFB5310}.Secert|x64.Build.0 = Test|Any CPU
		{BACE6BEF-254B-4194-A5E5-E2A96AFB5310}.Secert|x86.ActiveCfg = Test|Any CPU
		{BACE6BEF-254B-4194-A5E5-E2A96AFB5310}.Secert|x86.Build.0 = Test|Any CPU
		{BACE6BEF-254B-4194-A5E5-E2A96AFB5310}.Storm|Any CPU.ActiveCfg = Test|Any CPU
		{BACE6BEF-254B-4194-A5E5-E2A96AFB5310}.Storm|Any CPU.Build.0 = Test|Any CPU
		{BACE6BEF-254B-4194-A5E5-E2A96AFB5310}.Storm|x64.ActiveCfg = Test|Any CPU
		{BACE6BEF-254B-4194-A5E5-E2A96AFB5310}.Storm|x64.Build.0 = Test|Any CPU
		{BACE6BEF-254B-4194-A5E5-E2A96AFB5310}.Storm|x86.ActiveCfg = Test|Any CPU
		{BACE6BEF-254B-4194-A5E5-E2A96AFB5310}.Storm|x86.Build.0 = Test|Any CPU
		{BACE6BEF-254B-4194-A5E5-E2A96AFB5310}.Test|Any CPU.ActiveCfg = Test|Any CPU
		{BACE6BEF-254B-4194-A5E5-E2A96AFB5310}.Test|Any CPU.Build.0 = Test|Any CPU
		{BACE6BEF-254B-4194-A5E5-E2A96AFB5310}.Test|x64.ActiveCfg = Test|Any CPU
		{BACE6BEF-254B-4194-A5E5-E2A96AFB5310}.Test|x64.Build.0 = Test|Any CPU
		{BACE6BEF-254B-4194-A5E5-E2A96AFB5310}.Test|x86.ActiveCfg = Test|Any CPU
		{BACE6BEF-254B-4194-A5E5-E2A96AFB5310}.Test|x86.Build.0 = Test|Any CPU
		{18519D50-390E-4899-9CC6-B3BB97A5AFDD}.Debug|Any CPU.ActiveCfg = Debug|Any CPU
		{18519D50-390E-4899-9CC6-B3BB97A5AFDD}.Debug|Any CPU.Build.0 = Debug|Any CPU
		{18519D50-390E-4899-9CC6-B3BB97A5AFDD}.Debug|x64.ActiveCfg = Debug|Any CPU
		{18519D50-390E-4899-9CC6-B3BB97A5AFDD}.Debug|x64.Build.0 = Debug|Any CPU
		{18519D50-390E-4899-9CC6-B3BB97A5AFDD}.Debug|x86.ActiveCfg = Debug|Any CPU
		{18519D50-390E-4899-9CC6-B3BB97A5AFDD}.Debug|x86.Build.0 = Debug|Any CPU
		{18519D50-390E-4899-9CC6-B3BB97A5AFDD}.Release|Any CPU.ActiveCfg = Release|Any CPU
		{18519D50-390E-4899-9CC6-B3BB97A5AFDD}.Release|Any CPU.Build.0 = Release|Any CPU
		{18519D50-390E-4899-9CC6-B3BB97A5AFDD}.Release|x64.ActiveCfg = Release|Any CPU
		{18519D50-390E-4899-9CC6-B3BB97A5AFDD}.Release|x64.Build.0 = Release|Any CPU
		{18519D50-390E-4899-9CC6-B3BB97A5AFDD}.Release|x86.ActiveCfg = Release|Any CPU
		{18519D50-390E-4899-9CC6-B3BB97A5AFDD}.Release|x86.Build.0 = Release|Any CPU
		{18519D50-390E-4899-9CC6-B3BB97A5AFDD}.Secert|Any CPU.ActiveCfg = Test|Any CPU
		{18519D50-390E-4899-9CC6-B3BB97A5AFDD}.Secert|Any CPU.Build.0 = Test|Any CPU
		{18519D50-390E-4899-9CC6-B3BB97A5AFDD}.Secert|x64.ActiveCfg = Test|Any CPU
		{18519D50-390E-4899-9CC6-B3BB97A5AFDD}.Secert|x64.Build.0 = Test|Any CPU
		{18519D50-390E-4899-9CC6-B3BB97A5AFDD}.Secert|x86.ActiveCfg = Test|Any CPU
		{18519D50-390E-4899-9CC6-B3BB97A5AFDD}.Secert|x86.Build.0 = Test|Any CPU
		{18519D50-390E-4899-9CC6-B3BB97A5AFDD}.Storm|Any CPU.ActiveCfg = Test|Any CPU
		{18519D50-390E-4899-9CC6-B3BB97A5AFDD}.Storm|Any CPU.Build.0 = Test|Any CPU
		{18519D50-390E-4899-9CC6-B3BB97A5AFDD}.Storm|x64.ActiveCfg = Test|Any CPU
		{18519D50-390E-4899-9CC6-B3BB97A5AFDD}.Storm|x64.Build.0 = Test|Any CPU
		{18519D50-390E-4899-9CC6-B3BB97A5AFDD}.Storm|x86.ActiveCfg = Test|Any CPU
		{18519D50-390E-4899-9CC6-B3BB97A5AFDD}.Storm|x86.Build.0 = Test|Any CPU
		{18519D50-390E-4899-9CC6-B3BB97A5AFDD}.Test|Any CPU.ActiveCfg = Test|Any CPU
		{18519D50-390E-4899-9CC6-B3BB97A5AFDD}.Test|Any CPU.Build.0 = Test|Any CPU
		{18519D50-390E-4899-9CC6-B3BB97A5AFDD}.Test|x64.ActiveCfg = Test|Any CPU
		{18519D50-390E-4899-9CC6-B3BB97A5AFDD}.Test|x64.Build.0 = Test|Any CPU
		{18519D50-390E-4899-9CC6-B3BB97A5AFDD}.Test|x86.ActiveCfg = Test|Any CPU
		{18519D50-390E-4899-9CC6-B3BB97A5AFDD}.Test|x86.Build.0 = Test|Any CPU
	EndGlobalSection
	GlobalSection(SolutionProperties) = preSolution
		HideSolutionNode = FALSE
	EndGlobalSection
	GlobalSection(NestedProjects) = preSolution
		{415CAB8F-46BF-4FBA-8E37-307198126E33} = {D45F40A7-EC6C-48F2-9CC3-F2DCE19275C1}
		{8A5CA07D-5D2F-420B-839F-1623EC6491AE} = {D45F40A7-EC6C-48F2-9CC3-F2DCE19275C1}
		{EBB8596C-1BA7-43BC-8B22-7F08018748FF} = {D45F40A7-EC6C-48F2-9CC3-F2DCE19275C1}
		{9C3FE795-6C2C-4BDF-9038-60B7ED9C1C78} = {31A3295F-E3FB-4DC1-9E2B-9CBEF4FF4A92}
		{70A06746-D873-46A1-A8E9-8CE643F735BF} = {B176E862-61F1-4DAD-81A0-613ECCE4275F}
		{67598AA4-7DCA-43E3-B03A-CE20F1BAB066} = {31A3295F-E3FB-4DC1-9E2B-9CBEF4FF4A92}
		{1432ADEB-A562-4B8A-80F5-B08EDA25A2CF} = {31A3295F-E3FB-4DC1-9E2B-9CBEF4FF4A92}
		{ADF4AB46-FECA-4C81-9B84-700E87E5CFC5} = {C4F34B9C-222D-4941-8CB5-0DBDB87F97B1}
		{236063A8-2D52-4A7E-B2A6-8098CC0804D1} = {C4F34B9C-222D-4941-8CB5-0DBDB87F97B1}
		{A5E7B116-8C31-45A7-A95E-697A8D2121FC} = {5C0F1E72-4A8B-4E38-92E3-F2A50AA208D1}
		{AD023BBC-0A10-4716-AD27-7D99C68B758D} = {5C0F1E72-4A8B-4E38-92E3-F2A50AA208D1}
		{297DDF14-9836-42B1-AE49-E8C29B9CA943} = {5C0F1E72-4A8B-4E38-92E3-F2A50AA208D1}
		{A4295497-A3EA-449F-8371-75ED0CDC0C90} = {5C0F1E72-4A8B-4E38-92E3-F2A50AA208D1}
		{AF87FFB7-C78A-4745-8BA9-A4E84459C0B5} = {5C0F1E72-4A8B-4E38-92E3-F2A50AA208D1}
		{21EF013D-753D-44D7-AD6C-CBE8D3CBDA36} = {31A3295F-E3FB-4DC1-9E2B-9CBEF4FF4A92}
		{4A83E8F0-A82B-4875-AA26-51BF68694E55} = {31A3295F-E3FB-4DC1-9E2B-9CBEF4FF4A92}
		{763EEC30-39F9-4571-BC91-E583FAA46D77} = {D45F40A7-EC6C-48F2-9CC3-F2DCE19275C1}
		{31ED7A85-5061-4D15-BB3B-B5BE53130D42} = {D45F40A7-EC6C-48F2-9CC3-F2DCE19275C1}
		{B51FC21D-9FA1-4833-91FC-8DD9B027CB93} = {D45F40A7-EC6C-48F2-9CC3-F2DCE19275C1}
		{853914C9-58C8-461A-A764-178C10D6F42A} = {D45F40A7-EC6C-48F2-9CC3-F2DCE19275C1}
		{629AC871-AF43-45B8-87B7-76F272F40771} = {C4F34B9C-222D-4941-8CB5-0DBDB87F97B1}
		{B4356C8C-3F38-4E0A-B1C5-0482EAE130F0} = {31A3295F-E3FB-4DC1-9E2B-9CBEF4FF4A92}
		{DC1AB51A-FD73-4B84-8D0A-05A1C440E863} = {D45F40A7-EC6C-48F2-9CC3-F2DCE19275C1}
		{0364EDB0-226B-4207-BC2C-6EF27ED3CB24} = {31A3295F-E3FB-4DC1-9E2B-9CBEF4FF4A92}
		{79D63790-0632-40D0-840F-610C0D92D9EE} = {D45F40A7-EC6C-48F2-9CC3-F2DCE19275C1}
		{BACE6BEF-254B-4194-A5E5-E2A96AFB5310} = {D45F40A7-EC6C-48F2-9CC3-F2DCE19275C1}
		{18519D50-390E-4899-9CC6-B3BB97A5AFDD} = {D45F40A7-EC6C-48F2-9CC3-F2DCE19275C1}
	EndGlobalSection
EndGlobal
